{
  "version": 4,
  "terraform_version": "1.13.0",
  "serial": 91,
  "lineage": "4e202b12-4240-b399-2586-f03b3e81b255",
  "outputs": {},
  "resources": [
    {
      "mode": "managed",
      "type": "aws_instance",
      "name": "grupo4_ec2_az1a_db",
      "provider": "provider[\"registry.terraform.io/hashicorp/aws\"]",
      "instances": [
        {
          "schema_version": 1,
          "attributes": {
            "ami": "ami-0360c520857e3138f",
            "arn": "arn:aws:ec2:us-east-1:244122992513:instance/i-04241a5f9ab49836c",
            "associate_public_ip_address": false,
            "availability_zone": "us-east-1a",
            "capacity_reservation_specification": [
              {
                "capacity_reservation_preference": "open",
                "capacity_reservation_target": []
              }
            ],
            "cpu_core_count": 1,
            "cpu_options": [
              {
                "amd_sev_snp": "",
                "core_count": 1,
                "threads_per_core": 1
              }
            ],
            "cpu_threads_per_core": 1,
            "credit_specification": [
              {
                "cpu_credits": "standard"
              }
            ],
            "disable_api_stop": false,
            "disable_api_termination": false,
            "ebs_block_device": [
              {
                "delete_on_termination": true,
                "device_name": "/dev/sda1",
                "encrypted": false,
                "iops": 3000,
                "kms_key_id": "",
                "snapshot_id": "",
                "tags": {},
                "tags_all": {},
                "throughput": 125,
                "volume_id": "vol-04325b367f4639800",
                "volume_size": 24,
                "volume_type": "gp3"
              }
            ],
            "ebs_optimized": false,
            "enable_primary_ipv6": null,
            "enclave_options": [
              {
                "enabled": false
              }
            ],
            "ephemeral_block_device": [],
            "get_password_data": false,
            "hibernation": false,
            "host_id": "",
            "host_resource_group_arn": null,
            "iam_instance_profile": "",
            "id": "i-04241a5f9ab49836c",
            "instance_initiated_shutdown_behavior": "stop",
            "instance_lifecycle": "",
            "instance_market_options": [],
            "instance_state": "running",
            "instance_type": "t2.micro",
            "ipv6_address_count": 0,
            "ipv6_addresses": [],
            "key_name": "grupo4-key-db",
            "launch_template": [],
            "maintenance_options": [
              {
                "auto_recovery": "default"
              }
            ],
            "metadata_options": [
              {
                "http_endpoint": "enabled",
                "http_protocol_ipv6": "disabled",
                "http_put_response_hop_limit": 2,
                "http_tokens": "required",
                "instance_metadata_tags": "disabled"
              }
            ],
            "monitoring": false,
            "network_interface": [],
            "outpost_arn": "",
            "password_data": "",
            "placement_group": "",
            "placement_partition_number": 0,
            "primary_network_interface_id": "eni-07051ae483752110c",
            "private_dns": "ip-10-1-0-39.ec2.internal",
            "private_dns_name_options": [
              {
                "enable_resource_name_dns_a_record": false,
                "enable_resource_name_dns_aaaa_record": false,
                "hostname_type": "ip-name"
              }
            ],
            "private_ip": "10.1.0.39",
            "public_dns": "",
            "public_ip": "",
            "root_block_device": [
              {
                "delete_on_termination": true,
                "device_name": "/dev/sda1",
                "encrypted": false,
                "iops": 3000,
                "kms_key_id": "",
                "tags": {},
                "tags_all": {},
                "throughput": 125,
                "volume_id": "vol-04325b367f4639800",
                "volume_size": 24,
                "volume_type": "gp3"
              }
            ],
            "secondary_private_ips": [],
            "security_groups": [],
            "source_dest_check": true,
            "spot_instance_request_id": "",
            "subnet_id": "subnet-01d4b474f4afe8717",
            "tags": {
              "Name": "grupo4-ec2-az1a-db"
            },
            "tags_all": {
              "Name": "grupo4-ec2-az1a-db"
            },
            "tenancy": "default",
            "timeouts": null,
            "user_data": null,
            "user_data_base64": null,
            "user_data_replace_on_change": false,
            "volume_tags": null,
            "vpc_security_group_ids": [
              "sg-05cac366b39eac3a3",
              "sg-089b67c793df62247"
            ]
          },
          "sensitive_attributes": [],
          "identity_schema_version": 0,
          "private": "eyJlMmJmYjczMC1lY2FhLTExZTYtOGY4OC0zNDM2M2JjN2M0YzAiOnsiY3JlYXRlIjo2MDAwMDAwMDAwMDAsImRlbGV0ZSI6MTIwMDAwMDAwMDAwMCwicmVhZCI6OTAwMDAwMDAwMDAwLCJ1cGRhdGUiOjYwMDAwMDAwMDAwMH0sInNjaGVtYV92ZXJzaW9uIjoiMSJ9",
          "dependencies": [
            "aws_security_group.grupo4_sg_mysql",
            "aws_security_group.grupo4_sg_remote",
            "aws_subnet.grupo4_subnet_az1a_pri",
            "aws_vpc.grupo4_vpc"
          ]
        }
      ]
    },
    {
      "mode": "managed",
      "type": "aws_instance",
      "name": "grupo4_ec2_az1a_pri_0",
      "provider": "provider[\"registry.terraform.io/hashicorp/aws\"]",
      "instances": [
        {
          "schema_version": 1,
          "attributes": {
            "ami": "ami-0360c520857e3138f",
            "arn": "arn:aws:ec2:us-east-1:244122992513:instance/i-0fd5f8e51cf1d9fd3",
            "associate_public_ip_address": false,
            "availability_zone": "us-east-1a",
            "capacity_reservation_specification": [
              {
                "capacity_reservation_preference": "open",
                "capacity_reservation_target": []
              }
            ],
            "cpu_core_count": 1,
            "cpu_options": [
              {
                "amd_sev_snp": "",
                "core_count": 1,
                "threads_per_core": 1
              }
            ],
            "cpu_threads_per_core": 1,
            "credit_specification": [
              {
                "cpu_credits": "standard"
              }
            ],
            "disable_api_stop": false,
            "disable_api_termination": false,
            "ebs_block_device": [
              {
                "delete_on_termination": true,
                "device_name": "/dev/sda1",
                "encrypted": false,
                "iops": 3000,
                "kms_key_id": "",
                "snapshot_id": "",
                "tags": {},
                "tags_all": {},
                "throughput": 125,
                "volume_id": "vol-0fef9c625be44838b",
                "volume_size": 8,
                "volume_type": "gp3"
              }
            ],
            "ebs_optimized": false,
            "enable_primary_ipv6": null,
            "enclave_options": [
              {
                "enabled": false
              }
            ],
            "ephemeral_block_device": [],
            "get_password_data": false,
            "hibernation": false,
            "host_id": "",
            "host_resource_group_arn": null,
            "iam_instance_profile": "",
            "id": "i-0fd5f8e51cf1d9fd3",
            "instance_initiated_shutdown_behavior": "stop",
            "instance_lifecycle": "",
            "instance_market_options": [],
            "instance_state": "running",
            "instance_type": "t2.micro",
            "ipv6_address_count": 0,
            "ipv6_addresses": [],
            "key_name": "grupo4-key-pri",
            "launch_template": [],
            "maintenance_options": [
              {
                "auto_recovery": "default"
              }
            ],
            "metadata_options": [
              {
                "http_endpoint": "enabled",
                "http_protocol_ipv6": "disabled",
                "http_put_response_hop_limit": 2,
                "http_tokens": "required",
                "instance_metadata_tags": "disabled"
              }
            ],
            "monitoring": false,
            "network_interface": [],
            "outpost_arn": "",
            "password_data": "",
            "placement_group": "",
            "placement_partition_number": 0,
            "primary_network_interface_id": "eni-05ab88a5605e0c69d",
            "private_dns": "ip-10-1-0-40.ec2.internal",
            "private_dns_name_options": [
              {
                "enable_resource_name_dns_a_record": false,
                "enable_resource_name_dns_aaaa_record": false,
                "hostname_type": "ip-name"
              }
            ],
            "private_ip": "10.1.0.40",
            "public_dns": "",
            "public_ip": "",
            "root_block_device": [
              {
                "delete_on_termination": true,
                "device_name": "/dev/sda1",
                "encrypted": false,
                "iops": 3000,
                "kms_key_id": "",
                "tags": {},
                "tags_all": {},
                "throughput": 125,
                "volume_id": "vol-0fef9c625be44838b",
                "volume_size": 8,
                "volume_type": "gp3"
              }
            ],
            "secondary_private_ips": [],
            "security_groups": [],
            "source_dest_check": true,
            "spot_instance_request_id": "",
            "subnet_id": "subnet-01d4b474f4afe8717",
            "tags": {
              "Name": "grupo4-ec2-az1a-pri-0"
            },
            "tags_all": {
              "Name": "grupo4-ec2-az1a-pri-0"
            },
            "tenancy": "default",
            "timeouts": null,
            "user_data": null,
            "user_data_base64": null,
            "user_data_replace_on_change": false,
            "volume_tags": null,
            "vpc_security_group_ids": [
              "sg-05cac366b39eac3a3",
              "sg-086b48a664acd07a4"
            ]
          },
          "sensitive_attributes": [],
          "identity_schema_version": 0,
          "private": "eyJlMmJmYjczMC1lY2FhLTExZTYtOGY4OC0zNDM2M2JjN2M0YzAiOnsiY3JlYXRlIjo2MDAwMDAwMDAwMDAsImRlbGV0ZSI6MTIwMDAwMDAwMDAwMCwicmVhZCI6OTAwMDAwMDAwMDAwLCJ1cGRhdGUiOjYwMDAwMDAwMDAwMH0sInNjaGVtYV92ZXJzaW9uIjoiMSJ9",
          "dependencies": [
            "aws_security_group.grupo4_sg_remote",
            "aws_security_group.grupo4_sg_web",
            "aws_subnet.grupo4_subnet_az1a_pri",
            "aws_vpc.grupo4_vpc"
          ]
        }
      ]
    },
    {
      "mode": "managed",
      "type": "aws_instance",
      "name": "grupo4_ec2_az1a_pub_0",
      "provider": "provider[\"registry.terraform.io/hashicorp/aws\"]",
      "instances": [
        {
          "schema_version": 1,
          "attributes": {
            "ami": "ami-0360c520857e3138f",
            "arn": "arn:aws:ec2:us-east-1:244122992513:instance/i-0129c1a9675d3563d",
            "associate_public_ip_address": true,
            "availability_zone": "us-east-1a",
            "capacity_reservation_specification": [
              {
                "capacity_reservation_preference": "open",
                "capacity_reservation_target": []
              }
            ],
            "cpu_core_count": 1,
            "cpu_options": [
              {
                "amd_sev_snp": "",
                "core_count": 1,
                "threads_per_core": 1
              }
            ],
            "cpu_threads_per_core": 1,
            "credit_specification": [
              {
                "cpu_credits": "standard"
              }
            ],
            "disable_api_stop": false,
            "disable_api_termination": false,
            "ebs_block_device": [
              {
                "delete_on_termination": true,
                "device_name": "/dev/sda1",
                "encrypted": false,
                "iops": 3000,
                "kms_key_id": "",
                "snapshot_id": "",
                "tags": {},
                "tags_all": {},
                "throughput": 125,
                "volume_id": "vol-099f0c7b3c0cdc08a",
                "volume_size": 8,
                "volume_type": "gp3"
              }
            ],
            "ebs_optimized": false,
            "enable_primary_ipv6": null,
            "enclave_options": [
              {
                "enabled": false
              }
            ],
            "ephemeral_block_device": [],
            "get_password_data": false,
            "hibernation": false,
            "host_id": "",
            "host_resource_group_arn": null,
            "iam_instance_profile": "",
            "id": "i-0129c1a9675d3563d",
            "instance_initiated_shutdown_behavior": "stop",
            "instance_lifecycle": "",
            "instance_market_options": [],
            "instance_state": "running",
            "instance_type": "t2.micro",
            "ipv6_address_count": 0,
            "ipv6_addresses": [],
            "key_name": "grupo4-key-pub",
            "launch_template": [],
            "maintenance_options": [
              {
                "auto_recovery": "default"
              }
            ],
            "metadata_options": [
              {
                "http_endpoint": "enabled",
                "http_protocol_ipv6": "disabled",
                "http_put_response_hop_limit": 2,
                "http_tokens": "required",
                "instance_metadata_tags": "disabled"
              }
            ],
            "monitoring": false,
            "network_interface": [],
            "outpost_arn": "",
            "password_data": "",
            "placement_group": "",
            "placement_partition_number": 0,
            "primary_network_interface_id": "eni-0edbaddc3ec7723ca",
            "private_dns": "ip-10-1-0-14.ec2.internal",
            "private_dns_name_options": [
              {
                "enable_resource_name_dns_a_record": false,
                "enable_resource_name_dns_aaaa_record": false,
                "hostname_type": "ip-name"
              }
            ],
            "private_ip": "10.1.0.14",
            "public_dns": "ec2-44-222-162-69.compute-1.amazonaws.com",
            "public_ip": "44.222.162.69",
            "root_block_device": [
              {
                "delete_on_termination": true,
                "device_name": "/dev/sda1",
                "encrypted": false,
                "iops": 3000,
                "kms_key_id": "",
                "tags": {},
                "tags_all": {},
                "throughput": 125,
                "volume_id": "vol-099f0c7b3c0cdc08a",
                "volume_size": 8,
                "volume_type": "gp3"
              }
            ],
            "secondary_private_ips": [],
            "security_groups": [],
            "source_dest_check": true,
            "spot_instance_request_id": "",
            "subnet_id": "subnet-044ef28e6456f9a30",
            "tags": {
              "Name": "grupo4-ec2-az1a-pub-0"
            },
            "tags_all": {
              "Name": "grupo4-ec2-az1a-pub-0"
            },
            "tenancy": "default",
            "timeouts": null,
            "user_data": null,
            "user_data_base64": null,
            "user_data_replace_on_change": false,
            "volume_tags": null,
            "vpc_security_group_ids": [
              "sg-05cac366b39eac3a3",
              "sg-086b48a664acd07a4",
              "sg-08e2f2c26caf8ed4c"
            ]
          },
          "sensitive_attributes": [],
          "identity_schema_version": 0,
          "private": "eyJlMmJmYjczMC1lY2FhLTExZTYtOGY4OC0zNDM2M2JjN2M0YzAiOnsiY3JlYXRlIjo2MDAwMDAwMDAwMDAsImRlbGV0ZSI6MTIwMDAwMDAwMDAwMCwicmVhZCI6OTAwMDAwMDAwMDAwLCJ1cGRhdGUiOjYwMDAwMDAwMDAwMH0sInNjaGVtYV92ZXJzaW9uIjoiMSJ9",
          "dependencies": [
            "aws_security_group.grupo4_sg_efs",
            "aws_security_group.grupo4_sg_remote",
            "aws_security_group.grupo4_sg_web",
            "aws_subnet.grupo4_subnet_az1a_pub",
            "aws_vpc.grupo4_vpc"
          ]
        }
      ]
    },
    {
      "mode": "managed",
      "type": "aws_instance",
      "name": "grupo4_ec2_az1b_pub_0",
      "provider": "provider[\"registry.terraform.io/hashicorp/aws\"]",
      "instances": [
        {
          "schema_version": 1,
          "attributes": {
            "ami": "ami-0360c520857e3138f",
            "arn": "arn:aws:ec2:us-east-1:244122992513:instance/i-0e892c99587ecb41e",
            "associate_public_ip_address": true,
            "availability_zone": "us-east-1b",
            "capacity_reservation_specification": [
              {
                "capacity_reservation_preference": "open",
                "capacity_reservation_target": []
              }
            ],
            "cpu_core_count": 1,
            "cpu_options": [
              {
                "amd_sev_snp": "",
                "core_count": 1,
                "threads_per_core": 1
              }
            ],
            "cpu_threads_per_core": 1,
            "credit_specification": [
              {
                "cpu_credits": "standard"
              }
            ],
            "disable_api_stop": false,
            "disable_api_termination": false,
            "ebs_block_device": [
              {
                "delete_on_termination": true,
                "device_name": "/dev/sda1",
                "encrypted": false,
                "iops": 3000,
                "kms_key_id": "",
                "snapshot_id": "",
                "tags": {},
                "tags_all": {},
                "throughput": 125,
                "volume_id": "vol-0f81e7b881299ef46",
                "volume_size": 8,
                "volume_type": "gp3"
              }
            ],
            "ebs_optimized": false,
            "enable_primary_ipv6": null,
            "enclave_options": [
              {
                "enabled": false
              }
            ],
            "ephemeral_block_device": [],
            "get_password_data": false,
            "hibernation": false,
            "host_id": "",
            "host_resource_group_arn": null,
            "iam_instance_profile": "",
            "id": "i-0e892c99587ecb41e",
            "instance_initiated_shutdown_behavior": "stop",
            "instance_lifecycle": "",
            "instance_market_options": [],
            "instance_state": "running",
            "instance_type": "t2.micro",
            "ipv6_address_count": 0,
            "ipv6_addresses": [],
            "key_name": "grupo4-key-pub",
            "launch_template": [],
            "maintenance_options": [
              {
                "auto_recovery": "default"
              }
            ],
            "metadata_options": [
              {
                "http_endpoint": "enabled",
                "http_protocol_ipv6": "disabled",
                "http_put_response_hop_limit": 2,
                "http_tokens": "required",
                "instance_metadata_tags": "disabled"
              }
            ],
            "monitoring": false,
            "network_interface": [],
            "outpost_arn": "",
            "password_data": "",
            "placement_group": "",
            "placement_partition_number": 0,
            "primary_network_interface_id": "eni-014ff94c4ede2f237",
            "private_dns": "ip-10-1-0-20.ec2.internal",
            "private_dns_name_options": [
              {
                "enable_resource_name_dns_a_record": false,
                "enable_resource_name_dns_aaaa_record": false,
                "hostname_type": "ip-name"
              }
            ],
            "private_ip": "10.1.0.20",
            "public_dns": "ec2-98-82-6-7.compute-1.amazonaws.com",
            "public_ip": "98.82.6.7",
            "root_block_device": [
              {
                "delete_on_termination": true,
                "device_name": "/dev/sda1",
                "encrypted": false,
                "iops": 3000,
                "kms_key_id": "",
                "tags": {},
                "tags_all": {},
                "throughput": 125,
                "volume_id": "vol-0f81e7b881299ef46",
                "volume_size": 8,
                "volume_type": "gp3"
              }
            ],
            "secondary_private_ips": [],
            "security_groups": [],
            "source_dest_check": true,
            "spot_instance_request_id": "",
            "subnet_id": "subnet-0a80b6e79d7624539",
            "tags": {
              "Name": "grupo4-ec2-az1b-pub-0"
            },
            "tags_all": {
              "Name": "grupo4-ec2-az1b-pub-0"
            },
            "tenancy": "default",
            "timeouts": null,
            "user_data": null,
            "user_data_base64": null,
            "user_data_replace_on_change": false,
            "volume_tags": null,
            "vpc_security_group_ids": [
              "sg-05cac366b39eac3a3",
              "sg-086b48a664acd07a4",
              "sg-08e2f2c26caf8ed4c"
            ]
          },
          "sensitive_attributes": [],
          "identity_schema_version": 0,
          "private": "eyJlMmJmYjczMC1lY2FhLTExZTYtOGY4OC0zNDM2M2JjN2M0YzAiOnsiY3JlYXRlIjo2MDAwMDAwMDAwMDAsImRlbGV0ZSI6MTIwMDAwMDAwMDAwMCwicmVhZCI6OTAwMDAwMDAwMDAwLCJ1cGRhdGUiOjYwMDAwMDAwMDAwMH0sInNjaGVtYV92ZXJzaW9uIjoiMSJ9",
          "dependencies": [
            "aws_security_group.grupo4_sg_efs",
            "aws_security_group.grupo4_sg_remote",
            "aws_security_group.grupo4_sg_web",
            "aws_subnet.grupo4_subnet_az1b_pub",
            "aws_vpc.grupo4_vpc"
          ]
        }
      ]
    },
    {
      "mode": "managed",
      "type": "aws_internet_gateway",
      "name": "grupo4_igw",
      "provider": "provider[\"registry.terraform.io/hashicorp/aws\"]",
      "instances": [
        {
          "schema_version": 0,
          "attributes": {
            "arn": "arn:aws:ec2:us-east-1:244122992513:internet-gateway/igw-05a70ca5f4fb02d27",
            "id": "igw-05a70ca5f4fb02d27",
            "owner_id": "244122992513",
            "tags": {
              "Name": "grupo4-igw"
            },
            "tags_all": {
              "Name": "grupo4-igw"
            },
            "timeouts": null,
            "vpc_id": "vpc-0167e7a1baa9795b8"
          },
          "sensitive_attributes": [],
          "identity_schema_version": 0,
          "private": "eyJlMmJmYjczMC1lY2FhLTExZTYtOGY4OC0zNDM2M2JjN2M0YzAiOnsiY3JlYXRlIjoxMjAwMDAwMDAwMDAwLCJkZWxldGUiOjEyMDAwMDAwMDAwMDAsInVwZGF0ZSI6MTIwMDAwMDAwMDAwMH19",
          "dependencies": [
            "aws_vpc.grupo4_vpc"
          ]
        }
      ]
    },
    {
      "mode": "managed",
      "type": "aws_key_pair",
      "name": "grupo4_key_db",
      "provider": "provider[\"registry.terraform.io/hashicorp/aws\"]",
      "instances": [
        {
          "schema_version": 1,
          "attributes": {
            "arn": "arn:aws:ec2:us-east-1:244122992513:key-pair/grupo4-key-db",
            "fingerprint": "ca:3b:7d:4a:10:8f:c7:3b:23:35:4c:58:87:00:2f:c4",
            "id": "grupo4-key-db",
            "key_name": "grupo4-key-db",
            "key_name_prefix": "",
            "key_pair_id": "key-01740c3786907625f",
            "key_type": "rsa",
            "public_key": "ssh-rsa AAAAB3NzaC1yc2EAAAADAQABAAABAQDdS1rbiUK8+pcp960VZLNZgMSfjhAsvNvH6E7zf1aB1p9oUieV4YnY9Cm78d1eggHiC3Ge/gVnTJUy8T0WbL/7NVHSy5+aQe9wGpwEhBKPEFae/PPrkgBA/K9UakNnOdyyBaut91aE3TeYncH2gAr0VPJEOYJBVqXPDc/oKIGw/gGhJIB5G4NSl9gNmpCzusxlYxd9bgeMc/JfaQvENH+yTqtLzE0uys3z14HnBTCxFwL7b7GJaPYxp/2m7ERqvNZA30aS6Acdpoms9NWBc9QXw8W7T61usc7AKmWIzgc6ey6kVyyEdoSn3ex6FRh2JzoXgcuMDFCmMQisWvyVCbvZ",
            "tags": null,
            "tags_all": {}
          },
          "sensitive_attributes": [],
          "identity_schema_version": 0,
          "private": "eyJzY2hlbWFfdmVyc2lvbiI6IjEifQ==",
          "dependencies": [
            "tls_private_key.grupo4_key_db"
          ]
        }
      ]
    },
    {
      "mode": "managed",
      "type": "aws_key_pair",
      "name": "grupo4_key_pri",
      "provider": "provider[\"registry.terraform.io/hashicorp/aws\"]",
      "instances": [
        {
          "schema_version": 1,
          "attributes": {
            "arn": "arn:aws:ec2:us-east-1:244122992513:key-pair/grupo4-key-pri",
            "fingerprint": "7a:9d:32:85:81:fb:7b:fe:c2:71:7b:99:13:c7:51:4e",
            "id": "grupo4-key-pri",
            "key_name": "grupo4-key-pri",
            "key_name_prefix": "",
            "key_pair_id": "key-07eda5de99e10830e",
            "key_type": "rsa",
            "public_key": "ssh-rsa AAAAB3NzaC1yc2EAAAADAQABAAABAQCkp2B9pIKkTvX2RPmfPE02fF5eNfRb1Ve2cBefHANAb9XUhpfmnB/9t9IfspBNoVaLpgb+EAmSNpYMWzCGYI6TDh4JhxCfJUq/+jeDv6eNjUrLNopHV+J9O+bSdl3ppea7XOjZbg6tD6OP6+fgz0fO90v1vyReGNJG4BB6Xo1Pd+/plwa2trU8I8v5uCQO4ue8wZ+neqb3bSbOQrFTZovkpHvYQwKwt0NJg5lxoLIAq/CWbgqr1fi00wgoEZ0xwcgZvet6QgQxCz1Z2GGzhgclK5urevz9MEJ82DmljbSEFoCgc+haCoUqpJbZDyUSA20BO3EnlBdlt0bUEfHpLpwl",
            "tags": null,
            "tags_all": {}
          },
          "sensitive_attributes": [],
          "identity_schema_version": 0,
          "private": "eyJzY2hlbWFfdmVyc2lvbiI6IjEifQ==",
          "dependencies": [
            "tls_private_key.grupo4_key_pri"
          ]
        }
      ]
    },
    {
      "mode": "managed",
      "type": "aws_key_pair",
      "name": "grupo4_key_pub",
      "provider": "provider[\"registry.terraform.io/hashicorp/aws\"]",
      "instances": [
        {
          "schema_version": 1,
          "attributes": {
            "arn": "arn:aws:ec2:us-east-1:244122992513:key-pair/grupo4-key-pub",
            "fingerprint": "ae:f8:6c:67:0c:9d:ea:cb:25:ff:fe:b2:da:a1:ca:6d",
            "id": "grupo4-key-pub",
            "key_name": "grupo4-key-pub",
            "key_name_prefix": "",
            "key_pair_id": "key-071f78d7ed8c58fcb",
            "key_type": "rsa",
            "public_key": "ssh-rsa AAAAB3NzaC1yc2EAAAADAQABAAABAQCsTe9s2snXnx2B69qU4hm4Fk91vy3lcV/aEmwiZLht4qhJP8rfwgmX0H6JqNaiqnRee7Ioc8sqApXBeiAqB1cvzqMh2G+nqrdnMFcJX7f9nqJMEVgue2O05eMOzbIEW0zUW3tQtAecRgAyjcl7hA7cS7jiGX3rLRSAYwgjIq8nrvBMvv6lXYJ4Hc3JyRlj4sQdyAp5UdI/JHEDF9G6UeES0ZjESEheUjBqLIILb1zFCeLNOQw0BUqsO6R6tkH4xU5li90TPWwXQNf/SsAFg6QTVViVWNL3e8pGhaieM4lXfh8s6M+QJBur3bx4+UlIV3ECAjh5ayP3HSmvfgGQsejn",
            "tags": null,
            "tags_all": {}
          },
          "sensitive_attributes": [],
          "identity_schema_version": 0,
          "private": "eyJzY2hlbWFfdmVyc2lvbiI6IjEifQ==",
          "dependencies": [
            "tls_private_key.grupo4_key_pub"
          ]
        }
      ]
    },
    {
      "mode": "managed",
      "type": "aws_network_acl",
      "name": "grupo4_acl_pri",
      "provider": "provider[\"registry.terraform.io/hashicorp/aws\"]",
      "instances": [
        {
          "schema_version": 0,
          "attributes": {
            "arn": "arn:aws:ec2:us-east-1:244122992513:network-acl/acl-0cb61ba61cb2caa0f",
            "egress": [
              {
                "action": "allow",
                "cidr_block": "10.1.0.0/27",
                "from_port": 0,
                "icmp_code": null,
                "icmp_type": null,
                "ipv6_cidr_block": "",
                "protocol": "-1",
                "rule_no": 998,
                "to_port": 0
              },
              {
                "action": "deny",
                "cidr_block": "0.0.0.0/0",
                "from_port": 0,
                "icmp_code": null,
                "icmp_type": null,
                "ipv6_cidr_block": "",
                "protocol": "-1",
                "rule_no": 999,
                "to_port": 0
              }
            ],
            "id": "acl-0cb61ba61cb2caa0f",
            "ingress": [
              {
                "action": "allow",
                "cidr_block": "10.1.0.0/27",
                "from_port": 22,
                "icmp_code": null,
                "icmp_type": null,
                "ipv6_cidr_block": "",
                "protocol": "tcp",
                "rule_no": 200,
                "to_port": 22
              },
              {
                "action": "allow",
                "cidr_block": "10.1.0.0/27",
                "from_port": 3333,
                "icmp_code": null,
                "icmp_type": null,
                "ipv6_cidr_block": "",
                "protocol": "tcp",
                "rule_no": 120,
                "to_port": 3333
              },
              {
                "action": "allow",
                "cidr_block": "10.1.0.0/27",
                "from_port": 443,
                "icmp_code": null,
                "icmp_type": null,
                "ipv6_cidr_block": "",
                "protocol": "tcp",
                "rule_no": 100,
                "to_port": 443
              },
              {
                "action": "allow",
                "cidr_block": "10.1.0.0/27",
                "from_port": 80,
                "icmp_code": null,
                "icmp_type": null,
                "ipv6_cidr_block": "",
                "protocol": "tcp",
                "rule_no": 110,
                "to_port": 80
              },
              {
                "action": "deny",
                "cidr_block": "0.0.0.0/0",
                "from_port": 0,
                "icmp_code": null,
                "icmp_type": null,
                "ipv6_cidr_block": "",
                "protocol": "-1",
                "rule_no": 999,
                "to_port": 0
              }
            ],
            "owner_id": "244122992513",
            "subnet_ids": [
              "subnet-01d4b474f4afe8717"
            ],
            "tags": {
              "Name": "grupo4-acl-pri"
            },
            "tags_all": {
              "Name": "grupo4-acl-pri"
            },
            "vpc_id": "vpc-0167e7a1baa9795b8"
          },
          "sensitive_attributes": [],
          "identity_schema_version": 0,
          "private": "bnVsbA==",
          "dependencies": [
            "aws_subnet.grupo4_subnet_az1a_pri",
            "aws_vpc.grupo4_vpc"
          ]
        }
      ]
    },
    {
      "mode": "managed",
      "type": "aws_network_acl",
      "name": "grupo4_acl_pub",
      "provider": "provider[\"registry.terraform.io/hashicorp/aws\"]",
      "instances": [
        {
          "schema_version": 0,
          "attributes": {
            "arn": "arn:aws:ec2:us-east-1:244122992513:network-acl/acl-077f4e53e89fd7a20",
            "egress": [
              {
                "action": "allow",
                "cidr_block": "0.0.0.0/0",
                "from_port": 0,
                "icmp_code": null,
                "icmp_type": null,
                "ipv6_cidr_block": "",
                "protocol": "-1",
                "rule_no": 999,
                "to_port": 0
              }
            ],
            "id": "acl-077f4e53e89fd7a20",
            "ingress": [
              {
                "action": "allow",
                "cidr_block": "0.0.0.0/0",
                "from_port": 22,
                "icmp_code": null,
                "icmp_type": null,
                "ipv6_cidr_block": "",
                "protocol": "tcp",
                "rule_no": 200,
                "to_port": 22
              },
              {
                "action": "allow",
                "cidr_block": "0.0.0.0/0",
                "from_port": 3333,
                "icmp_code": null,
                "icmp_type": null,
                "ipv6_cidr_block": "",
                "protocol": "tcp",
                "rule_no": 120,
                "to_port": 3333
              },
              {
                "action": "allow",
                "cidr_block": "0.0.0.0/0",
                "from_port": 443,
                "icmp_code": null,
                "icmp_type": null,
                "ipv6_cidr_block": "",
                "protocol": "tcp",
                "rule_no": 100,
                "to_port": 443
              },
              {
                "action": "allow",
                "cidr_block": "0.0.0.0/0",
                "from_port": 80,
                "icmp_code": null,
                "icmp_type": null,
                "ipv6_cidr_block": "",
                "protocol": "tcp",
                "rule_no": 110,
                "to_port": 80
              },
              {
                "action": "allow",
                "cidr_block": "10.1.0.0/27",
                "from_port": 2049,
                "icmp_code": null,
                "icmp_type": null,
                "ipv6_cidr_block": "",
                "protocol": "tcp",
                "rule_no": 300,
                "to_port": 2049
              },
              {
                "action": "allow",
                "cidr_block": "10.1.0.32/28",
                "from_port": 0,
                "icmp_code": null,
                "icmp_type": null,
                "ipv6_cidr_block": "",
                "protocol": "-1",
                "rule_no": 998,
                "to_port": 0
              },
              {
                "action": "deny",
                "cidr_block": "0.0.0.0/0",
                "from_port": 0,
                "icmp_code": null,
                "icmp_type": null,
                "ipv6_cidr_block": "",
                "protocol": "-1",
                "rule_no": 999,
                "to_port": 0
              }
            ],
            "owner_id": "244122992513",
            "subnet_ids": [
              "subnet-044ef28e6456f9a30",
              "subnet-0a80b6e79d7624539"
            ],
            "tags": {
              "Name": "grupo4-acl-pub"
            },
            "tags_all": {
              "Name": "grupo4-acl-pub"
            },
            "vpc_id": "vpc-0167e7a1baa9795b8"
          },
          "sensitive_attributes": [],
          "identity_schema_version": 0,
          "private": "bnVsbA==",
          "dependencies": [
            "aws_subnet.grupo4_subnet_az1a_pub",
            "aws_subnet.grupo4_subnet_az1b_pub",
            "aws_vpc.grupo4_vpc"
          ]
        }
      ]
    },
    {
      "mode": "managed",
      "type": "aws_route_table",
      "name": "grupo4_route_table",
      "provider": "provider[\"registry.terraform.io/hashicorp/aws\"]",
      "instances": [
        {
          "schema_version": 0,
          "attributes": {
            "arn": "arn:aws:ec2:us-east-1:244122992513:route-table/rtb-02e3cbc5a02cee239",
            "id": "rtb-02e3cbc5a02cee239",
            "owner_id": "244122992513",
            "propagating_vgws": [],
            "route": [
              {
                "carrier_gateway_id": "",
                "cidr_block": "0.0.0.0/0",
                "core_network_arn": "",
                "destination_prefix_list_id": "",
                "egress_only_gateway_id": "",
                "gateway_id": "igw-05a70ca5f4fb02d27",
                "ipv6_cidr_block": "",
                "local_gateway_id": "",
                "nat_gateway_id": "",
                "network_interface_id": "",
                "transit_gateway_id": "",
                "vpc_endpoint_id": "",
                "vpc_peering_connection_id": ""
              }
            ],
            "tags": {
              "Name": "grupo4-route-table"
            },
            "tags_all": {
              "Name": "grupo4-route-table"
            },
            "timeouts": null,
            "vpc_id": "vpc-0167e7a1baa9795b8"
          },
          "sensitive_attributes": [],
          "identity_schema_version": 0,
          "private": "eyJlMmJmYjczMC1lY2FhLTExZTYtOGY4OC0zNDM2M2JjN2M0YzAiOnsiY3JlYXRlIjozMDAwMDAwMDAwMDAsImRlbGV0ZSI6MzAwMDAwMDAwMDAwLCJ1cGRhdGUiOjEyMDAwMDAwMDAwMH19",
          "dependencies": [
            "aws_internet_gateway.grupo4_igw",
            "aws_vpc.grupo4_vpc"
          ]
        }
      ]
    },
    {
      "mode": "managed",
      "type": "aws_security_group",
      "name": "grupo4_sg_efs",
      "provider": "provider[\"registry.terraform.io/hashicorp/aws\"]",
      "instances": [
        {
          "schema_version": 1,
          "attributes": {
            "arn": "arn:aws:ec2:us-east-1:244122992513:security-group/sg-08e2f2c26caf8ed4c",
            "description": "NFS:2049",
            "egress": [],
            "id": "sg-08e2f2c26caf8ed4c",
            "ingress": [
              {
                "cidr_blocks": [
                  "10.1.0.0/27"
                ],
                "description": "NFS:2049",
                "from_port": 3306,
                "ipv6_cidr_blocks": [],
                "prefix_list_ids": [],
                "protocol": "tcp",
                "security_groups": [],
                "self": false,
                "to_port": 3306
              }
            ],
            "name": "grupo4_sg_efs",
            "name_prefix": "",
            "owner_id": "244122992513",
            "revoke_rules_on_delete": false,
            "tags": {
              "Name": "grupo4-sg-efs"
            },
            "tags_all": {
              "Name": "grupo4-sg-efs"
            },
            "timeouts": null,
            "vpc_id": "vpc-0167e7a1baa9795b8"
          },
          "sensitive_attributes": [],
          "identity_schema_version": 0,
          "private": "eyJlMmJmYjczMC1lY2FhLTExZTYtOGY4OC0zNDM2M2JjN2M0YzAiOnsiY3JlYXRlIjo2MDAwMDAwMDAwMDAsImRlbGV0ZSI6OTAwMDAwMDAwMDAwfSwic2NoZW1hX3ZlcnNpb24iOiIxIn0=",
          "dependencies": [
            "aws_vpc.grupo4_vpc"
          ]
        }
      ]
    },
    {
      "mode": "managed",
      "type": "aws_security_group",
      "name": "grupo4_sg_mysql",
      "provider": "provider[\"registry.terraform.io/hashicorp/aws\"]",
      "instances": [
        {
          "schema_version": 1,
          "attributes": {
            "arn": "arn:aws:ec2:us-east-1:244122992513:security-group/sg-089b67c793df62247",
            "description": "MySQL:3306",
            "egress": [
              {
                "cidr_blocks": [
                  "10.1.0.32/28"
                ],
                "description": "ALL:-1",
                "from_port": 0,
                "ipv6_cidr_blocks": [],
                "prefix_list_ids": [],
                "protocol": "-1",
                "security_groups": [],
                "self": false,
                "to_port": 0
              }
            ],
            "id": "sg-089b67c793df62247",
            "ingress": [
              {
                "cidr_blocks": [
                  "10.1.0.32/28"
                ],
                "description": "MySQL:3306",
                "from_port": 3306,
                "ipv6_cidr_blocks": [],
                "prefix_list_ids": [],
                "protocol": "tcp",
                "security_groups": [],
                "self": false,
                "to_port": 3306
              }
            ],
            "name": "grupo4_sg_mysql",
            "name_prefix": "",
            "owner_id": "244122992513",
            "revoke_rules_on_delete": false,
            "tags": {
              "Name": "grupo4-sg-mysql"
            },
            "tags_all": {
              "Name": "grupo4-sg-mysql"
            },
            "timeouts": null,
            "vpc_id": "vpc-0167e7a1baa9795b8"
          },
          "sensitive_attributes": [],
          "identity_schema_version": 0,
          "private": "eyJlMmJmYjczMC1lY2FhLTExZTYtOGY4OC0zNDM2M2JjN2M0YzAiOnsiY3JlYXRlIjo2MDAwMDAwMDAwMDAsImRlbGV0ZSI6OTAwMDAwMDAwMDAwfSwic2NoZW1hX3ZlcnNpb24iOiIxIn0=",
          "dependencies": [
            "aws_vpc.grupo4_vpc"
          ]
        }
      ]
    },
    {
      "mode": "managed",
      "type": "aws_security_group",
      "name": "grupo4_sg_remote",
      "provider": "provider[\"registry.terraform.io/hashicorp/aws\"]",
      "instances": [
        {
          "schema_version": 1,
          "attributes": {
            "arn": "arn:aws:ec2:us-east-1:244122992513:security-group/sg-05cac366b39eac3a3",
            "description": "SSH:22;RDP:3389",
            "egress": [
              {
                "cidr_blocks": [
                  "0.0.0.0/0"
                ],
                "description": "ALL:-1",
                "from_port": 0,
                "ipv6_cidr_blocks": [],
                "prefix_list_ids": [],
                "protocol": "-1",
                "security_groups": [],
                "self": false,
                "to_port": 0
              }
            ],
            "id": "sg-05cac366b39eac3a3",
            "ingress": [
              {
                "cidr_blocks": [
                  "0.0.0.0/0"
                ],
                "description": "RDP:3389",
                "from_port": 3389,
                "ipv6_cidr_blocks": [],
                "prefix_list_ids": [],
                "protocol": "tcp",
                "security_groups": [],
                "self": false,
                "to_port": 3389
              },
              {
                "cidr_blocks": [
                  "0.0.0.0/0"
                ],
                "description": "SSH:22",
                "from_port": 22,
                "ipv6_cidr_blocks": [],
                "prefix_list_ids": [],
                "protocol": "tcp",
                "security_groups": [],
                "self": false,
                "to_port": 22
              }
            ],
            "name": "grupo4_sg_remote",
            "name_prefix": "",
            "owner_id": "244122992513",
            "revoke_rules_on_delete": false,
            "tags": {
              "Name": "grupo4-sg-remote"
            },
            "tags_all": {
              "Name": "grupo4-sg-remote"
            },
            "timeouts": null,
            "vpc_id": "vpc-0167e7a1baa9795b8"
          },
          "sensitive_attributes": [],
          "identity_schema_version": 0,
          "private": "eyJlMmJmYjczMC1lY2FhLTExZTYtOGY4OC0zNDM2M2JjN2M0YzAiOnsiY3JlYXRlIjo2MDAwMDAwMDAwMDAsImRlbGV0ZSI6OTAwMDAwMDAwMDAwfSwic2NoZW1hX3ZlcnNpb24iOiIxIn0=",
          "dependencies": [
            "aws_vpc.grupo4_vpc"
          ]
        }
      ]
    },
    {
      "mode": "managed",
      "type": "aws_security_group",
      "name": "grupo4_sg_web",
      "provider": "provider[\"registry.terraform.io/hashicorp/aws\"]",
      "instances": [
        {
          "schema_version": 1,
          "attributes": {
            "arn": "arn:aws:ec2:us-east-1:244122992513:security-group/sg-086b48a664acd07a4",
            "description": "HTTPS:443;HTTP:80",
            "egress": [
              {
                "cidr_blocks": [
                  "0.0.0.0/0"
                ],
                "description": "ALL:-1",
                "from_port": 0,
                "ipv6_cidr_blocks": [],
                "prefix_list_ids": [],
                "protocol": "-1",
                "security_groups": [],
                "self": false,
                "to_port": 0
              }
            ],
            "id": "sg-086b48a664acd07a4",
            "ingress": [
              {
                "cidr_blocks": [
                  "0.0.0.0/0"
                ],
                "description": "HTTP:80",
                "from_port": 80,
                "ipv6_cidr_blocks": [],
                "prefix_list_ids": [],
                "protocol": "tcp",
                "security_groups": [],
                "self": false,
                "to_port": 80
              },
              {
                "cidr_blocks": [
                  "0.0.0.0/0"
                ],
                "description": "HTTPS:443",
                "from_port": 443,
                "ipv6_cidr_blocks": [],
                "prefix_list_ids": [],
                "protocol": "tcp",
                "security_groups": [],
                "self": false,
                "to_port": 443
              }
            ],
            "name": "grupo4_sg_web",
            "name_prefix": "",
            "owner_id": "244122992513",
            "revoke_rules_on_delete": false,
            "tags": {
              "Name": "grupo4-sg-web"
            },
            "tags_all": {
              "Name": "grupo4-sg-web"
            },
            "timeouts": null,
            "vpc_id": "vpc-0167e7a1baa9795b8"
          },
          "sensitive_attributes": [],
          "identity_schema_version": 0,
          "private": "eyJlMmJmYjczMC1lY2FhLTExZTYtOGY4OC0zNDM2M2JjN2M0YzAiOnsiY3JlYXRlIjo2MDAwMDAwMDAwMDAsImRlbGV0ZSI6OTAwMDAwMDAwMDAwfSwic2NoZW1hX3ZlcnNpb24iOiIxIn0=",
          "dependencies": [
            "aws_vpc.grupo4_vpc"
          ]
        }
      ]
    },
    {
      "mode": "managed",
      "type": "aws_subnet",
      "name": "grupo4_subnet_az1a_pri",
      "provider": "provider[\"registry.terraform.io/hashicorp/aws\"]",
      "instances": [
        {
          "schema_version": 1,
          "attributes": {
            "arn": "arn:aws:ec2:us-east-1:244122992513:subnet/subnet-01d4b474f4afe8717",
            "assign_ipv6_address_on_creation": false,
            "availability_zone": "us-east-1a",
            "availability_zone_id": "use1-az1",
            "cidr_block": "10.1.0.32/28",
            "customer_owned_ipv4_pool": "",
            "enable_dns64": false,
            "enable_lni_at_device_index": 0,
            "enable_resource_name_dns_a_record_on_launch": false,
            "enable_resource_name_dns_aaaa_record_on_launch": false,
            "id": "subnet-01d4b474f4afe8717",
            "ipv6_cidr_block": "",
            "ipv6_cidr_block_association_id": "",
            "ipv6_native": false,
            "map_customer_owned_ip_on_launch": false,
            "map_public_ip_on_launch": false,
            "outpost_arn": "",
            "owner_id": "244122992513",
            "private_dns_hostname_type_on_launch": "ip-name",
            "tags": {
              "Name": "grupo4-subnet-az1a-pri"
            },
            "tags_all": {
              "Name": "grupo4-subnet-az1a-pri"
            },
            "timeouts": null,
            "vpc_id": "vpc-0167e7a1baa9795b8"
          },
          "sensitive_attributes": [],
          "identity_schema_version": 0,
          "private": "eyJlMmJmYjczMC1lY2FhLTExZTYtOGY4OC0zNDM2M2JjN2M0YzAiOnsiY3JlYXRlIjo2MDAwMDAwMDAwMDAsImRlbGV0ZSI6MTIwMDAwMDAwMDAwMH0sInNjaGVtYV92ZXJzaW9uIjoiMSJ9",
          "dependencies": [
            "aws_vpc.grupo4_vpc"
          ]
        }
      ]
    },
    {
      "mode": "managed",
      "type": "aws_subnet",
      "name": "grupo4_subnet_az1a_pub",
      "provider": "provider[\"registry.terraform.io/hashicorp/aws\"]",
      "instances": [
        {
          "schema_version": 1,
          "attributes": {
            "arn": "arn:aws:ec2:us-east-1:244122992513:subnet/subnet-044ef28e6456f9a30",
            "assign_ipv6_address_on_creation": false,
            "availability_zone": "us-east-1a",
            "availability_zone_id": "use1-az1",
            "cidr_block": "10.1.0.0/28",
            "customer_owned_ipv4_pool": "",
            "enable_dns64": false,
            "enable_lni_at_device_index": 0,
            "enable_resource_name_dns_a_record_on_launch": false,
            "enable_resource_name_dns_aaaa_record_on_launch": false,
            "id": "subnet-044ef28e6456f9a30",
            "ipv6_cidr_block": "",
            "ipv6_cidr_block_association_id": "",
            "ipv6_native": false,
            "map_customer_owned_ip_on_launch": false,
            "map_public_ip_on_launch": true,
            "outpost_arn": "",
            "owner_id": "244122992513",
            "private_dns_hostname_type_on_launch": "ip-name",
            "tags": {
              "Name": "grupo4-subnet-az1a-pub"
            },
            "tags_all": {
              "Name": "grupo4-subnet-az1a-pub"
            },
            "timeouts": null,
            "vpc_id": "vpc-0167e7a1baa9795b8"
          },
          "sensitive_attributes": [],
          "identity_schema_version": 0,
          "private": "eyJlMmJmYjczMC1lY2FhLTExZTYtOGY4OC0zNDM2M2JjN2M0YzAiOnsiY3JlYXRlIjo2MDAwMDAwMDAwMDAsImRlbGV0ZSI6MTIwMDAwMDAwMDAwMH0sInNjaGVtYV92ZXJzaW9uIjoiMSJ9",
          "dependencies": [
            "aws_vpc.grupo4_vpc"
          ]
        }
      ]
    },
    {
      "mode": "managed",
      "type": "aws_subnet",
      "name": "grupo4_subnet_az1b_pub",
      "provider": "provider[\"registry.terraform.io/hashicorp/aws\"]",
      "instances": [
        {
          "schema_version": 1,
          "attributes": {
            "arn": "arn:aws:ec2:us-east-1:244122992513:subnet/subnet-0a80b6e79d7624539",
            "assign_ipv6_address_on_creation": false,
            "availability_zone": "us-east-1b",
            "availability_zone_id": "use1-az2",
            "cidr_block": "10.1.0.16/28",
            "customer_owned_ipv4_pool": "",
            "enable_dns64": false,
            "enable_lni_at_device_index": 0,
            "enable_resource_name_dns_a_record_on_launch": false,
            "enable_resource_name_dns_aaaa_record_on_launch": false,
            "id": "subnet-0a80b6e79d7624539",
            "ipv6_cidr_block": "",
            "ipv6_cidr_block_association_id": "",
            "ipv6_native": false,
            "map_customer_owned_ip_on_launch": false,
            "map_public_ip_on_launch": true,
            "outpost_arn": "",
            "owner_id": "244122992513",
            "private_dns_hostname_type_on_launch": "ip-name",
            "tags": {
              "Name": "grupo4-subnet-az1b-pub"
            },
            "tags_all": {
              "Name": "grupo4-subnet-az1b-pub"
            },
            "timeouts": null,
            "vpc_id": "vpc-0167e7a1baa9795b8"
          },
          "sensitive_attributes": [],
          "identity_schema_version": 0,
          "private": "eyJlMmJmYjczMC1lY2FhLTExZTYtOGY4OC0zNDM2M2JjN2M0YzAiOnsiY3JlYXRlIjo2MDAwMDAwMDAwMDAsImRlbGV0ZSI6MTIwMDAwMDAwMDAwMH0sInNjaGVtYV92ZXJzaW9uIjoiMSJ9",
          "dependencies": [
            "aws_vpc.grupo4_vpc"
          ]
        }
      ]
    },
    {
      "mode": "managed",
      "type": "aws_vpc",
      "name": "grupo4_vpc",
      "provider": "provider[\"registry.terraform.io/hashicorp/aws\"]",
      "instances": [
        {
          "schema_version": 1,
          "attributes": {
            "arn": "arn:aws:ec2:us-east-1:244122992513:vpc/vpc-0167e7a1baa9795b8",
            "assign_generated_ipv6_cidr_block": false,
            "cidr_block": "10.1.0.0/26",
            "default_network_acl_id": "acl-01a8a0854fec1022f",
            "default_route_table_id": "rtb-09d3b3ee636e18169",
            "default_security_group_id": "sg-018565d69a6935b56",
            "dhcp_options_id": "dopt-05d9c56041e82da22",
            "enable_dns_hostnames": true,
            "enable_dns_support": true,
            "enable_network_address_usage_metrics": false,
            "id": "vpc-0167e7a1baa9795b8",
            "instance_tenancy": "default",
            "ipv4_ipam_pool_id": null,
            "ipv4_netmask_length": null,
            "ipv6_association_id": "",
            "ipv6_cidr_block": "",
            "ipv6_cidr_block_network_border_group": "",
            "ipv6_ipam_pool_id": "",
            "ipv6_netmask_length": 0,
            "main_route_table_id": "rtb-09d3b3ee636e18169",
            "owner_id": "244122992513",
            "tags": {
              "Name": "grupo4-vpc"
            },
            "tags_all": {
              "Name": "grupo4-vpc"
            }
          },
          "sensitive_attributes": [],
          "identity_schema_version": 0,
          "private": "eyJzY2hlbWFfdmVyc2lvbiI6IjEifQ=="
        }
      ]
    },
    {
      "mode": "managed",
      "type": "local_file",
      "name": "grupo4_key_db_local",
      "provider": "provider[\"registry.terraform.io/hashicorp/local\"]",
      "instances": [
        {
          "schema_version": 0,
          "attributes": {
            "content": "-----BEGIN RSA PRIVATE KEY-----\nMIIEpQIBAAKCAQEA3Uta24lCvPqXKfetFWSzWYDEn44QLLzbx+hO839WgdafaFIn\nleGJ2PQpu/HdXoIB4gtxnv4FZ0yVMvE9Fmy/+zVR0sufmkHvcBqcBIQSjxBWnvzz\n65IAQPyvVGpDZzncsgWrrfdWhN03mJ3B9oAK9FTyRDmCQValzw3P6CiBsP4BoSSA\neRuDUpfYDZqQs7rMZWMXfW4HjHPyX2kLxDR/sk6rS8xNLsrN89eB5wUwsRcC+2+x\niWj2Maf9puxEarzWQN9GkugHHaaJrPTVgXPUF8PFu0+tbrHOwCpliM4HOnsupFcs\nhHaEp93sehUYdic6F4HLjAxQpjEIrFr8lQm72QIDAQABAoIBADWWvnlke3dlHb8p\nfc4s9Suq/bJ/xhX3ZCe8b4YS46GMlky+fFyU4ftaYVLkps1woUEasVilviw+RPEx\nry/jhPgx+M8ZxVwnNHMK1pZXX2EqvTdCHVWCJTKXnmPMWedBAVtQ+TqnJ1oEciaw\nqVxmtIBno8V2wb7N21hRSXQ4fvObk7kLAJlKyuAg09r8EwiBQa9LddfqWuFfZe27\n0HR4K/5MlFBbxaS0gRycSCG1RcdetiOCmEh0QozKt/ZsJOb5hoHgdFD/xID+QFs4\nwW7xlSLq/MzAqf2BEReVw6Rssd9XN4B3xrtyMFvYljZXjojwKekcVw8QAKqdDqsp\nZ0xsyUkCgYEA/8D7HE4Qk1OWMKRNthCZjv0b1UOsCjZmzjshh6MsZC52HObQGRk9\nxZd2dYAYZJQGYDXmou2xX/ak2qqAHrY/MIHNi2l/VpK3eXKv28OpCJQmzxtvnj27\ndkb8T5xTsbZCuxplTQwcdYh4jstAXsUT0E7YYygjR5AmuhRRUP5Dd60CgYEA3YHi\nDTYssB7SGfD5t4UMvCDPQNDyP1jF3QtOKryqUSQ7GqJw8sWdEcNbuLFUJ3FEQvPZ\nurRS1+e98teUGwIxX9ie5QFSulJaD08A4s7+wh44929rbGYiwGA6dlEgidwMydeo\nSDfnRvU/aOkz/pG7IAOt7f5BKT2QiGsc7kiUil0CgYEAvXeS0CJJB0vKHRjrdTCR\nAiwifXiXsC0jNi76JQjOLx14ZOrdSWq4p3QQzvVpnMFIg+gKh7M9T1FiSZg8OARd\nharzwg8SxekFQVSkUVN/GxreMVoq83jaMsJd0wCFxEa44vGoEE8jmjLS1T5f3pVz\nm0N97N9kW3TAK+Q3ZaAoDTUCgYEApnkE0PUUJNElCgYHRxuhdIob+RSP23f2TKhA\nePIN9qmKGfxXcr19zGnMN0RegL4plT/7NMxtLoKmSSonzxyYyvXchTO3XvyhXrv7\naHo1EOLx4VRFodQo7ffkOCPElpdgrRl9CbmqAbQzkb8iKoKP5gGd6C2b/0ibpUsL\nFTJLIKkCgYEAwUT93bz7MBIQDgc1TKqIB/W4CfKP6C4G/ImnAbppXDlpE6hsQn9V\ngdn23Liw+yoEAFQRvuO5iEZCM6tiMiBU/XJ7VXTvXnrEhZqp0Mj03riS424gCIhr\nsM9GbimcF1IgzD71EyiIU+XD2qA6m9TZXMfI/ezRMGAyj5EA7pG8dMU=\n-----END RSA PRIVATE KEY-----\n",
            "content_base64": null,
            "content_base64sha256": "P/rpxmIt5dttjNZO9izLpgh6t9OnuuOQ2p7iIWimDbw=",
            "content_base64sha512": "h/T7c7fBl8IMf7U90KCmwpPKQtin8ff3/SGJN5ZtO1sKORG2hn6s7lu/jywtteuLEANfXJ7cO9TXjpORKwwbfg==",
            "content_md5": "b8b49bd9e2ce7afdb607329077060de4",
            "content_sha1": "de0404278f22969fc8d9e7454612acf30d6d171d",
            "content_sha256": "3ffae9c6622de5db6d8cd64ef62ccba6087ab7d3a7bae390da9ee22168a60dbc",
            "content_sha512": "87f4fb73b7c197c20c7fb53dd0a0a6c293ca42d8a7f1f7f7fd218937966d3b5b0a3911b6867eacee5bbf8f2c2db5eb8b10035f5c9edc3bd4d78e93912b0c1b7e",
            "directory_permission": "0777",
            "file_permission": "0400",
            "filename": "grupo4-key-db-local.pem",
            "id": "de0404278f22969fc8d9e7454612acf30d6d171d",
            "sensitive_content": null,
            "source": null
          },
          "sensitive_attributes": [
            [
              {
                "type": "get_attr",
                "value": "content"
              }
            ],
            [
              {
                "type": "get_attr",
                "value": "sensitive_content"
              }
            ]
          ],
          "identity_schema_version": 0,
          "dependencies": [
            "tls_private_key.grupo4_key_db"
          ]
        }
      ]
    },
    {
      "mode": "managed",
      "type": "local_file",
      "name": "grupo4_key_pri_local",
      "provider": "provider[\"registry.terraform.io/hashicorp/local\"]",
      "instances": [
        {
          "schema_version": 0,
          "attributes": {
            "content": "-----BEGIN RSA PRIVATE KEY-----\nMIIEogIBAAKCAQEApKdgfaSCpE719kT5nzxNNnxeXjX0W9VXtnAXnxwDQG/V1IaX\n5pwf/bfSH7KQTaFWi6YG/hAJkjaWDFswhmCOkw4eCYcQnyVKv/o3g7+njY1KyzaK\nR1fifTvm0nZd6aXmu1zo2W4OrQ+jj+vn4M9HzvdL9b8kXhjSRuAQel6NT3fv6ZcG\ntra1PCPL+bgkDuLnvMGfp3qm920mzkKxU2aL5KR72EMCsLdDSYOZcaCyAKvwlm4K\nq9X4tNMIKBGdMcHIGb3rekIEMQs9Wdhhs4YHJSubq3r8/TBCfNg5pY20hBaAoHPo\nWgqFKqSW2Q8lEgNtATtxJ5QXZbdG1BHx6S6cJQIDAQABAoIBAAWFhmcYO/hSHI32\naK+WGFnGKGz83rWwrRkVX7lqeVJxHajbnZ7yZ+E8h5ugA5ZS3YHf3rao54VDdtsx\nuKoc9VMJo2i64owPtlbDR5bPt8j3rsUrTk5PrGz6NAalSQdzlI3+cuGNvwi/MEM8\njEFd+iC+6slyMEBGkVCmpW7RGmiKhZRuFxbQXHmlSPksdbAMbuc46+6giMbidKz5\nJBhD9KUZcEKHUOOJgGO4hlJ7376kff0JV11UF0k6eeRcB8fcylvcNwtsbyQ7ihID\nylPPPJnWkEiTEXZBG+sx+6fTCUvjd+Y8IUtO65LtI70J7spNgBkfQkQkqgRIR2Fy\nhBJW2NkCgYEAw/nfppqg9K9WImAyKVErp9h0k3iGLYD94Y0KYoyG+YvKAoFTBjCB\ngRGDjR1pWSjh88ms3JGC9e064GZ8hZaehwKZzOlMoD3WH8VTIm7TiGcS7wN3NvaC\nCP75BrdFy4081N+RcFa9sxz909peGx/rYkXhUf46Nu4d9QQ5pmRoyI0CgYEA1xWV\nIJRb9SQkdRmTKH0crrx0hGrF1ZSxbPvRTMdGb7dXIH8HHib/OWJDqVFPdiLsA6tB\nrA8lqBb511gO2835Yc3zwtHmcaV+DoS5ZD1wUG6T5idRjPhfwNadMyDA+tLxV3Ra\nH1GFvG89NYjvyORJNY3aYdv8Sx0HOzAZ0Hiyd/kCgYB3MZ7pgdqrd4j313Iq1weq\nSmh82S0it/WyHUpXrgjZ9j+jTmzkstPRYImWZnEQnWDwGZVdgdMZKHRKz4qk5Xr9\nuoM4shy8yV9Wa3mo06csqyRE4uK7NyrXtdxYTVfR+dEp1+BpZxhxvAxVsdbSwJM1\nbjMg33MgvarSvwMhRKjGcQKBgCoend+NbhypgUI1Se4p4g4N9btgtXFH9x7iiXBB\nrfd+rd89QQWUmXKBXcKwm6EE4bcuOGQba0JpjW+wXOiKg4W1sUC7nicvQ2pQb4XD\nylTV8rylgoDautWmsY4rod78pCp+LI/phQkLt67eLCbpHbURHG0BiXykKKBcoRGE\nMV7xAoGASzCXPZw1cv6J22wBZLM/pTTcRwaX8P9PyuPvXV96RPzOSxFtgcwQRps7\nhuMwEcq/C+BDiBwoR9k68fPkv/8raqIpWkg9JTQr60Wm/dQSYQdJzoHy8lEO7+qT\nWtpW/0rr1E7cvtw08alte+lpwcbdT/2p0coIitAj1mq1ykTMuqI=\n-----END RSA PRIVATE KEY-----\n",
            "content_base64": null,
            "content_base64sha256": "iFB7pYUhIJFsJWZLXlYnRkaPy4o/1abFDE79Ehl/GtM=",
            "content_base64sha512": "0wNJTQhuHytzMfFpRHyAn/AdTJpRX00EcCJm4umuvjzUsPranvTBwKL9mN4xPlQtVfDDKZFZzDfdgHWvUc0beA==",
            "content_md5": "0a243005b0e9f3e7968e0065a3f7380b",
            "content_sha1": "f2bf6523f2b8c6d558a4e16d110b5681860a5e28",
            "content_sha256": "88507ba5852120916c25664b5e562746468fcb8a3fd5a6c50c4efd12197f1ad3",
            "content_sha512": "d303494d086e1f2b7331f169447c809ff01d4c9a515f4d04702266e2e9aebe3cd4b0fada9ef4c1c0a2fd98de313e542d55f0c3299159cc37dd8075af51cd1b78",
            "directory_permission": "0777",
            "file_permission": "0400",
            "filename": "grupo4-key-pri-local.pem",
            "id": "f2bf6523f2b8c6d558a4e16d110b5681860a5e28",
            "sensitive_content": null,
            "source": null
          },
          "sensitive_attributes": [
            [
              {
                "type": "get_attr",
                "value": "content"
              }
            ],
            [
              {
                "type": "get_attr",
                "value": "sensitive_content"
              }
            ]
          ],
          "identity_schema_version": 0,
          "dependencies": [
            "tls_private_key.grupo4_key_pri"
          ]
        }
      ]
    },
    {
      "mode": "managed",
      "type": "local_file",
      "name": "grupo4_key_pub_local",
      "provider": "provider[\"registry.terraform.io/hashicorp/local\"]",
      "instances": [
        {
          "schema_version": 0,
          "attributes": {
            "content": "-----BEGIN RSA PRIVATE KEY-----\nMIIEogIBAAKCAQEArE3vbNrJ158dgevalOIZuBZPdb8t5XFf2hJsImS4beKoST/K\n38IJl9B+iajWoqp0XnuyKHPLKgKVwXogKgdXL86jIdhvp6q3ZzBXCV+3/Z6iTBFY\nLntjtOXjDs2yBFtM1Ft7ULQHnEYAMo3Je4QO3Eu44hl96y0UgGMIIyKvJ67wTL7+\npV2CeB3NyckZY+LEHcgKeVHSPyRxAxfRulHhEtGYxEhIXlIwaiyCC29cxQnizTkM\nNAVKrDukerZB+MVOZYvdEz1sF0DX/0rABYOkE1VYlVjS93vKRoWonjOJV34fLOjP\nkCQbq928ePlJSFdxAgI4eWsj9x0pr34BkLHo5wIDAQABAoIBAFUv9PMzGn693rdY\ntclNHd0bPq7e1eCt1G97EzZP6LT/Tidk4DcPdnG19ZG2xWNH9d+utU71rNj4zTSK\nXjOZTHxI4/N8T/ur1iAw0J9EUTGVh/Um0BuvCoUp8T/k56Hqx8nn7shgMbEMFNXp\nrtcf278DuwUiCFTJBW1SSPgiEkoCDg1OzZNmOiza9RQvQn1DykWE4BreY60eNRvr\nosG3m0uJF2/OQTZTbfLJNCwhKjGswiECmsFxg3nvD9qmro2aNCNn/pepqFDQwyhl\nQqfMF1HmLms4lhv+/JIf1TwKcx9j5X5SLoQe28k0soyE/z+a809a4ZyZnE3K4bgy\nZjJMZO0CgYEA4JJxnHPNH5GqdEO4ipLHS4jVBDhjGcpaa9edFL01DVonMR8yXZUI\ny3LHWvBzg56q0k0aQo5+v90VZPFHVw1lvgYYUkyFiGkcBSUj34f9D8Wc/PjNkskt\nLZpVbuLOo0zEk23ph16v5NBWms+Z5Y0sfRXY3763qNDw0PHnpnVJ+EsCgYEAxGrx\nci7xRisEaQEbLuRmJlXWBPS6ifShTB1b0Rj7523PTFYZX6W7TpTevlZWHfe8oc2g\nPcbxsMPvDu/aGWblvA9R1kWRmRWb6ue02eaKxxcoH/8LRhYM95RB5ZzJ5eenFh/H\nCnwpX8GApZWr4zsHqQojzOpppe/hhXiBURRMaFUCgYAs/Qlnh0dbgKn+Gqb4k8j7\nF9FcxBMOUpxkqFAenHzpTNs3GwHS/41AfKD1VeA+SOX9tVaCaNt5gkfL7g4VoWh1\ndfEfY5cIqc3kNfmGyU5n/3WgtBMyybyUOyvMSAGPc0yaIFW9ObnRA++lmdtBwlNc\nR6knwaQ3XIwxv5Rho3OLGwKBgB738ZucNSRoEejwaLXLAyQWMolTgLnRnUDf/CMK\numTx1lZl2NhQzCiGplwCRs+wyMgGILa80Eybh+yl+pA4vg4ZqECNdXhahNvTrpsQ\nk17ykrwAvWlOfrrmYEFwqBCcpqaBWiOYEfnsC3mQEKriGsIXPC/J4eBs4vTlXBZJ\nigaFAoGAL9cDkgaEKFLuYgRHZdpby93d/tzn2Vdw/+4RVLnSf/56msNKcacPyc8m\nog4LAVcYbNaonjW1Y6GBONm+D7rTa3UouOmvTqK4yey/uaSsN1OGAVJ4yiMYWd+Z\nWHRrPrVQ8wRHljL6UI1eiRApUuwgVJUMdoCLWxuDReGKOa05ZhA=\n-----END RSA PRIVATE KEY-----\n",
            "content_base64": null,
            "content_base64sha256": "3H8SfQ6TIRqmrzmVPQOad9ZklAj05nenHayAiTN05RY=",
            "content_base64sha512": "uNma9Er+uUL9btob/ptg8pnvAXmeG+WL0ACBNav9AWf+tty2EFyOXJi7zprFF8aGSWdsWQUrA6BgxMuSN/eN+Q==",
            "content_md5": "3c2bc25ecca6e889a89b25a7d6fbcb4a",
            "content_sha1": "446f9a0d188135edc17ec02fae3c23b8916a2777",
            "content_sha256": "dc7f127d0e93211aa6af39953d039a77d6649408f4e677a71dac80893374e516",
            "content_sha512": "b8d99af44afeb942fd6eda1bfe9b60f299ef01799e1be58bd0008135abfd0167feb6dcb6105c8e5c98bbce9ac517c68649676c59052b03a060c4cb9237f78df9",
            "directory_permission": "0777",
            "file_permission": "0400",
            "filename": "grupo4-key-pub-local.pem",
            "id": "446f9a0d188135edc17ec02fae3c23b8916a2777",
            "sensitive_content": null,
            "source": null
          },
          "sensitive_attributes": [
            [
              {
                "type": "get_attr",
                "value": "content"
              }
            ],
            [
              {
                "type": "get_attr",
                "value": "sensitive_content"
              }
            ]
          ],
          "identity_schema_version": 0,
          "dependencies": [
            "tls_private_key.grupo4_key_pub"
          ]
        }
      ]
    },
    {
      "mode": "managed",
      "type": "tls_private_key",
      "name": "grupo4_key_db",
      "provider": "provider[\"registry.terraform.io/hashicorp/tls\"]",
      "instances": [
        {
          "schema_version": 1,
          "attributes": {
            "algorithm": "RSA",
            "ecdsa_curve": "P224",
            "id": "79e6ea2837cf4ef947fce6d4bc916f9a8349390c",
            "private_key_openssh": "-----BEGIN OPENSSH PRIVATE KEY-----\nb3BlbnNzaC1rZXktdjEAAAAABG5vbmUAAAAEbm9uZQAAAAAAAAABAAABFwAAAAdz\nc2gtcnNhAAAAAwEAAQAAAQEA3Uta24lCvPqXKfetFWSzWYDEn44QLLzbx+hO839W\ngdafaFInleGJ2PQpu/HdXoIB4gtxnv4FZ0yVMvE9Fmy/+zVR0sufmkHvcBqcBIQS\njxBWnvzz65IAQPyvVGpDZzncsgWrrfdWhN03mJ3B9oAK9FTyRDmCQValzw3P6CiB\nsP4BoSSAeRuDUpfYDZqQs7rMZWMXfW4HjHPyX2kLxDR/sk6rS8xNLsrN89eB5wUw\nsRcC+2+xiWj2Maf9puxEarzWQN9GkugHHaaJrPTVgXPUF8PFu0+tbrHOwCpliM4H\nOnsupFcshHaEp93sehUYdic6F4HLjAxQpjEIrFr8lQm72QAAA7gYnxCmGJ8QpgAA\nAAdzc2gtcnNhAAABAQDdS1rbiUK8+pcp960VZLNZgMSfjhAsvNvH6E7zf1aB1p9o\nUieV4YnY9Cm78d1eggHiC3Ge/gVnTJUy8T0WbL/7NVHSy5+aQe9wGpwEhBKPEFae\n/PPrkgBA/K9UakNnOdyyBaut91aE3TeYncH2gAr0VPJEOYJBVqXPDc/oKIGw/gGh\nJIB5G4NSl9gNmpCzusxlYxd9bgeMc/JfaQvENH+yTqtLzE0uys3z14HnBTCxFwL7\nb7GJaPYxp/2m7ERqvNZA30aS6Acdpoms9NWBc9QXw8W7T61usc7AKmWIzgc6ey6k\nVyyEdoSn3ex6FRh2JzoXgcuMDFCmMQisWvyVCbvZAAAAAwEAAQAAAQA1lr55ZHt3\nZR2/KX3OLPUrqv2yf8YV92QnvG+GEuOhjJZMvnxclOH7WmFS5KbNcKFBGrFYpb4s\nPkTxMa8v44T4MfjPGcVcJzRzCtaWV19hKr03Qh1VgiUyl55jzFnnQQFbUPk6pyda\nBHImsKlcZrSAZ6PFdsG+zdtYUUl0OH7zm5O5CwCZSsrgINPa/BMIgUGvS3XX6lrh\nX2Xtu9B0eCv+TJRQW8WktIEcnEghtUXHXrYjgphIdEKMyrf2bCTm+YaB4HRQ/8SA\n/kBbOMFu8ZUi6vzMwKn9gREXlcOkbLHfVzeAd8a7cjBb2JY2V46I8CnpHFcPEACq\nnQ6rKWdMbMlJAAAAgQDBRP3dvPswEhAOBzVMqogH9bgJ8o/oLgb8iacBumlcOWkT\nqGxCf1WB2fbcuLD7KgQAVBG+47mIRkIzq2IyIFT9cntVdO9eesSFmqnQyPTeuJLj\nbiAIiGuwz0ZuKZwXUiDMPvUTKIhT5cPaoDqb1Nlcx8j97NEwYDKPkQDukbx0xQAA\nAIEA/8D7HE4Qk1OWMKRNthCZjv0b1UOsCjZmzjshh6MsZC52HObQGRk9xZd2dYAY\nZJQGYDXmou2xX/ak2qqAHrY/MIHNi2l/VpK3eXKv28OpCJQmzxtvnj27dkb8T5xT\nsbZCuxplTQwcdYh4jstAXsUT0E7YYygjR5AmuhRRUP5Dd60AAACBAN2B4g02LLAe\n0hnw+beFDLwgz0DQ8j9Yxd0LTiq8qlEkOxqicPLFnRHDW7ixVCdxRELz2bq0Utfn\nvfLXlBsCMV/YnuUBUrpSWg9PAOLO/sIeOPdva2xmIsBgOnZRIIncDMnXqEg350b1\nP2jpM/6RuyADre3+QSk9kIhrHO5IlIpdAAAAAAEC\n-----END OPENSSH PRIVATE KEY-----\n",
            "private_key_pem": "-----BEGIN RSA PRIVATE KEY-----\nMIIEpQIBAAKCAQEA3Uta24lCvPqXKfetFWSzWYDEn44QLLzbx+hO839WgdafaFIn\nleGJ2PQpu/HdXoIB4gtxnv4FZ0yVMvE9Fmy/+zVR0sufmkHvcBqcBIQSjxBWnvzz\n65IAQPyvVGpDZzncsgWrrfdWhN03mJ3B9oAK9FTyRDmCQValzw3P6CiBsP4BoSSA\neRuDUpfYDZqQs7rMZWMXfW4HjHPyX2kLxDR/sk6rS8xNLsrN89eB5wUwsRcC+2+x\niWj2Maf9puxEarzWQN9GkugHHaaJrPTVgXPUF8PFu0+tbrHOwCpliM4HOnsupFcs\nhHaEp93sehUYdic6F4HLjAxQpjEIrFr8lQm72QIDAQABAoIBADWWvnlke3dlHb8p\nfc4s9Suq/bJ/xhX3ZCe8b4YS46GMlky+fFyU4ftaYVLkps1woUEasVilviw+RPEx\nry/jhPgx+M8ZxVwnNHMK1pZXX2EqvTdCHVWCJTKXnmPMWedBAVtQ+TqnJ1oEciaw\nqVxmtIBno8V2wb7N21hRSXQ4fvObk7kLAJlKyuAg09r8EwiBQa9LddfqWuFfZe27\n0HR4K/5MlFBbxaS0gRycSCG1RcdetiOCmEh0QozKt/ZsJOb5hoHgdFD/xID+QFs4\nwW7xlSLq/MzAqf2BEReVw6Rssd9XN4B3xrtyMFvYljZXjojwKekcVw8QAKqdDqsp\nZ0xsyUkCgYEA/8D7HE4Qk1OWMKRNthCZjv0b1UOsCjZmzjshh6MsZC52HObQGRk9\nxZd2dYAYZJQGYDXmou2xX/ak2qqAHrY/MIHNi2l/VpK3eXKv28OpCJQmzxtvnj27\ndkb8T5xTsbZCuxplTQwcdYh4jstAXsUT0E7YYygjR5AmuhRRUP5Dd60CgYEA3YHi\nDTYssB7SGfD5t4UMvCDPQNDyP1jF3QtOKryqUSQ7GqJw8sWdEcNbuLFUJ3FEQvPZ\nurRS1+e98teUGwIxX9ie5QFSulJaD08A4s7+wh44929rbGYiwGA6dlEgidwMydeo\nSDfnRvU/aOkz/pG7IAOt7f5BKT2QiGsc7kiUil0CgYEAvXeS0CJJB0vKHRjrdTCR\nAiwifXiXsC0jNi76JQjOLx14ZOrdSWq4p3QQzvVpnMFIg+gKh7M9T1FiSZg8OARd\nharzwg8SxekFQVSkUVN/GxreMVoq83jaMsJd0wCFxEa44vGoEE8jmjLS1T5f3pVz\nm0N97N9kW3TAK+Q3ZaAoDTUCgYEApnkE0PUUJNElCgYHRxuhdIob+RSP23f2TKhA\nePIN9qmKGfxXcr19zGnMN0RegL4plT/7NMxtLoKmSSonzxyYyvXchTO3XvyhXrv7\naHo1EOLx4VRFodQo7ffkOCPElpdgrRl9CbmqAbQzkb8iKoKP5gGd6C2b/0ibpUsL\nFTJLIKkCgYEAwUT93bz7MBIQDgc1TKqIB/W4CfKP6C4G/ImnAbppXDlpE6hsQn9V\ngdn23Liw+yoEAFQRvuO5iEZCM6tiMiBU/XJ7VXTvXnrEhZqp0Mj03riS424gCIhr\nsM9GbimcF1IgzD71EyiIU+XD2qA6m9TZXMfI/ezRMGAyj5EA7pG8dMU=\n-----END RSA PRIVATE KEY-----\n",
            "private_key_pem_pkcs8": "-----BEGIN PRIVATE KEY-----\nMIIEvwIBADANBgkqhkiG9w0BAQEFAASCBKkwggSlAgEAAoIBAQDdS1rbiUK8+pcp\n960VZLNZgMSfjhAsvNvH6E7zf1aB1p9oUieV4YnY9Cm78d1eggHiC3Ge/gVnTJUy\n8T0WbL/7NVHSy5+aQe9wGpwEhBKPEFae/PPrkgBA/K9UakNnOdyyBaut91aE3TeY\nncH2gAr0VPJEOYJBVqXPDc/oKIGw/gGhJIB5G4NSl9gNmpCzusxlYxd9bgeMc/Jf\naQvENH+yTqtLzE0uys3z14HnBTCxFwL7b7GJaPYxp/2m7ERqvNZA30aS6Acdpoms\n9NWBc9QXw8W7T61usc7AKmWIzgc6ey6kVyyEdoSn3ex6FRh2JzoXgcuMDFCmMQis\nWvyVCbvZAgMBAAECggEANZa+eWR7d2Udvyl9ziz1K6r9sn/GFfdkJ7xvhhLjoYyW\nTL58XJTh+1phUuSmzXChQRqxWKW+LD5E8TGvL+OE+DH4zxnFXCc0cwrWlldfYSq9\nN0IdVYIlMpeeY8xZ50EBW1D5OqcnWgRyJrCpXGa0gGejxXbBvs3bWFFJdDh+85uT\nuQsAmUrK4CDT2vwTCIFBr0t11+pa4V9l7bvQdHgr/kyUUFvFpLSBHJxIIbVFx162\nI4KYSHRCjMq39mwk5vmGgeB0UP/EgP5AWzjBbvGVIur8zMCp/YERF5XDpGyx31c3\ngHfGu3IwW9iWNleOiPAp6RxXDxAAqp0OqylnTGzJSQKBgQD/wPscThCTU5YwpE22\nEJmO/RvVQ6wKNmbOOyGHoyxkLnYc5tAZGT3Fl3Z1gBhklAZgNeai7bFf9qTaqoAe\ntj8wgc2LaX9Wkrd5cq/bw6kIlCbPG2+ePbt2RvxPnFOxtkK7GmVNDBx1iHiOy0Be\nxRPQTthjKCNHkCa6FFFQ/kN3rQKBgQDdgeINNiywHtIZ8Pm3hQy8IM9A0PI/WMXd\nC04qvKpRJDsaonDyxZ0Rw1u4sVQncURC89m6tFLX573y15QbAjFf2J7lAVK6UloP\nTwDizv7CHjj3b2tsZiLAYDp2USCJ3AzJ16hIN+dG9T9o6TP+kbsgA63t/kEpPZCI\naxzuSJSKXQKBgQC9d5LQIkkHS8odGOt1MJECLCJ9eJewLSM2LvolCM4vHXhk6t1J\narindBDO9WmcwUiD6AqHsz1PUWJJmDw4BF2FqvPCDxLF6QVBVKRRU38bGt4xWirz\neNoywl3TAIXERrji8agQTyOaMtLVPl/elXObQ33s32RbdMAr5DdloCgNNQKBgQCm\neQTQ9RQk0SUKBgdHG6F0ihv5FI/bd/ZMqEB48g32qYoZ/FdyvX3Macw3RF6AvimV\nP/s0zG0ugqZJKifPHJjK9dyFM7de/KFeu/toejUQ4vHhVEWh1Cjt9+Q4I8SWl2Ct\nGX0JuaoBtDORvyIqgo/mAZ3oLZv/SJulSwsVMksgqQKBgQDBRP3dvPswEhAOBzVM\nqogH9bgJ8o/oLgb8iacBumlcOWkTqGxCf1WB2fbcuLD7KgQAVBG+47mIRkIzq2Iy\nIFT9cntVdO9eesSFmqnQyPTeuJLjbiAIiGuwz0ZuKZwXUiDMPvUTKIhT5cPaoDqb\n1Nlcx8j97NEwYDKPkQDukbx0xQ==\n-----END PRIVATE KEY-----\n",
            "public_key_fingerprint_md5": "10:2d:5e:74:26:c2:ec:7b:bb:a7:4d:68:9d:8c:3a:ac",
            "public_key_fingerprint_sha256": "SHA256:vObI6aOPIJqo9vFr62/Of2awF/3q20kmMhmnk1xKuH0",
            "public_key_openssh": "ssh-rsa AAAAB3NzaC1yc2EAAAADAQABAAABAQDdS1rbiUK8+pcp960VZLNZgMSfjhAsvNvH6E7zf1aB1p9oUieV4YnY9Cm78d1eggHiC3Ge/gVnTJUy8T0WbL/7NVHSy5+aQe9wGpwEhBKPEFae/PPrkgBA/K9UakNnOdyyBaut91aE3TeYncH2gAr0VPJEOYJBVqXPDc/oKIGw/gGhJIB5G4NSl9gNmpCzusxlYxd9bgeMc/JfaQvENH+yTqtLzE0uys3z14HnBTCxFwL7b7GJaPYxp/2m7ERqvNZA30aS6Acdpoms9NWBc9QXw8W7T61usc7AKmWIzgc6ey6kVyyEdoSn3ex6FRh2JzoXgcuMDFCmMQisWvyVCbvZ\n",
            "public_key_pem": "-----BEGIN PUBLIC KEY-----\nMIIBIjANBgkqhkiG9w0BAQEFAAOCAQ8AMIIBCgKCAQEA3Uta24lCvPqXKfetFWSz\nWYDEn44QLLzbx+hO839WgdafaFInleGJ2PQpu/HdXoIB4gtxnv4FZ0yVMvE9Fmy/\n+zVR0sufmkHvcBqcBIQSjxBWnvzz65IAQPyvVGpDZzncsgWrrfdWhN03mJ3B9oAK\n9FTyRDmCQValzw3P6CiBsP4BoSSAeRuDUpfYDZqQs7rMZWMXfW4HjHPyX2kLxDR/\nsk6rS8xNLsrN89eB5wUwsRcC+2+xiWj2Maf9puxEarzWQN9GkugHHaaJrPTVgXPU\nF8PFu0+tbrHOwCpliM4HOnsupFcshHaEp93sehUYdic6F4HLjAxQpjEIrFr8lQm7\n2QIDAQAB\n-----END PUBLIC KEY-----\n",
            "rsa_bits": 2048
          },
          "sensitive_attributes": [
            [
              {
                "type": "get_attr",
                "value": "private_key_openssh"
              }
            ],
            [
              {
                "type": "get_attr",
                "value": "private_key_pem"
              }
            ],
            [
              {
                "type": "get_attr",
                "value": "private_key_pem_pkcs8"
              }
            ]
          ],
          "identity_schema_version": 0
        }
      ]
    },
    {
      "mode": "managed",
      "type": "tls_private_key",
      "name": "grupo4_key_pri",
      "provider": "provider[\"registry.terraform.io/hashicorp/tls\"]",
      "instances": [
        {
          "schema_version": 1,
          "attributes": {
            "algorithm": "RSA",
            "ecdsa_curve": "P224",
            "id": "6054d979fa43df9b1f721a4e048397a884b40fd0",
            "private_key_openssh": "-----BEGIN OPENSSH PRIVATE KEY-----\nb3BlbnNzaC1rZXktdjEAAAAABG5vbmUAAAAEbm9uZQAAAAAAAAABAAABFwAAAAdz\nc2gtcnNhAAAAAwEAAQAAAQEApKdgfaSCpE719kT5nzxNNnxeXjX0W9VXtnAXnxwD\nQG/V1IaX5pwf/bfSH7KQTaFWi6YG/hAJkjaWDFswhmCOkw4eCYcQnyVKv/o3g7+n\njY1KyzaKR1fifTvm0nZd6aXmu1zo2W4OrQ+jj+vn4M9HzvdL9b8kXhjSRuAQel6N\nT3fv6ZcGtra1PCPL+bgkDuLnvMGfp3qm920mzkKxU2aL5KR72EMCsLdDSYOZcaCy\nAKvwlm4Kq9X4tNMIKBGdMcHIGb3rekIEMQs9Wdhhs4YHJSubq3r8/TBCfNg5pY20\nhBaAoHPoWgqFKqSW2Q8lEgNtATtxJ5QXZbdG1BHx6S6cJQAAA7iVQ2hxlUNocQAA\nAAdzc2gtcnNhAAABAQCkp2B9pIKkTvX2RPmfPE02fF5eNfRb1Ve2cBefHANAb9XU\nhpfmnB/9t9IfspBNoVaLpgb+EAmSNpYMWzCGYI6TDh4JhxCfJUq/+jeDv6eNjUrL\nNopHV+J9O+bSdl3ppea7XOjZbg6tD6OP6+fgz0fO90v1vyReGNJG4BB6Xo1Pd+/p\nlwa2trU8I8v5uCQO4ue8wZ+neqb3bSbOQrFTZovkpHvYQwKwt0NJg5lxoLIAq/CW\nbgqr1fi00wgoEZ0xwcgZvet6QgQxCz1Z2GGzhgclK5urevz9MEJ82DmljbSEFoCg\nc+haCoUqpJbZDyUSA20BO3EnlBdlt0bUEfHpLpwlAAAAAwEAAQAAAQAFhYZnGDv4\nUhyN9mivlhhZxihs/N61sK0ZFV+5anlScR2o252e8mfhPIeboAOWUt2B3962qOeF\nQ3bbMbiqHPVTCaNouuKMD7ZWw0eWz7fI967FK05OT6xs+jQGpUkHc5SN/nLhjb8I\nvzBDPIxBXfogvurJcjBARpFQpqVu0RpoioWUbhcW0Fx5pUj5LHWwDG7nOOvuoIjG\n4nSs+SQYQ/SlGXBCh1DjiYBjuIZSe9++pH39CVddVBdJOnnkXAfH3Mpb3DcLbG8k\nO4oSA8pTzzyZ1pBIkxF2QRvrMfun0wlL43fmPCFLTuuS7SO9Ce7KTYAZH0JEJKoE\nSEdhcoQSVtjZAAAAgEswlz2cNXL+idtsAWSzP6U03EcGl/D/T8rj711fekT8zksR\nbYHMEEabO4bjMBHKvwvgQ4gcKEfZOvHz5L//K2qiKVpIPSU0K+tFpv3UEmEHSc6B\n8vJRDu/qk1raVv9K69RO3L7cNPGpbXvpacHG3U/9qdHKCIrQI9ZqtcpEzLqiAAAA\ngQDD+d+mmqD0r1YiYDIpUSun2HSTeIYtgP3hjQpijIb5i8oCgVMGMIGBEYONHWlZ\nKOHzyazckYL17TrgZnyFlp6HApnM6UygPdYfxVMibtOIZxLvA3c29oII/vkGt0XL\njTzU35FwVr2zHP3T2l4bH+tiReFR/jo27h31BDmmZGjIjQAAAIEA1xWVIJRb9SQk\ndRmTKH0crrx0hGrF1ZSxbPvRTMdGb7dXIH8HHib/OWJDqVFPdiLsA6tBrA8lqBb5\n11gO2835Yc3zwtHmcaV+DoS5ZD1wUG6T5idRjPhfwNadMyDA+tLxV3RaH1GFvG89\nNYjvyORJNY3aYdv8Sx0HOzAZ0Hiyd/kAAAAAAQID\n-----END OPENSSH PRIVATE KEY-----\n",
            "private_key_pem": "-----BEGIN RSA PRIVATE KEY-----\nMIIEogIBAAKCAQEApKdgfaSCpE719kT5nzxNNnxeXjX0W9VXtnAXnxwDQG/V1IaX\n5pwf/bfSH7KQTaFWi6YG/hAJkjaWDFswhmCOkw4eCYcQnyVKv/o3g7+njY1KyzaK\nR1fifTvm0nZd6aXmu1zo2W4OrQ+jj+vn4M9HzvdL9b8kXhjSRuAQel6NT3fv6ZcG\ntra1PCPL+bgkDuLnvMGfp3qm920mzkKxU2aL5KR72EMCsLdDSYOZcaCyAKvwlm4K\nq9X4tNMIKBGdMcHIGb3rekIEMQs9Wdhhs4YHJSubq3r8/TBCfNg5pY20hBaAoHPo\nWgqFKqSW2Q8lEgNtATtxJ5QXZbdG1BHx6S6cJQIDAQABAoIBAAWFhmcYO/hSHI32\naK+WGFnGKGz83rWwrRkVX7lqeVJxHajbnZ7yZ+E8h5ugA5ZS3YHf3rao54VDdtsx\nuKoc9VMJo2i64owPtlbDR5bPt8j3rsUrTk5PrGz6NAalSQdzlI3+cuGNvwi/MEM8\njEFd+iC+6slyMEBGkVCmpW7RGmiKhZRuFxbQXHmlSPksdbAMbuc46+6giMbidKz5\nJBhD9KUZcEKHUOOJgGO4hlJ7376kff0JV11UF0k6eeRcB8fcylvcNwtsbyQ7ihID\nylPPPJnWkEiTEXZBG+sx+6fTCUvjd+Y8IUtO65LtI70J7spNgBkfQkQkqgRIR2Fy\nhBJW2NkCgYEAw/nfppqg9K9WImAyKVErp9h0k3iGLYD94Y0KYoyG+YvKAoFTBjCB\ngRGDjR1pWSjh88ms3JGC9e064GZ8hZaehwKZzOlMoD3WH8VTIm7TiGcS7wN3NvaC\nCP75BrdFy4081N+RcFa9sxz909peGx/rYkXhUf46Nu4d9QQ5pmRoyI0CgYEA1xWV\nIJRb9SQkdRmTKH0crrx0hGrF1ZSxbPvRTMdGb7dXIH8HHib/OWJDqVFPdiLsA6tB\nrA8lqBb511gO2835Yc3zwtHmcaV+DoS5ZD1wUG6T5idRjPhfwNadMyDA+tLxV3Ra\nH1GFvG89NYjvyORJNY3aYdv8Sx0HOzAZ0Hiyd/kCgYB3MZ7pgdqrd4j313Iq1weq\nSmh82S0it/WyHUpXrgjZ9j+jTmzkstPRYImWZnEQnWDwGZVdgdMZKHRKz4qk5Xr9\nuoM4shy8yV9Wa3mo06csqyRE4uK7NyrXtdxYTVfR+dEp1+BpZxhxvAxVsdbSwJM1\nbjMg33MgvarSvwMhRKjGcQKBgCoend+NbhypgUI1Se4p4g4N9btgtXFH9x7iiXBB\nrfd+rd89QQWUmXKBXcKwm6EE4bcuOGQba0JpjW+wXOiKg4W1sUC7nicvQ2pQb4XD\nylTV8rylgoDautWmsY4rod78pCp+LI/phQkLt67eLCbpHbURHG0BiXykKKBcoRGE\nMV7xAoGASzCXPZw1cv6J22wBZLM/pTTcRwaX8P9PyuPvXV96RPzOSxFtgcwQRps7\nhuMwEcq/C+BDiBwoR9k68fPkv/8raqIpWkg9JTQr60Wm/dQSYQdJzoHy8lEO7+qT\nWtpW/0rr1E7cvtw08alte+lpwcbdT/2p0coIitAj1mq1ykTMuqI=\n-----END RSA PRIVATE KEY-----\n",
            "private_key_pem_pkcs8": "-----BEGIN PRIVATE KEY-----\nMIIEvAIBADANBgkqhkiG9w0BAQEFAASCBKYwggSiAgEAAoIBAQCkp2B9pIKkTvX2\nRPmfPE02fF5eNfRb1Ve2cBefHANAb9XUhpfmnB/9t9IfspBNoVaLpgb+EAmSNpYM\nWzCGYI6TDh4JhxCfJUq/+jeDv6eNjUrLNopHV+J9O+bSdl3ppea7XOjZbg6tD6OP\n6+fgz0fO90v1vyReGNJG4BB6Xo1Pd+/plwa2trU8I8v5uCQO4ue8wZ+neqb3bSbO\nQrFTZovkpHvYQwKwt0NJg5lxoLIAq/CWbgqr1fi00wgoEZ0xwcgZvet6QgQxCz1Z\n2GGzhgclK5urevz9MEJ82DmljbSEFoCgc+haCoUqpJbZDyUSA20BO3EnlBdlt0bU\nEfHpLpwlAgMBAAECggEABYWGZxg7+FIcjfZor5YYWcYobPzetbCtGRVfuWp5UnEd\nqNudnvJn4TyHm6ADllLdgd/etqjnhUN22zG4qhz1UwmjaLrijA+2VsNHls+3yPeu\nxStOTk+sbPo0BqVJB3OUjf5y4Y2/CL8wQzyMQV36IL7qyXIwQEaRUKalbtEaaIqF\nlG4XFtBceaVI+Sx1sAxu5zjr7qCIxuJ0rPkkGEP0pRlwQodQ44mAY7iGUnvfvqR9\n/QlXXVQXSTp55FwHx9zKW9w3C2xvJDuKEgPKU888mdaQSJMRdkEb6zH7p9MJS+N3\n5jwhS07rku0jvQnuyk2AGR9CRCSqBEhHYXKEElbY2QKBgQDD+d+mmqD0r1YiYDIp\nUSun2HSTeIYtgP3hjQpijIb5i8oCgVMGMIGBEYONHWlZKOHzyazckYL17TrgZnyF\nlp6HApnM6UygPdYfxVMibtOIZxLvA3c29oII/vkGt0XLjTzU35FwVr2zHP3T2l4b\nH+tiReFR/jo27h31BDmmZGjIjQKBgQDXFZUglFv1JCR1GZMofRyuvHSEasXVlLFs\n+9FMx0Zvt1cgfwceJv85YkOpUU92IuwDq0GsDyWoFvnXWA7bzflhzfPC0eZxpX4O\nhLlkPXBQbpPmJ1GM+F/A1p0zIMD60vFXdFofUYW8bz01iO/I5Ek1jdph2/xLHQc7\nMBnQeLJ3+QKBgHcxnumB2qt3iPfXcirXB6pKaHzZLSK39bIdSleuCNn2P6NObOSy\n09FgiZZmcRCdYPAZlV2B0xkodErPiqTlev26gziyHLzJX1ZreajTpyyrJETi4rs3\nKte13FhNV9H50SnX4GlnGHG8DFWx1tLAkzVuMyDfcyC9qtK/AyFEqMZxAoGAKh6d\n341uHKmBQjVJ7iniDg31u2C1cUf3HuKJcEGt936t3z1BBZSZcoFdwrCboQThty44\nZBtrQmmNb7Bc6IqDhbWxQLueJy9DalBvhcPKVNXyvKWCgNq61aaxjiuh3vykKn4s\nj+mFCQu3rt4sJukdtREcbQGJfKQooFyhEYQxXvECgYBLMJc9nDVy/onbbAFksz+l\nNNxHBpfw/0/K4+9dX3pE/M5LEW2BzBBGmzuG4zARyr8L4EOIHChH2Trx8+S//ytq\noilaSD0lNCvrRab91BJhB0nOgfLyUQ7v6pNa2lb/SuvUTty+3DTxqW176WnBxt1P\n/anRygiK0CPWarXKRMy6og==\n-----END PRIVATE KEY-----\n",
            "public_key_fingerprint_md5": "27:ff:f5:96:10:d9:76:95:98:2f:1a:d7:9a:96:4d:15",
            "public_key_fingerprint_sha256": "SHA256:nXMAx9pPNT+ziRgnT+YMbBH24t86ThdMEy2g2H2VMjU",
            "public_key_openssh": "ssh-rsa AAAAB3NzaC1yc2EAAAADAQABAAABAQCkp2B9pIKkTvX2RPmfPE02fF5eNfRb1Ve2cBefHANAb9XUhpfmnB/9t9IfspBNoVaLpgb+EAmSNpYMWzCGYI6TDh4JhxCfJUq/+jeDv6eNjUrLNopHV+J9O+bSdl3ppea7XOjZbg6tD6OP6+fgz0fO90v1vyReGNJG4BB6Xo1Pd+/plwa2trU8I8v5uCQO4ue8wZ+neqb3bSbOQrFTZovkpHvYQwKwt0NJg5lxoLIAq/CWbgqr1fi00wgoEZ0xwcgZvet6QgQxCz1Z2GGzhgclK5urevz9MEJ82DmljbSEFoCgc+haCoUqpJbZDyUSA20BO3EnlBdlt0bUEfHpLpwl\n",
            "public_key_pem": "-----BEGIN PUBLIC KEY-----\nMIIBIjANBgkqhkiG9w0BAQEFAAOCAQ8AMIIBCgKCAQEApKdgfaSCpE719kT5nzxN\nNnxeXjX0W9VXtnAXnxwDQG/V1IaX5pwf/bfSH7KQTaFWi6YG/hAJkjaWDFswhmCO\nkw4eCYcQnyVKv/o3g7+njY1KyzaKR1fifTvm0nZd6aXmu1zo2W4OrQ+jj+vn4M9H\nzvdL9b8kXhjSRuAQel6NT3fv6ZcGtra1PCPL+bgkDuLnvMGfp3qm920mzkKxU2aL\n5KR72EMCsLdDSYOZcaCyAKvwlm4Kq9X4tNMIKBGdMcHIGb3rekIEMQs9Wdhhs4YH\nJSubq3r8/TBCfNg5pY20hBaAoHPoWgqFKqSW2Q8lEgNtATtxJ5QXZbdG1BHx6S6c\nJQIDAQAB\n-----END PUBLIC KEY-----\n",
            "rsa_bits": 2048
          },
          "sensitive_attributes": [
            [
              {
                "type": "get_attr",
                "value": "private_key_openssh"
              }
            ],
            [
              {
                "type": "get_attr",
                "value": "private_key_pem"
              }
            ],
            [
              {
                "type": "get_attr",
                "value": "private_key_pem_pkcs8"
              }
            ]
          ],
          "identity_schema_version": 0
        }
      ]
    },
    {
      "mode": "managed",
      "type": "tls_private_key",
      "name": "grupo4_key_pub",
      "provider": "provider[\"registry.terraform.io/hashicorp/tls\"]",
      "instances": [
        {
          "schema_version": 1,
          "attributes": {
            "algorithm": "RSA",
            "ecdsa_curve": "P224",
            "id": "307192dca64a1de87329a87faaa8b9f107c7e0a6",
            "private_key_openssh": "-----BEGIN OPENSSH PRIVATE KEY-----\nb3BlbnNzaC1rZXktdjEAAAAABG5vbmUAAAAEbm9uZQAAAAAAAAABAAABFwAAAAdz\nc2gtcnNhAAAAAwEAAQAAAQEArE3vbNrJ158dgevalOIZuBZPdb8t5XFf2hJsImS4\nbeKoST/K38IJl9B+iajWoqp0XnuyKHPLKgKVwXogKgdXL86jIdhvp6q3ZzBXCV+3\n/Z6iTBFYLntjtOXjDs2yBFtM1Ft7ULQHnEYAMo3Je4QO3Eu44hl96y0UgGMIIyKv\nJ67wTL7+pV2CeB3NyckZY+LEHcgKeVHSPyRxAxfRulHhEtGYxEhIXlIwaiyCC29c\nxQnizTkMNAVKrDukerZB+MVOZYvdEz1sF0DX/0rABYOkE1VYlVjS93vKRoWonjOJ\nV34fLOjPkCQbq928ePlJSFdxAgI4eWsj9x0pr34BkLHo5wAAA7i73MJdu9zCXQAA\nAAdzc2gtcnNhAAABAQCsTe9s2snXnx2B69qU4hm4Fk91vy3lcV/aEmwiZLht4qhJ\nP8rfwgmX0H6JqNaiqnRee7Ioc8sqApXBeiAqB1cvzqMh2G+nqrdnMFcJX7f9nqJM\nEVgue2O05eMOzbIEW0zUW3tQtAecRgAyjcl7hA7cS7jiGX3rLRSAYwgjIq8nrvBM\nvv6lXYJ4Hc3JyRlj4sQdyAp5UdI/JHEDF9G6UeES0ZjESEheUjBqLIILb1zFCeLN\nOQw0BUqsO6R6tkH4xU5li90TPWwXQNf/SsAFg6QTVViVWNL3e8pGhaieM4lXfh8s\n6M+QJBur3bx4+UlIV3ECAjh5ayP3HSmvfgGQsejnAAAAAwEAAQAAAQBVL/TzMxp+\nvd63WLXJTR3dGz6u3tXgrdRvexM2T+i0/04nZOA3D3ZxtfWRtsVjR/XfrrVO9azY\n+M00il4zmUx8SOPzfE/7q9YgMNCfRFExlYf1JtAbrwqFKfE/5Oeh6sfJ5+7IYDGx\nDBTV6a7XH9u/A7sFIghUyQVtUkj4IhJKAg4NTs2TZjos2vUUL0J9Q8pFhOAa3mOt\nHjUb66LBt5tLiRdvzkE2U23yyTQsISoxrMIhAprBcYN57w/apq6NmjQjZ/6XqahQ\n0MMoZUKnzBdR5i5rOJYb/vySH9U8CnMfY+V+Ui6EHtvJNLKMhP8/mvNPWuGcmZxN\nyuG4MmYyTGTtAAAAgC/XA5IGhChS7mIER2XaW8vd3f7c59lXcP/uEVS50n/+eprD\nSnGnD8nPJqIOCwFXGGzWqJ41tWOhgTjZvg+602t1KLjpr06iuMnsv7mkrDdThgFS\neMojGFnfmVh0az61UPMER5Yy+lCNXokQKVLsIFSVDHaAi1sbg0XhijmtOWYQAAAA\ngQDgknGcc80fkap0Q7iKksdLiNUEOGMZylpr150UvTUNWicxHzJdlQjLcsda8HOD\nnqrSTRpCjn6/3RVk8UdXDWW+BhhSTIWIaRwFJSPfh/0PxZz8+M2SyS0tmlVu4s6j\nTMSTbemHXq/k0Faaz5nljSx9Fdjfvreo0PDQ8eemdUn4SwAAAIEAxGrxci7xRisE\naQEbLuRmJlXWBPS6ifShTB1b0Rj7523PTFYZX6W7TpTevlZWHfe8oc2gPcbxsMPv\nDu/aGWblvA9R1kWRmRWb6ue02eaKxxcoH/8LRhYM95RB5ZzJ5eenFh/HCnwpX8GA\npZWr4zsHqQojzOpppe/hhXiBURRMaFUAAAAAAQID\n-----END OPENSSH PRIVATE KEY-----\n",
            "private_key_pem": "-----BEGIN RSA PRIVATE KEY-----\nMIIEogIBAAKCAQEArE3vbNrJ158dgevalOIZuBZPdb8t5XFf2hJsImS4beKoST/K\n38IJl9B+iajWoqp0XnuyKHPLKgKVwXogKgdXL86jIdhvp6q3ZzBXCV+3/Z6iTBFY\nLntjtOXjDs2yBFtM1Ft7ULQHnEYAMo3Je4QO3Eu44hl96y0UgGMIIyKvJ67wTL7+\npV2CeB3NyckZY+LEHcgKeVHSPyRxAxfRulHhEtGYxEhIXlIwaiyCC29cxQnizTkM\nNAVKrDukerZB+MVOZYvdEz1sF0DX/0rABYOkE1VYlVjS93vKRoWonjOJV34fLOjP\nkCQbq928ePlJSFdxAgI4eWsj9x0pr34BkLHo5wIDAQABAoIBAFUv9PMzGn693rdY\ntclNHd0bPq7e1eCt1G97EzZP6LT/Tidk4DcPdnG19ZG2xWNH9d+utU71rNj4zTSK\nXjOZTHxI4/N8T/ur1iAw0J9EUTGVh/Um0BuvCoUp8T/k56Hqx8nn7shgMbEMFNXp\nrtcf278DuwUiCFTJBW1SSPgiEkoCDg1OzZNmOiza9RQvQn1DykWE4BreY60eNRvr\nosG3m0uJF2/OQTZTbfLJNCwhKjGswiECmsFxg3nvD9qmro2aNCNn/pepqFDQwyhl\nQqfMF1HmLms4lhv+/JIf1TwKcx9j5X5SLoQe28k0soyE/z+a809a4ZyZnE3K4bgy\nZjJMZO0CgYEA4JJxnHPNH5GqdEO4ipLHS4jVBDhjGcpaa9edFL01DVonMR8yXZUI\ny3LHWvBzg56q0k0aQo5+v90VZPFHVw1lvgYYUkyFiGkcBSUj34f9D8Wc/PjNkskt\nLZpVbuLOo0zEk23ph16v5NBWms+Z5Y0sfRXY3763qNDw0PHnpnVJ+EsCgYEAxGrx\nci7xRisEaQEbLuRmJlXWBPS6ifShTB1b0Rj7523PTFYZX6W7TpTevlZWHfe8oc2g\nPcbxsMPvDu/aGWblvA9R1kWRmRWb6ue02eaKxxcoH/8LRhYM95RB5ZzJ5eenFh/H\nCnwpX8GApZWr4zsHqQojzOpppe/hhXiBURRMaFUCgYAs/Qlnh0dbgKn+Gqb4k8j7\nF9FcxBMOUpxkqFAenHzpTNs3GwHS/41AfKD1VeA+SOX9tVaCaNt5gkfL7g4VoWh1\ndfEfY5cIqc3kNfmGyU5n/3WgtBMyybyUOyvMSAGPc0yaIFW9ObnRA++lmdtBwlNc\nR6knwaQ3XIwxv5Rho3OLGwKBgB738ZucNSRoEejwaLXLAyQWMolTgLnRnUDf/CMK\numTx1lZl2NhQzCiGplwCRs+wyMgGILa80Eybh+yl+pA4vg4ZqECNdXhahNvTrpsQ\nk17ykrwAvWlOfrrmYEFwqBCcpqaBWiOYEfnsC3mQEKriGsIXPC/J4eBs4vTlXBZJ\nigaFAoGAL9cDkgaEKFLuYgRHZdpby93d/tzn2Vdw/+4RVLnSf/56msNKcacPyc8m\nog4LAVcYbNaonjW1Y6GBONm+D7rTa3UouOmvTqK4yey/uaSsN1OGAVJ4yiMYWd+Z\nWHRrPrVQ8wRHljL6UI1eiRApUuwgVJUMdoCLWxuDReGKOa05ZhA=\n-----END RSA PRIVATE KEY-----\n",
            "private_key_pem_pkcs8": "-----BEGIN PRIVATE KEY-----\nMIIEvAIBADANBgkqhkiG9w0BAQEFAASCBKYwggSiAgEAAoIBAQCsTe9s2snXnx2B\n69qU4hm4Fk91vy3lcV/aEmwiZLht4qhJP8rfwgmX0H6JqNaiqnRee7Ioc8sqApXB\neiAqB1cvzqMh2G+nqrdnMFcJX7f9nqJMEVgue2O05eMOzbIEW0zUW3tQtAecRgAy\njcl7hA7cS7jiGX3rLRSAYwgjIq8nrvBMvv6lXYJ4Hc3JyRlj4sQdyAp5UdI/JHED\nF9G6UeES0ZjESEheUjBqLIILb1zFCeLNOQw0BUqsO6R6tkH4xU5li90TPWwXQNf/\nSsAFg6QTVViVWNL3e8pGhaieM4lXfh8s6M+QJBur3bx4+UlIV3ECAjh5ayP3HSmv\nfgGQsejnAgMBAAECggEAVS/08zMafr3et1i1yU0d3Rs+rt7V4K3Ub3sTNk/otP9O\nJ2TgNw92cbX1kbbFY0f13661TvWs2PjNNIpeM5lMfEjj83xP+6vWIDDQn0RRMZWH\n9SbQG68KhSnxP+TnoerHyefuyGAxsQwU1emu1x/bvwO7BSIIVMkFbVJI+CISSgIO\nDU7Nk2Y6LNr1FC9CfUPKRYTgGt5jrR41G+uiwbebS4kXb85BNlNt8sk0LCEqMazC\nIQKawXGDee8P2qaujZo0I2f+l6moUNDDKGVCp8wXUeYuaziWG/78kh/VPApzH2Pl\nflIuhB7byTSyjIT/P5rzT1rhnJmcTcrhuDJmMkxk7QKBgQDgknGcc80fkap0Q7iK\nksdLiNUEOGMZylpr150UvTUNWicxHzJdlQjLcsda8HODnqrSTRpCjn6/3RVk8UdX\nDWW+BhhSTIWIaRwFJSPfh/0PxZz8+M2SyS0tmlVu4s6jTMSTbemHXq/k0Faaz5nl\njSx9Fdjfvreo0PDQ8eemdUn4SwKBgQDEavFyLvFGKwRpARsu5GYmVdYE9LqJ9KFM\nHVvRGPvnbc9MVhlfpbtOlN6+VlYd97yhzaA9xvGww+8O79oZZuW8D1HWRZGZFZvq\n57TZ5orHFygf/wtGFgz3lEHlnMnl56cWH8cKfClfwYCllavjOwepCiPM6mml7+GF\neIFRFExoVQKBgCz9CWeHR1uAqf4apviTyPsX0VzEEw5SnGSoUB6cfOlM2zcbAdL/\njUB8oPVV4D5I5f21VoJo23mCR8vuDhWhaHV18R9jlwipzeQ1+YbJTmf/daC0EzLJ\nvJQ7K8xIAY9zTJogVb05udED76WZ20HCU1xHqSfBpDdcjDG/lGGjc4sbAoGAHvfx\nm5w1JGgR6PBotcsDJBYyiVOAudGdQN/8Iwq6ZPHWVmXY2FDMKIamXAJGz7DIyAYg\ntrzQTJuH7KX6kDi+DhmoQI11eFqE29OumxCTXvKSvAC9aU5+uuZgQXCoEJympoFa\nI5gR+ewLeZAQquIawhc8L8nh4Gzi9OVcFkmKBoUCgYAv1wOSBoQoUu5iBEdl2lvL\n3d3+3OfZV3D/7hFUudJ//nqaw0pxpw/JzyaiDgsBVxhs1qieNbVjoYE42b4PutNr\ndSi46a9OorjJ7L+5pKw3U4YBUnjKIxhZ35lYdGs+tVDzBEeWMvpQjV6JEClS7CBU\nlQx2gItbG4NF4Yo5rTlmEA==\n-----END PRIVATE KEY-----\n",
            "public_key_fingerprint_md5": "71:e5:a1:5f:72:c9:c1:95:50:be:b4:85:37:6b:7c:9e",
            "public_key_fingerprint_sha256": "SHA256:ZoiZbaUNScKZJUhG68Ck+NDmv3vFGeUkOCZ1ONEvx3g",
            "public_key_openssh": "ssh-rsa AAAAB3NzaC1yc2EAAAADAQABAAABAQCsTe9s2snXnx2B69qU4hm4Fk91vy3lcV/aEmwiZLht4qhJP8rfwgmX0H6JqNaiqnRee7Ioc8sqApXBeiAqB1cvzqMh2G+nqrdnMFcJX7f9nqJMEVgue2O05eMOzbIEW0zUW3tQtAecRgAyjcl7hA7cS7jiGX3rLRSAYwgjIq8nrvBMvv6lXYJ4Hc3JyRlj4sQdyAp5UdI/JHEDF9G6UeES0ZjESEheUjBqLIILb1zFCeLNOQw0BUqsO6R6tkH4xU5li90TPWwXQNf/SsAFg6QTVViVWNL3e8pGhaieM4lXfh8s6M+QJBur3bx4+UlIV3ECAjh5ayP3HSmvfgGQsejn\n",
            "public_key_pem": "-----BEGIN PUBLIC KEY-----\nMIIBIjANBgkqhkiG9w0BAQEFAAOCAQ8AMIIBCgKCAQEArE3vbNrJ158dgevalOIZ\nuBZPdb8t5XFf2hJsImS4beKoST/K38IJl9B+iajWoqp0XnuyKHPLKgKVwXogKgdX\nL86jIdhvp6q3ZzBXCV+3/Z6iTBFYLntjtOXjDs2yBFtM1Ft7ULQHnEYAMo3Je4QO\n3Eu44hl96y0UgGMIIyKvJ67wTL7+pV2CeB3NyckZY+LEHcgKeVHSPyRxAxfRulHh\nEtGYxEhIXlIwaiyCC29cxQnizTkMNAVKrDukerZB+MVOZYvdEz1sF0DX/0rABYOk\nE1VYlVjS93vKRoWonjOJV34fLOjPkCQbq928ePlJSFdxAgI4eWsj9x0pr34BkLHo\n5wIDAQAB\n-----END PUBLIC KEY-----\n",
            "rsa_bits": 2048
          },
          "sensitive_attributes": [
            [
              {
                "type": "get_attr",
                "value": "private_key_openssh"
              }
            ],
            [
              {
                "type": "get_attr",
                "value": "private_key_pem"
              }
            ],
            [
              {
                "type": "get_attr",
                "value": "private_key_pem_pkcs8"
              }
            ]
          ],
          "identity_schema_version": 0
        }
      ]
    }
  ],
  "check_results": null
}
