{
  "version": 4,
  "terraform_version": "1.13.0",
  "serial": 143,
  "lineage": "4e202b12-4240-b399-2586-f03b3e81b255",
  "outputs": {},
  "resources": [
    {
      "mode": "managed",
      "type": "aws_instance",
      "name": "grupo4_ec2_az1a_db",
      "provider": "provider[\"registry.terraform.io/hashicorp/aws\"]",
      "instances": [
        {
          "schema_version": 1,
          "attributes": {
            "ami": "ami-0360c520857e3138f",
            "arn": "arn:aws:ec2:us-east-1:376339220136:instance/i-0742b3f2648ad1f97",
            "associate_public_ip_address": false,
            "availability_zone": "us-east-1a",
            "capacity_reservation_specification": [
              {
                "capacity_reservation_preference": "open",
                "capacity_reservation_target": []
              }
            ],
            "cpu_core_count": 1,
            "cpu_options": [
              {
                "amd_sev_snp": "",
                "core_count": 1,
                "threads_per_core": 1
              }
            ],
            "cpu_threads_per_core": 1,
            "credit_specification": [
              {
                "cpu_credits": "standard"
              }
            ],
            "disable_api_stop": false,
            "disable_api_termination": false,
            "ebs_block_device": [
              {
                "delete_on_termination": true,
                "device_name": "/dev/sda1",
                "encrypted": false,
                "iops": 3000,
                "kms_key_id": "",
                "snapshot_id": "",
                "tags": {},
                "tags_all": {},
                "throughput": 125,
                "volume_id": "vol-02f5ddce90bfbd52e",
                "volume_size": 24,
                "volume_type": "gp3"
              }
            ],
            "ebs_optimized": false,
            "enable_primary_ipv6": null,
            "enclave_options": [
              {
                "enabled": false
              }
            ],
            "ephemeral_block_device": [],
            "get_password_data": false,
            "hibernation": false,
            "host_id": "",
            "host_resource_group_arn": null,
            "iam_instance_profile": "",
            "id": "i-0742b3f2648ad1f97",
            "instance_initiated_shutdown_behavior": "stop",
            "instance_lifecycle": "",
            "instance_market_options": [],
            "instance_state": "running",
            "instance_type": "t2.micro",
            "ipv6_address_count": 0,
            "ipv6_addresses": [],
            "key_name": "grupo4-key-db",
            "launch_template": [],
            "maintenance_options": [
              {
                "auto_recovery": "default"
              }
            ],
            "metadata_options": [
              {
                "http_endpoint": "enabled",
                "http_protocol_ipv6": "disabled",
                "http_put_response_hop_limit": 2,
                "http_tokens": "required",
                "instance_metadata_tags": "disabled"
              }
            ],
            "monitoring": false,
            "network_interface": [],
            "outpost_arn": "",
            "password_data": "",
            "placement_group": "",
            "placement_partition_number": 0,
            "primary_network_interface_id": "eni-0f794a2d9bd4b9865",
            "private_dns": "ip-10-1-0-37.ec2.internal",
            "private_dns_name_options": [
              {
                "enable_resource_name_dns_a_record": false,
                "enable_resource_name_dns_aaaa_record": false,
                "hostname_type": "ip-name"
              }
            ],
            "private_ip": "10.1.0.37",
            "public_dns": "",
            "public_ip": "",
            "root_block_device": [
              {
                "delete_on_termination": true,
                "device_name": "/dev/sda1",
                "encrypted": false,
                "iops": 3000,
                "kms_key_id": "",
                "tags": {},
                "tags_all": {},
                "throughput": 125,
                "volume_id": "vol-02f5ddce90bfbd52e",
                "volume_size": 24,
                "volume_type": "gp3"
              }
            ],
            "secondary_private_ips": [],
            "security_groups": [],
            "source_dest_check": true,
            "spot_instance_request_id": "",
            "subnet_id": "subnet-0ae1cb6fd8c6d98b4",
            "tags": {
              "Name": "grupo4-ec2-az1a-db"
            },
            "tags_all": {
              "Name": "grupo4-ec2-az1a-db"
            },
            "tenancy": "default",
            "timeouts": null,
            "user_data": null,
            "user_data_base64": null,
            "user_data_replace_on_change": false,
            "volume_tags": null,
            "vpc_security_group_ids": [
              "sg-03723b006673f2d8a",
              "sg-0397f14125bf61ed9"
            ]
          },
          "sensitive_attributes": [],
          "identity_schema_version": 0,
          "private": "eyJlMmJmYjczMC1lY2FhLTExZTYtOGY4OC0zNDM2M2JjN2M0YzAiOnsiY3JlYXRlIjo2MDAwMDAwMDAwMDAsImRlbGV0ZSI6MTIwMDAwMDAwMDAwMCwicmVhZCI6OTAwMDAwMDAwMDAwLCJ1cGRhdGUiOjYwMDAwMDAwMDAwMH0sInNjaGVtYV92ZXJzaW9uIjoiMSJ9",
          "dependencies": [
            "aws_key_pair.grupo4_key_db",
            "aws_security_group.grupo4_sg_mysql",
            "aws_security_group.grupo4_sg_remote",
            "aws_subnet.grupo4_subnet_az1a_pri",
            "aws_vpc.grupo4_vpc",
            "tls_private_key.grupo4_key_db"
          ]
        }
      ]
    },
    {
      "mode": "managed",
      "type": "aws_instance",
      "name": "grupo4_ec2_az1a_pri_0",
      "provider": "provider[\"registry.terraform.io/hashicorp/aws\"]",
      "instances": [
        {
          "schema_version": 1,
          "attributes": {
            "ami": "ami-0360c520857e3138f",
            "arn": "arn:aws:ec2:us-east-1:376339220136:instance/i-02ac3be6f6df892e2",
            "associate_public_ip_address": false,
            "availability_zone": "us-east-1a",
            "capacity_reservation_specification": [
              {
                "capacity_reservation_preference": "open",
                "capacity_reservation_target": []
              }
            ],
            "cpu_core_count": 1,
            "cpu_options": [
              {
                "amd_sev_snp": "",
                "core_count": 1,
                "threads_per_core": 1
              }
            ],
            "cpu_threads_per_core": 1,
            "credit_specification": [
              {
                "cpu_credits": "standard"
              }
            ],
            "disable_api_stop": false,
            "disable_api_termination": false,
            "ebs_block_device": [
              {
                "delete_on_termination": true,
                "device_name": "/dev/sda1",
                "encrypted": false,
                "iops": 3000,
                "kms_key_id": "",
                "snapshot_id": "",
                "tags": {},
                "tags_all": {},
                "throughput": 125,
                "volume_id": "vol-046e528f4b524d993",
                "volume_size": 8,
                "volume_type": "gp3"
              }
            ],
            "ebs_optimized": false,
            "enable_primary_ipv6": null,
            "enclave_options": [
              {
                "enabled": false
              }
            ],
            "ephemeral_block_device": [],
            "get_password_data": false,
            "hibernation": false,
            "host_id": "",
            "host_resource_group_arn": null,
            "iam_instance_profile": "",
            "id": "i-02ac3be6f6df892e2",
            "instance_initiated_shutdown_behavior": "stop",
            "instance_lifecycle": "",
            "instance_market_options": [],
            "instance_state": "running",
            "instance_type": "t2.micro",
            "ipv6_address_count": 0,
            "ipv6_addresses": [],
            "key_name": "grupo4-key-pri",
            "launch_template": [],
            "maintenance_options": [
              {
                "auto_recovery": "default"
              }
            ],
            "metadata_options": [
              {
                "http_endpoint": "enabled",
                "http_protocol_ipv6": "disabled",
                "http_put_response_hop_limit": 2,
                "http_tokens": "required",
                "instance_metadata_tags": "disabled"
              }
            ],
            "monitoring": false,
            "network_interface": [],
            "outpost_arn": "",
            "password_data": "",
            "placement_group": "",
            "placement_partition_number": 0,
            "primary_network_interface_id": "eni-01109ecb28846b4ae",
            "private_dns": "ip-10-1-0-45.ec2.internal",
            "private_dns_name_options": [
              {
                "enable_resource_name_dns_a_record": false,
                "enable_resource_name_dns_aaaa_record": false,
                "hostname_type": "ip-name"
              }
            ],
            "private_ip": "10.1.0.45",
            "public_dns": "",
            "public_ip": "",
            "root_block_device": [
              {
                "delete_on_termination": true,
                "device_name": "/dev/sda1",
                "encrypted": false,
                "iops": 3000,
                "kms_key_id": "",
                "tags": {},
                "tags_all": {},
                "throughput": 125,
                "volume_id": "vol-046e528f4b524d993",
                "volume_size": 8,
                "volume_type": "gp3"
              }
            ],
            "secondary_private_ips": [],
            "security_groups": [],
            "source_dest_check": true,
            "spot_instance_request_id": "",
            "subnet_id": "subnet-0ae1cb6fd8c6d98b4",
            "tags": {
              "Name": "grupo4-ec2-az1a-pri-0"
            },
            "tags_all": {
              "Name": "grupo4-ec2-az1a-pri-0"
            },
            "tenancy": "default",
            "timeouts": null,
            "user_data": null,
            "user_data_base64": null,
            "user_data_replace_on_change": false,
            "volume_tags": null,
            "vpc_security_group_ids": [
              "sg-0397f14125bf61ed9",
              "sg-0e3e2a1a3fb4aeb73"
            ]
          },
          "sensitive_attributes": [],
          "identity_schema_version": 0,
          "private": "eyJlMmJmYjczMC1lY2FhLTExZTYtOGY4OC0zNDM2M2JjN2M0YzAiOnsiY3JlYXRlIjo2MDAwMDAwMDAwMDAsImRlbGV0ZSI6MTIwMDAwMDAwMDAwMCwicmVhZCI6OTAwMDAwMDAwMDAwLCJ1cGRhdGUiOjYwMDAwMDAwMDAwMH0sInNjaGVtYV92ZXJzaW9uIjoiMSJ9",
          "dependencies": [
            "aws_key_pair.grupo4_key_pri",
            "aws_security_group.grupo4_sg_remote",
            "aws_security_group.grupo4_sg_web",
            "aws_subnet.grupo4_subnet_az1a_pri",
            "aws_vpc.grupo4_vpc",
            "tls_private_key.grupo4_key_pri"
          ]
        }
      ]
    },
    {
      "mode": "managed",
      "type": "aws_instance",
      "name": "grupo4_ec2_az1a_pub_0",
      "provider": "provider[\"registry.terraform.io/hashicorp/aws\"]",
      "instances": [
        {
          "schema_version": 1,
          "attributes": {
            "ami": "ami-0360c520857e3138f",
            "arn": "arn:aws:ec2:us-east-1:376339220136:instance/i-05fc0ba6fbe466f9a",
            "associate_public_ip_address": true,
            "availability_zone": "us-east-1a",
            "capacity_reservation_specification": [
              {
                "capacity_reservation_preference": "open",
                "capacity_reservation_target": []
              }
            ],
            "cpu_core_count": 1,
            "cpu_options": [
              {
                "amd_sev_snp": "",
                "core_count": 1,
                "threads_per_core": 1
              }
            ],
            "cpu_threads_per_core": 1,
            "credit_specification": [
              {
                "cpu_credits": "standard"
              }
            ],
            "disable_api_stop": false,
            "disable_api_termination": false,
            "ebs_block_device": [
              {
                "delete_on_termination": true,
                "device_name": "/dev/sda1",
                "encrypted": false,
                "iops": 3000,
                "kms_key_id": "",
                "snapshot_id": "",
                "tags": {},
                "tags_all": {},
                "throughput": 125,
                "volume_id": "vol-072ef149e07d2233d",
                "volume_size": 8,
                "volume_type": "gp3"
              }
            ],
            "ebs_optimized": false,
            "enable_primary_ipv6": null,
            "enclave_options": [
              {
                "enabled": false
              }
            ],
            "ephemeral_block_device": [],
            "get_password_data": false,
            "hibernation": false,
            "host_id": "",
            "host_resource_group_arn": null,
            "iam_instance_profile": "",
            "id": "i-05fc0ba6fbe466f9a",
            "instance_initiated_shutdown_behavior": "stop",
            "instance_lifecycle": "",
            "instance_market_options": [],
            "instance_state": "running",
            "instance_type": "t2.micro",
            "ipv6_address_count": 0,
            "ipv6_addresses": [],
            "key_name": "grupo4-key-pub",
            "launch_template": [],
            "maintenance_options": [
              {
                "auto_recovery": "default"
              }
            ],
            "metadata_options": [
              {
                "http_endpoint": "enabled",
                "http_protocol_ipv6": "disabled",
                "http_put_response_hop_limit": 2,
                "http_tokens": "required",
                "instance_metadata_tags": "disabled"
              }
            ],
            "monitoring": false,
            "network_interface": [],
            "outpost_arn": "",
            "password_data": "",
            "placement_group": "",
            "placement_partition_number": 0,
            "primary_network_interface_id": "eni-041eadf8155e8f899",
            "private_dns": "ip-10-1-0-10.ec2.internal",
            "private_dns_name_options": [
              {
                "enable_resource_name_dns_a_record": false,
                "enable_resource_name_dns_aaaa_record": false,
                "hostname_type": "ip-name"
              }
            ],
            "private_ip": "10.1.0.10",
            "public_dns": "ec2-3-84-7-119.compute-1.amazonaws.com",
            "public_ip": "3.84.7.119",
            "root_block_device": [
              {
                "delete_on_termination": true,
                "device_name": "/dev/sda1",
                "encrypted": false,
                "iops": 3000,
                "kms_key_id": "",
                "tags": {},
                "tags_all": {},
                "throughput": 125,
                "volume_id": "vol-072ef149e07d2233d",
                "volume_size": 8,
                "volume_type": "gp3"
              }
            ],
            "secondary_private_ips": [],
            "security_groups": [],
            "source_dest_check": true,
            "spot_instance_request_id": "",
            "subnet_id": "subnet-0846b69b1d175ae65",
            "tags": {
              "Name": "grupo4-ec2-az1a-pub-0"
            },
            "tags_all": {
              "Name": "grupo4-ec2-az1a-pub-0"
            },
            "tenancy": "default",
            "timeouts": null,
            "user_data": null,
            "user_data_base64": null,
            "user_data_replace_on_change": false,
            "volume_tags": null,
            "vpc_security_group_ids": [
              "sg-034a2c42cfff5b830",
              "sg-0397f14125bf61ed9",
              "sg-0e3e2a1a3fb4aeb73"
            ]
          },
          "sensitive_attributes": [],
          "identity_schema_version": 0,
          "private": "eyJlMmJmYjczMC1lY2FhLTExZTYtOGY4OC0zNDM2M2JjN2M0YzAiOnsiY3JlYXRlIjo2MDAwMDAwMDAwMDAsImRlbGV0ZSI6MTIwMDAwMDAwMDAwMCwicmVhZCI6OTAwMDAwMDAwMDAwLCJ1cGRhdGUiOjYwMDAwMDAwMDAwMH0sInNjaGVtYV92ZXJzaW9uIjoiMSJ9",
          "dependencies": [
            "aws_key_pair.grupo4_key_pub",
            "aws_security_group.grupo4_sg_efs",
            "aws_security_group.grupo4_sg_remote",
            "aws_security_group.grupo4_sg_web",
            "aws_subnet.grupo4_subnet_az1a_pub",
            "aws_vpc.grupo4_vpc",
            "tls_private_key.grupo4_key_pub"
          ]
        }
      ]
    },
    {
      "mode": "managed",
      "type": "aws_instance",
      "name": "grupo4_ec2_az1b_pub_0",
      "provider": "provider[\"registry.terraform.io/hashicorp/aws\"]",
      "instances": [
        {
          "schema_version": 1,
          "attributes": {
            "ami": "ami-0360c520857e3138f",
            "arn": "arn:aws:ec2:us-east-1:376339220136:instance/i-0f51921a52d9725b9",
            "associate_public_ip_address": true,
            "availability_zone": "us-east-1b",
            "capacity_reservation_specification": [
              {
                "capacity_reservation_preference": "open",
                "capacity_reservation_target": []
              }
            ],
            "cpu_core_count": 1,
            "cpu_options": [
              {
                "amd_sev_snp": "",
                "core_count": 1,
                "threads_per_core": 1
              }
            ],
            "cpu_threads_per_core": 1,
            "credit_specification": [
              {
                "cpu_credits": "standard"
              }
            ],
            "disable_api_stop": false,
            "disable_api_termination": false,
            "ebs_block_device": [
              {
                "delete_on_termination": true,
                "device_name": "/dev/sda1",
                "encrypted": false,
                "iops": 3000,
                "kms_key_id": "",
                "snapshot_id": "",
                "tags": {},
                "tags_all": {},
                "throughput": 125,
                "volume_id": "vol-02f88883a99a7186f",
                "volume_size": 8,
                "volume_type": "gp3"
              }
            ],
            "ebs_optimized": false,
            "enable_primary_ipv6": null,
            "enclave_options": [
              {
                "enabled": false
              }
            ],
            "ephemeral_block_device": [],
            "get_password_data": false,
            "hibernation": false,
            "host_id": "",
            "host_resource_group_arn": null,
            "iam_instance_profile": "",
            "id": "i-0f51921a52d9725b9",
            "instance_initiated_shutdown_behavior": "stop",
            "instance_lifecycle": "",
            "instance_market_options": [],
            "instance_state": "running",
            "instance_type": "t2.micro",
            "ipv6_address_count": 0,
            "ipv6_addresses": [],
            "key_name": "grupo4-key-pub",
            "launch_template": [],
            "maintenance_options": [
              {
                "auto_recovery": "default"
              }
            ],
            "metadata_options": [
              {
                "http_endpoint": "enabled",
                "http_protocol_ipv6": "disabled",
                "http_put_response_hop_limit": 2,
                "http_tokens": "required",
                "instance_metadata_tags": "disabled"
              }
            ],
            "monitoring": false,
            "network_interface": [],
            "outpost_arn": "",
            "password_data": "",
            "placement_group": "",
            "placement_partition_number": 0,
            "primary_network_interface_id": "eni-0e7833e4a95bc2b08",
            "private_dns": "ip-10-1-0-30.ec2.internal",
            "private_dns_name_options": [
              {
                "enable_resource_name_dns_a_record": false,
                "enable_resource_name_dns_aaaa_record": false,
                "hostname_type": "ip-name"
              }
            ],
            "private_ip": "10.1.0.30",
            "public_dns": "ec2-54-91-200-213.compute-1.amazonaws.com",
            "public_ip": "54.91.200.213",
            "root_block_device": [
              {
                "delete_on_termination": true,
                "device_name": "/dev/sda1",
                "encrypted": false,
                "iops": 3000,
                "kms_key_id": "",
                "tags": {},
                "tags_all": {},
                "throughput": 125,
                "volume_id": "vol-02f88883a99a7186f",
                "volume_size": 8,
                "volume_type": "gp3"
              }
            ],
            "secondary_private_ips": [],
            "security_groups": [],
            "source_dest_check": true,
            "spot_instance_request_id": "",
            "subnet_id": "subnet-0afa529d816959abe",
            "tags": {
              "Name": "grupo4-ec2-az1b-pub-0"
            },
            "tags_all": {
              "Name": "grupo4-ec2-az1b-pub-0"
            },
            "tenancy": "default",
            "timeouts": null,
            "user_data": null,
            "user_data_base64": null,
            "user_data_replace_on_change": false,
            "volume_tags": null,
            "vpc_security_group_ids": [
              "sg-034a2c42cfff5b830",
              "sg-0397f14125bf61ed9",
              "sg-0e3e2a1a3fb4aeb73"
            ]
          },
          "sensitive_attributes": [],
          "identity_schema_version": 0,
          "private": "eyJlMmJmYjczMC1lY2FhLTExZTYtOGY4OC0zNDM2M2JjN2M0YzAiOnsiY3JlYXRlIjo2MDAwMDAwMDAwMDAsImRlbGV0ZSI6MTIwMDAwMDAwMDAwMCwicmVhZCI6OTAwMDAwMDAwMDAwLCJ1cGRhdGUiOjYwMDAwMDAwMDAwMH0sInNjaGVtYV92ZXJzaW9uIjoiMSJ9",
          "dependencies": [
            "aws_security_group.grupo4_sg_efs",
            "aws_security_group.grupo4_sg_remote",
            "aws_security_group.grupo4_sg_web",
            "aws_subnet.grupo4_subnet_az1b_pub",
            "aws_vpc.grupo4_vpc"
          ]
        }
      ]
    },
    {
      "mode": "managed",
      "type": "aws_internet_gateway",
      "name": "grupo4_igw",
      "provider": "provider[\"registry.terraform.io/hashicorp/aws\"]",
      "instances": [
        {
          "schema_version": 0,
          "attributes": {
            "arn": "arn:aws:ec2:us-east-1:376339220136:internet-gateway/igw-06b126c79a3cc1853",
            "id": "igw-06b126c79a3cc1853",
            "owner_id": "376339220136",
            "tags": {
              "Name": "grupo4-igw"
            },
            "tags_all": {
              "Name": "grupo4-igw"
            },
            "timeouts": null,
            "vpc_id": "vpc-08d94031d8d28ee18"
          },
          "sensitive_attributes": [],
          "identity_schema_version": 0,
          "private": "eyJlMmJmYjczMC1lY2FhLTExZTYtOGY4OC0zNDM2M2JjN2M0YzAiOnsiY3JlYXRlIjoxMjAwMDAwMDAwMDAwLCJkZWxldGUiOjEyMDAwMDAwMDAwMDAsInVwZGF0ZSI6MTIwMDAwMDAwMDAwMH19",
          "dependencies": [
            "aws_vpc.grupo4_vpc"
          ]
        }
      ]
    },
    {
      "mode": "managed",
      "type": "aws_key_pair",
      "name": "grupo4_key_db",
      "provider": "provider[\"registry.terraform.io/hashicorp/aws\"]",
      "instances": [
        {
          "schema_version": 1,
          "attributes": {
            "arn": "arn:aws:ec2:us-east-1:376339220136:key-pair/grupo4-key-db",
            "fingerprint": "48:85:91:be:b6:ba:38:56:9c:b7:af:31:15:b0:a0:7c",
            "id": "grupo4-key-db",
            "key_name": "grupo4-key-db",
            "key_name_prefix": "",
            "key_pair_id": "key-0fa2c79afb0fc1d4e",
            "key_type": "rsa",
            "public_key": "ssh-rsa AAAAB3NzaC1yc2EAAAADAQABAAABAQCZt1MmI2y6rXq+MHDE+SFsPakFtjIkZC5NCxQPxavDwjqV5WYHz2UVGe3H+dFUy0p9Xq5jeIeT9ePTbS4gko6uMN3/0toRD8g0+LwLE55IChgPD7R6Vgk0QCIRDcWCeGoPWpTHeUCcA14DEgs2SbO19MAmD3aCv2qFEsZhZ0L3MVTYwvpD9JlwZrYTfVqn2zKCNLU0l0xiLKS+wLhO1gUBhexpI89VGiVAaxx/Hgf4Q5nccZFbYpxr9QyhQA4W3Vvob37qZlkB93hgLNnNV+cbGSYWm7OuY9Ko6O4BOu0+G+4+36uW33Bbpmu9iv15py4S+jKyXvjYSK88ZvFoCYmH",
            "tags": null,
            "tags_all": {}
          },
          "sensitive_attributes": [],
          "identity_schema_version": 0,
          "private": "eyJzY2hlbWFfdmVyc2lvbiI6IjEifQ==",
          "dependencies": [
            "tls_private_key.grupo4_key_db"
          ]
        }
      ]
    },
    {
      "mode": "managed",
      "type": "aws_key_pair",
      "name": "grupo4_key_pri",
      "provider": "provider[\"registry.terraform.io/hashicorp/aws\"]",
      "instances": [
        {
          "schema_version": 1,
          "attributes": {
            "arn": "arn:aws:ec2:us-east-1:376339220136:key-pair/grupo4-key-pri",
            "fingerprint": "78:30:f5:8b:35:4e:e0:5d:2d:cc:59:f0:de:f3:17:76",
            "id": "grupo4-key-pri",
            "key_name": "grupo4-key-pri",
            "key_name_prefix": "",
            "key_pair_id": "key-05e2e701517795f88",
            "key_type": "rsa",
            "public_key": "ssh-rsa AAAAB3NzaC1yc2EAAAADAQABAAABAQDRPuNlHHxgdW1l+vkf9jdgw2zkXznGTFhJpMZ1Mp99lUhbo9Mt5YSYJ9AU2lKLn18aEYAbK4WDEN+0QnSgDhOqHhN2L3mHZKHTDfHjnfY3v8OZAHuOX6j473mMWgGc/JQW6Oofxn7yi0rMvKgFdgmEU3SBJ4QWJ5vGTTc2i8/7DkGsIfrh0iyofG2rjnYOfOsiXBURS/mhEZa5QQLsN2AOcEUblceJtGZUDcAORLRlEjvtTP96N+KzXkMWZvOqbq61wV8GkxvHxy4v7qmFjNQicMgSNyTCdh1WHjyn5c8ev3++DWFxjpM8BJeWc3czj1RSsX1ZrYWVDIDTRz4zGheP",
            "tags": null,
            "tags_all": {}
          },
          "sensitive_attributes": [],
          "identity_schema_version": 0,
          "private": "eyJzY2hlbWFfdmVyc2lvbiI6IjEifQ==",
          "dependencies": [
            "tls_private_key.grupo4_key_pri"
          ]
        }
      ]
    },
    {
      "mode": "managed",
      "type": "aws_key_pair",
      "name": "grupo4_key_pub",
      "provider": "provider[\"registry.terraform.io/hashicorp/aws\"]",
      "instances": [
        {
          "schema_version": 1,
          "attributes": {
            "arn": "arn:aws:ec2:us-east-1:376339220136:key-pair/grupo4-key-pub",
            "fingerprint": "1f:b2:87:6a:28:43:be:28:8f:f7:b9:79:a1:d6:66:75",
            "id": "grupo4-key-pub",
            "key_name": "grupo4-key-pub",
            "key_name_prefix": "",
            "key_pair_id": "key-0318ebdc240d2ad1b",
            "key_type": "rsa",
            "public_key": "ssh-rsa AAAAB3NzaC1yc2EAAAADAQABAAABAQC9K+wVvPihxSy/V6TVt2eYjVrPiW30G07ROudlcZyW21hq6SGAW+0mltdI39DQ2/G6a70RhHXzmduLqiP5+HBfaml4xtK3vaghIni3+G46ZwG4meTaFDcsGe/0huDVk8S55uBsIhHjAeHqFXgq9pJPOvPx90snUMq9a1t6EpsiWcFGWfV/dfdE0/RvKJ3sqnN/YpdBjoDJTpqSDRFAC2rbUN6TCqZcewDIzoxkb3MX4BXIR02BTQUiY3/isV6shWsB9Js7RD9EgmQfDU93tgAjNkmAfEndFHgsmt0Gfnj/TZmR1y4DmOkGwiYZsAWWnaU8LW/ip+oM8/8joUGhVsVD",
            "tags": null,
            "tags_all": {}
          },
          "sensitive_attributes": [],
          "identity_schema_version": 0,
          "private": "eyJzY2hlbWFfdmVyc2lvbiI6IjEifQ==",
          "dependencies": [
            "tls_private_key.grupo4_key_pub"
          ]
        }
      ]
    },
    {
      "mode": "managed",
      "type": "aws_network_acl",
      "name": "grupo4_acl_pri",
      "provider": "provider[\"registry.terraform.io/hashicorp/aws\"]",
      "instances": [
        {
          "schema_version": 0,
          "attributes": {
            "arn": "arn:aws:ec2:us-east-1:376339220136:network-acl/acl-056c0cf78b4ca89a3",
            "egress": [
              {
                "action": "allow",
                "cidr_block": "10.1.0.0/27",
                "from_port": 0,
                "icmp_code": null,
                "icmp_type": null,
                "ipv6_cidr_block": "",
                "protocol": "-1",
                "rule_no": 998,
                "to_port": 0
              },
              {
                "action": "deny",
                "cidr_block": "0.0.0.0/0",
                "from_port": 0,
                "icmp_code": null,
                "icmp_type": null,
                "ipv6_cidr_block": "",
                "protocol": "-1",
                "rule_no": 999,
                "to_port": 0
              }
            ],
            "id": "acl-056c0cf78b4ca89a3",
            "ingress": [
              {
                "action": "allow",
                "cidr_block": "10.1.0.0/27",
                "from_port": 22,
                "icmp_code": null,
                "icmp_type": null,
                "ipv6_cidr_block": "",
                "protocol": "tcp",
                "rule_no": 200,
                "to_port": 22
              },
              {
                "action": "allow",
                "cidr_block": "10.1.0.0/27",
                "from_port": 3333,
                "icmp_code": null,
                "icmp_type": null,
                "ipv6_cidr_block": "",
                "protocol": "tcp",
                "rule_no": 120,
                "to_port": 3333
              },
              {
                "action": "allow",
                "cidr_block": "10.1.0.0/27",
                "from_port": 443,
                "icmp_code": null,
                "icmp_type": null,
                "ipv6_cidr_block": "",
                "protocol": "tcp",
                "rule_no": 100,
                "to_port": 443
              },
              {
                "action": "allow",
                "cidr_block": "10.1.0.0/27",
                "from_port": 80,
                "icmp_code": null,
                "icmp_type": null,
                "ipv6_cidr_block": "",
                "protocol": "tcp",
                "rule_no": 110,
                "to_port": 80
              },
              {
                "action": "deny",
                "cidr_block": "0.0.0.0/0",
                "from_port": 0,
                "icmp_code": null,
                "icmp_type": null,
                "ipv6_cidr_block": "",
                "protocol": "-1",
                "rule_no": 999,
                "to_port": 0
              }
            ],
            "owner_id": "376339220136",
            "subnet_ids": [
              "subnet-0ae1cb6fd8c6d98b4"
            ],
            "tags": {
              "Name": "grupo4-acl-pri"
            },
            "tags_all": {
              "Name": "grupo4-acl-pri"
            },
            "vpc_id": "vpc-08d94031d8d28ee18"
          },
          "sensitive_attributes": [],
          "identity_schema_version": 0,
          "private": "bnVsbA==",
          "dependencies": [
            "aws_subnet.grupo4_subnet_az1a_pri",
            "aws_vpc.grupo4_vpc"
          ]
        }
      ]
    },
    {
      "mode": "managed",
      "type": "aws_network_acl",
      "name": "grupo4_acl_pub",
      "provider": "provider[\"registry.terraform.io/hashicorp/aws\"]",
      "instances": [
        {
          "schema_version": 0,
          "attributes": {
            "arn": "arn:aws:ec2:us-east-1:376339220136:network-acl/acl-04ab2a528b76c0aa5",
            "egress": [
              {
                "action": "allow",
                "cidr_block": "0.0.0.0/0",
                "from_port": 0,
                "icmp_code": null,
                "icmp_type": null,
                "ipv6_cidr_block": "",
                "protocol": "-1",
                "rule_no": 999,
                "to_port": 0
              }
            ],
            "id": "acl-04ab2a528b76c0aa5",
            "ingress": [
              {
                "action": "allow",
                "cidr_block": "0.0.0.0/0",
                "from_port": 22,
                "icmp_code": null,
                "icmp_type": null,
                "ipv6_cidr_block": "",
                "protocol": "tcp",
                "rule_no": 200,
                "to_port": 22
              },
              {
                "action": "allow",
                "cidr_block": "0.0.0.0/0",
                "from_port": 3333,
                "icmp_code": null,
                "icmp_type": null,
                "ipv6_cidr_block": "",
                "protocol": "tcp",
                "rule_no": 120,
                "to_port": 3333
              },
              {
                "action": "allow",
                "cidr_block": "0.0.0.0/0",
                "from_port": 443,
                "icmp_code": null,
                "icmp_type": null,
                "ipv6_cidr_block": "",
                "protocol": "tcp",
                "rule_no": 100,
                "to_port": 443
              },
              {
                "action": "allow",
                "cidr_block": "0.0.0.0/0",
                "from_port": 80,
                "icmp_code": null,
                "icmp_type": null,
                "ipv6_cidr_block": "",
                "protocol": "tcp",
                "rule_no": 110,
                "to_port": 80
              },
              {
                "action": "allow",
                "cidr_block": "10.1.0.0/27",
                "from_port": 2049,
                "icmp_code": null,
                "icmp_type": null,
                "ipv6_cidr_block": "",
                "protocol": "tcp",
                "rule_no": 300,
                "to_port": 2049
              },
              {
                "action": "allow",
                "cidr_block": "10.1.0.32/28",
                "from_port": 0,
                "icmp_code": null,
                "icmp_type": null,
                "ipv6_cidr_block": "",
                "protocol": "-1",
                "rule_no": 998,
                "to_port": 0
              },
              {
                "action": "deny",
                "cidr_block": "0.0.0.0/0",
                "from_port": 0,
                "icmp_code": null,
                "icmp_type": null,
                "ipv6_cidr_block": "",
                "protocol": "-1",
                "rule_no": 999,
                "to_port": 0
              }
            ],
            "owner_id": "376339220136",
            "subnet_ids": [
              "subnet-0846b69b1d175ae65",
              "subnet-0afa529d816959abe"
            ],
            "tags": {
              "Name": "grupo4-acl-pub"
            },
            "tags_all": {
              "Name": "grupo4-acl-pub"
            },
            "vpc_id": "vpc-08d94031d8d28ee18"
          },
          "sensitive_attributes": [],
          "identity_schema_version": 0,
          "private": "bnVsbA==",
          "dependencies": [
            "aws_subnet.grupo4_subnet_az1a_pub",
            "aws_subnet.grupo4_subnet_az1b_pub",
            "aws_vpc.grupo4_vpc"
          ]
        }
      ]
    },
    {
      "mode": "managed",
      "type": "aws_route_table",
      "name": "grupo4_rtb",
      "provider": "provider[\"registry.terraform.io/hashicorp/aws\"]",
      "instances": [
        {
          "schema_version": 0,
          "attributes": {
            "arn": "arn:aws:ec2:us-east-1:376339220136:route-table/rtb-0f3209cb37d07f69a",
            "id": "rtb-0f3209cb37d07f69a",
            "owner_id": "376339220136",
            "propagating_vgws": [],
            "route": [
              {
                "carrier_gateway_id": "",
                "cidr_block": "0.0.0.0/0",
                "core_network_arn": "",
                "destination_prefix_list_id": "",
                "egress_only_gateway_id": "",
                "gateway_id": "igw-06b126c79a3cc1853",
                "ipv6_cidr_block": "",
                "local_gateway_id": "",
                "nat_gateway_id": "",
                "network_interface_id": "",
                "transit_gateway_id": "",
                "vpc_endpoint_id": "",
                "vpc_peering_connection_id": ""
              }
            ],
            "tags": {
              "Name": "grupo4-rtb"
            },
            "tags_all": {
              "Name": "grupo4-rtb"
            },
            "timeouts": null,
            "vpc_id": "vpc-08d94031d8d28ee18"
          },
          "sensitive_attributes": [],
          "identity_schema_version": 0,
          "private": "eyJlMmJmYjczMC1lY2FhLTExZTYtOGY4OC0zNDM2M2JjN2M0YzAiOnsiY3JlYXRlIjozMDAwMDAwMDAwMDAsImRlbGV0ZSI6MzAwMDAwMDAwMDAwLCJ1cGRhdGUiOjEyMDAwMDAwMDAwMH19",
          "dependencies": [
            "aws_internet_gateway.grupo4_igw",
            "aws_vpc.grupo4_vpc"
          ]
        }
      ]
    },
    {
      "mode": "managed",
      "type": "aws_security_group",
      "name": "grupo4_sg_efs",
      "provider": "provider[\"registry.terraform.io/hashicorp/aws\"]",
      "instances": [
        {
          "schema_version": 1,
          "attributes": {
            "arn": "arn:aws:ec2:us-east-1:376339220136:security-group/sg-034a2c42cfff5b830",
            "description": "NFS:2049",
            "egress": [],
            "id": "sg-034a2c42cfff5b830",
            "ingress": [
              {
                "cidr_blocks": [
                  "10.1.0.0/27"
                ],
                "description": "NFS:2049",
                "from_port": 3306,
                "ipv6_cidr_blocks": [],
                "prefix_list_ids": [],
                "protocol": "tcp",
                "security_groups": [],
                "self": false,
                "to_port": 3306
              }
            ],
            "name": "grupo4_sg_efs",
            "name_prefix": "",
            "owner_id": "376339220136",
            "revoke_rules_on_delete": false,
            "tags": {
              "Name": "grupo4-sg-efs"
            },
            "tags_all": {
              "Name": "grupo4-sg-efs"
            },
            "timeouts": null,
            "vpc_id": "vpc-08d94031d8d28ee18"
          },
          "sensitive_attributes": [],
          "identity_schema_version": 0,
          "private": "eyJlMmJmYjczMC1lY2FhLTExZTYtOGY4OC0zNDM2M2JjN2M0YzAiOnsiY3JlYXRlIjo2MDAwMDAwMDAwMDAsImRlbGV0ZSI6OTAwMDAwMDAwMDAwfSwic2NoZW1hX3ZlcnNpb24iOiIxIn0=",
          "dependencies": [
            "aws_vpc.grupo4_vpc"
          ]
        }
      ]
    },
    {
      "mode": "managed",
      "type": "aws_security_group",
      "name": "grupo4_sg_mysql",
      "provider": "provider[\"registry.terraform.io/hashicorp/aws\"]",
      "instances": [
        {
          "schema_version": 1,
          "attributes": {
            "arn": "arn:aws:ec2:us-east-1:376339220136:security-group/sg-03723b006673f2d8a",
            "description": "MySQL:3306",
            "egress": [
              {
                "cidr_blocks": [
                  "10.1.0.32/28"
                ],
                "description": "ALL:-1",
                "from_port": 0,
                "ipv6_cidr_blocks": [],
                "prefix_list_ids": [],
                "protocol": "-1",
                "security_groups": [],
                "self": false,
                "to_port": 0
              }
            ],
            "id": "sg-03723b006673f2d8a",
            "ingress": [
              {
                "cidr_blocks": [
                  "10.1.0.32/28"
                ],
                "description": "MySQL:3306",
                "from_port": 3306,
                "ipv6_cidr_blocks": [],
                "prefix_list_ids": [],
                "protocol": "tcp",
                "security_groups": [],
                "self": false,
                "to_port": 3306
              }
            ],
            "name": "grupo4_sg_mysql",
            "name_prefix": "",
            "owner_id": "376339220136",
            "revoke_rules_on_delete": false,
            "tags": {
              "Name": "grupo4-sg-mysql"
            },
            "tags_all": {
              "Name": "grupo4-sg-mysql"
            },
            "timeouts": null,
            "vpc_id": "vpc-08d94031d8d28ee18"
          },
          "sensitive_attributes": [],
          "identity_schema_version": 0,
          "private": "eyJlMmJmYjczMC1lY2FhLTExZTYtOGY4OC0zNDM2M2JjN2M0YzAiOnsiY3JlYXRlIjo2MDAwMDAwMDAwMDAsImRlbGV0ZSI6OTAwMDAwMDAwMDAwfSwic2NoZW1hX3ZlcnNpb24iOiIxIn0=",
          "dependencies": [
            "aws_vpc.grupo4_vpc"
          ]
        }
      ]
    },
    {
      "mode": "managed",
      "type": "aws_security_group",
      "name": "grupo4_sg_remote",
      "provider": "provider[\"registry.terraform.io/hashicorp/aws\"]",
      "instances": [
        {
          "schema_version": 1,
          "attributes": {
            "arn": "arn:aws:ec2:us-east-1:376339220136:security-group/sg-0397f14125bf61ed9",
            "description": "SSH:22;RDP:3389",
            "egress": [
              {
                "cidr_blocks": [
                  "0.0.0.0/0"
                ],
                "description": "ALL:-1",
                "from_port": 0,
                "ipv6_cidr_blocks": [],
                "prefix_list_ids": [],
                "protocol": "-1",
                "security_groups": [],
                "self": false,
                "to_port": 0
              }
            ],
            "id": "sg-0397f14125bf61ed9",
            "ingress": [
              {
                "cidr_blocks": [
                  "0.0.0.0/0"
                ],
                "description": "RDP:3389",
                "from_port": 3389,
                "ipv6_cidr_blocks": [],
                "prefix_list_ids": [],
                "protocol": "tcp",
                "security_groups": [],
                "self": false,
                "to_port": 3389
              },
              {
                "cidr_blocks": [
                  "0.0.0.0/0"
                ],
                "description": "SSH:22",
                "from_port": 22,
                "ipv6_cidr_blocks": [],
                "prefix_list_ids": [],
                "protocol": "tcp",
                "security_groups": [],
                "self": false,
                "to_port": 22
              }
            ],
            "name": "grupo4_sg_remote",
            "name_prefix": "",
            "owner_id": "376339220136",
            "revoke_rules_on_delete": false,
            "tags": {
              "Name": "grupo4-sg-remote"
            },
            "tags_all": {
              "Name": "grupo4-sg-remote"
            },
            "timeouts": null,
            "vpc_id": "vpc-08d94031d8d28ee18"
          },
          "sensitive_attributes": [],
          "identity_schema_version": 0,
          "private": "eyJlMmJmYjczMC1lY2FhLTExZTYtOGY4OC0zNDM2M2JjN2M0YzAiOnsiY3JlYXRlIjo2MDAwMDAwMDAwMDAsImRlbGV0ZSI6OTAwMDAwMDAwMDAwfSwic2NoZW1hX3ZlcnNpb24iOiIxIn0=",
          "dependencies": [
            "aws_vpc.grupo4_vpc"
          ]
        }
      ]
    },
    {
      "mode": "managed",
      "type": "aws_security_group",
      "name": "grupo4_sg_web",
      "provider": "provider[\"registry.terraform.io/hashicorp/aws\"]",
      "instances": [
        {
          "schema_version": 1,
          "attributes": {
            "arn": "arn:aws:ec2:us-east-1:376339220136:security-group/sg-0e3e2a1a3fb4aeb73",
            "description": "HTTPS:443;HTTP:80",
            "egress": [
              {
                "cidr_blocks": [
                  "0.0.0.0/0"
                ],
                "description": "ALL:-1",
                "from_port": 0,
                "ipv6_cidr_blocks": [],
                "prefix_list_ids": [],
                "protocol": "-1",
                "security_groups": [],
                "self": false,
                "to_port": 0
              }
            ],
            "id": "sg-0e3e2a1a3fb4aeb73",
            "ingress": [
              {
                "cidr_blocks": [
                  "0.0.0.0/0"
                ],
                "description": "HTTP:80",
                "from_port": 80,
                "ipv6_cidr_blocks": [],
                "prefix_list_ids": [],
                "protocol": "tcp",
                "security_groups": [],
                "self": false,
                "to_port": 80
              },
              {
                "cidr_blocks": [
                  "0.0.0.0/0"
                ],
                "description": "HTTPS:443",
                "from_port": 443,
                "ipv6_cidr_blocks": [],
                "prefix_list_ids": [],
                "protocol": "tcp",
                "security_groups": [],
                "self": false,
                "to_port": 443
              }
            ],
            "name": "grupo4_sg_web",
            "name_prefix": "",
            "owner_id": "376339220136",
            "revoke_rules_on_delete": false,
            "tags": {
              "Name": "grupo4-sg-web"
            },
            "tags_all": {
              "Name": "grupo4-sg-web"
            },
            "timeouts": null,
            "vpc_id": "vpc-08d94031d8d28ee18"
          },
          "sensitive_attributes": [],
          "identity_schema_version": 0,
          "private": "eyJlMmJmYjczMC1lY2FhLTExZTYtOGY4OC0zNDM2M2JjN2M0YzAiOnsiY3JlYXRlIjo2MDAwMDAwMDAwMDAsImRlbGV0ZSI6OTAwMDAwMDAwMDAwfSwic2NoZW1hX3ZlcnNpb24iOiIxIn0=",
          "dependencies": [
            "aws_vpc.grupo4_vpc"
          ]
        }
      ]
    },
    {
      "mode": "managed",
      "type": "aws_subnet",
      "name": "grupo4_subnet_az1a_pri",
      "provider": "provider[\"registry.terraform.io/hashicorp/aws\"]",
      "instances": [
        {
          "schema_version": 1,
          "attributes": {
            "arn": "arn:aws:ec2:us-east-1:376339220136:subnet/subnet-0ae1cb6fd8c6d98b4",
            "assign_ipv6_address_on_creation": false,
            "availability_zone": "us-east-1a",
            "availability_zone_id": "use1-az2",
            "cidr_block": "10.1.0.32/28",
            "customer_owned_ipv4_pool": "",
            "enable_dns64": false,
            "enable_lni_at_device_index": 0,
            "enable_resource_name_dns_a_record_on_launch": false,
            "enable_resource_name_dns_aaaa_record_on_launch": false,
            "id": "subnet-0ae1cb6fd8c6d98b4",
            "ipv6_cidr_block": "",
            "ipv6_cidr_block_association_id": "",
            "ipv6_native": false,
            "map_customer_owned_ip_on_launch": false,
            "map_public_ip_on_launch": false,
            "outpost_arn": "",
            "owner_id": "376339220136",
            "private_dns_hostname_type_on_launch": "ip-name",
            "tags": {
              "Name": "grupo4-subnet-az1a-pri"
            },
            "tags_all": {
              "Name": "grupo4-subnet-az1a-pri"
            },
            "timeouts": null,
            "vpc_id": "vpc-08d94031d8d28ee18"
          },
          "sensitive_attributes": [],
          "identity_schema_version": 0,
          "private": "eyJlMmJmYjczMC1lY2FhLTExZTYtOGY4OC0zNDM2M2JjN2M0YzAiOnsiY3JlYXRlIjo2MDAwMDAwMDAwMDAsImRlbGV0ZSI6MTIwMDAwMDAwMDAwMH0sInNjaGVtYV92ZXJzaW9uIjoiMSJ9",
          "dependencies": [
            "aws_vpc.grupo4_vpc"
          ]
        }
      ]
    },
    {
      "mode": "managed",
      "type": "aws_subnet",
      "name": "grupo4_subnet_az1a_pub",
      "provider": "provider[\"registry.terraform.io/hashicorp/aws\"]",
      "instances": [
        {
          "schema_version": 1,
          "attributes": {
            "arn": "arn:aws:ec2:us-east-1:376339220136:subnet/subnet-0846b69b1d175ae65",
            "assign_ipv6_address_on_creation": false,
            "availability_zone": "us-east-1a",
            "availability_zone_id": "use1-az2",
            "cidr_block": "10.1.0.0/28",
            "customer_owned_ipv4_pool": "",
            "enable_dns64": false,
            "enable_lni_at_device_index": 0,
            "enable_resource_name_dns_a_record_on_launch": false,
            "enable_resource_name_dns_aaaa_record_on_launch": false,
            "id": "subnet-0846b69b1d175ae65",
            "ipv6_cidr_block": "",
            "ipv6_cidr_block_association_id": "",
            "ipv6_native": false,
            "map_customer_owned_ip_on_launch": false,
            "map_public_ip_on_launch": true,
            "outpost_arn": "",
            "owner_id": "376339220136",
            "private_dns_hostname_type_on_launch": "ip-name",
            "tags": {
              "Name": "grupo4-subnet-az1a-pub"
            },
            "tags_all": {
              "Name": "grupo4-subnet-az1a-pub"
            },
            "timeouts": null,
            "vpc_id": "vpc-08d94031d8d28ee18"
          },
          "sensitive_attributes": [],
          "identity_schema_version": 0,
          "private": "eyJlMmJmYjczMC1lY2FhLTExZTYtOGY4OC0zNDM2M2JjN2M0YzAiOnsiY3JlYXRlIjo2MDAwMDAwMDAwMDAsImRlbGV0ZSI6MTIwMDAwMDAwMDAwMH0sInNjaGVtYV92ZXJzaW9uIjoiMSJ9",
          "dependencies": [
            "aws_vpc.grupo4_vpc"
          ]
        }
      ]
    },
    {
      "mode": "managed",
      "type": "aws_subnet",
      "name": "grupo4_subnet_az1b_pub",
      "provider": "provider[\"registry.terraform.io/hashicorp/aws\"]",
      "instances": [
        {
          "schema_version": 1,
          "attributes": {
            "arn": "arn:aws:ec2:us-east-1:376339220136:subnet/subnet-0afa529d816959abe",
            "assign_ipv6_address_on_creation": false,
            "availability_zone": "us-east-1b",
            "availability_zone_id": "use1-az4",
            "cidr_block": "10.1.0.16/28",
            "customer_owned_ipv4_pool": "",
            "enable_dns64": false,
            "enable_lni_at_device_index": 0,
            "enable_resource_name_dns_a_record_on_launch": false,
            "enable_resource_name_dns_aaaa_record_on_launch": false,
            "id": "subnet-0afa529d816959abe",
            "ipv6_cidr_block": "",
            "ipv6_cidr_block_association_id": "",
            "ipv6_native": false,
            "map_customer_owned_ip_on_launch": false,
            "map_public_ip_on_launch": true,
            "outpost_arn": "",
            "owner_id": "376339220136",
            "private_dns_hostname_type_on_launch": "ip-name",
            "tags": {
              "Name": "grupo4-subnet-az1b-pub"
            },
            "tags_all": {
              "Name": "grupo4-subnet-az1b-pub"
            },
            "timeouts": null,
            "vpc_id": "vpc-08d94031d8d28ee18"
          },
          "sensitive_attributes": [],
          "identity_schema_version": 0,
          "private": "eyJlMmJmYjczMC1lY2FhLTExZTYtOGY4OC0zNDM2M2JjN2M0YzAiOnsiY3JlYXRlIjo2MDAwMDAwMDAwMDAsImRlbGV0ZSI6MTIwMDAwMDAwMDAwMH0sInNjaGVtYV92ZXJzaW9uIjoiMSJ9",
          "dependencies": [
            "aws_vpc.grupo4_vpc"
          ]
        }
      ]
    },
    {
      "mode": "managed",
      "type": "aws_vpc",
      "name": "grupo4_vpc",
      "provider": "provider[\"registry.terraform.io/hashicorp/aws\"]",
      "instances": [
        {
          "schema_version": 1,
          "attributes": {
            "arn": "arn:aws:ec2:us-east-1:376339220136:vpc/vpc-08d94031d8d28ee18",
            "assign_generated_ipv6_cidr_block": false,
            "cidr_block": "10.1.0.0/26",
            "default_network_acl_id": "acl-0732f95b546ed480e",
            "default_route_table_id": "rtb-08b4ec82a9b289666",
            "default_security_group_id": "sg-0fb20da06d3a59773",
            "dhcp_options_id": "dopt-0ec70f4545950e624",
            "enable_dns_hostnames": true,
            "enable_dns_support": true,
            "enable_network_address_usage_metrics": false,
            "id": "vpc-08d94031d8d28ee18",
            "instance_tenancy": "default",
            "ipv4_ipam_pool_id": null,
            "ipv4_netmask_length": null,
            "ipv6_association_id": "",
            "ipv6_cidr_block": "",
            "ipv6_cidr_block_network_border_group": "",
            "ipv6_ipam_pool_id": "",
            "ipv6_netmask_length": 0,
            "main_route_table_id": "rtb-08b4ec82a9b289666",
            "owner_id": "376339220136",
            "tags": {
              "Name": "grupo4-vpc"
            },
            "tags_all": {
              "Name": "grupo4-vpc"
            }
          },
          "sensitive_attributes": [],
          "identity_schema_version": 0,
          "private": "eyJzY2hlbWFfdmVyc2lvbiI6IjEifQ=="
        }
      ]
    },
    {
      "mode": "managed",
      "type": "local_file",
      "name": "grupo4_key_db_local",
      "provider": "provider[\"registry.terraform.io/hashicorp/local\"]",
      "instances": [
        {
          "schema_version": 0,
          "attributes": {
            "content": "-----BEGIN RSA PRIVATE KEY-----\nMIIEogIBAAKCAQEAmbdTJiNsuq16vjBwxPkhbD2pBbYyJGQuTQsUD8Wrw8I6leVm\nB89lFRntx/nRVMtKfV6uY3iHk/Xj020uIJKOrjDd/9LaEQ/INPi8CxOeSAoYDw+0\nelYJNEAiEQ3FgnhqD1qUx3lAnANeAxILNkmztfTAJg92gr9qhRLGYWdC9zFU2ML6\nQ/SZcGa2E31ap9sygjS1NJdMYiykvsC4TtYFAYXsaSPPVRolQGscfx4H+EOZ3HGR\nW2Kca/UMoUAOFt1b6G9+6mZZAfd4YCzZzVfnGxkmFpuzrmPSqOjuATrtPhvuPt+r\nlt9wW6ZrvYr9eacuEvoysl742EivPGbxaAmJhwIDAQABAoIBAASvFmSKHc0ObjgP\nZ9BIuyD+PAFFjP+Y4eRNGx5j6pj7eSeKJvLD+hOLh7hZP2yzCSEK2ouDZ7Y1fuy5\nXfd2H8zlBk6+URDGB1a94ZUA0wjk7di/pMM5jew+rAsS/Vq9apXvL6toYXSfkaTM\nTvUnh8danuRKAlV3mbpWWR8ss1iu5w0O24Wp4PrBlUhrOz4JBT8Gei3gGqxhvKEu\n9Pqreu+3R1GMzmKAqjs6UVMPwkzHOVSlDWwcW+6pbaATb2GB/CvnsFlD9tT3Q67q\nXkymhD0ChaEkFueGSgHeSQ0aRXcyLvJuNOgX6dUHQtZ7f+gIh8xVVBQ2ZYbS7rFJ\nbPiVmjkCgYEAxiZBmIvPl+W79QN2zjzgSkLc73f3ewTBN6YnaZqB9VKX4P+eK1u5\n2wTGdVL0lkWjhRnQznPPN6rzpS88AnN3SPFHWbnF4+kFSpK/2obgSsf0h7Ono3RS\nQqyXopk44mf5eiufTrXCPSALZh+/Qqs49CowbJNJyvw0gqC7FqdF8KMCgYEAxpgc\nCRJXLMoM0PVLsAVrChWWbqYngMxA3WcbBGaVvwZ1J6LvqfWm9UFXaRQt4nAnkP7U\nSTqsIRDStI1w80oAdW5kv2k/Z0L7EbSMwuTvvbcp67rNFk0k+r/mxu8U0FIkOtKf\ncDKq3LXjmI7BCjee1SrrTrR+dVzaa+gv3AibPc0CgYAf6nGOXJanZL2NjW1Jcsy9\nqV9kwvH9wppMmFqoy9Y66X7FIucbHL8m4/IDW8VBnx3jhnD3j/fEg6iS5rTHwElq\nWlKfxSh2uUW86T41uJvP770XTnyl+0p0qtARxJRBA3ZPk08pomUS62JqpJpt5p5Z\n1aHPGzo7k7vxfmokD/VX+QKBgCIIaS2IzhWn3oBkuP7GPuywfGIj6TsiRa9rfu7H\nIbxlv+f1/TpUFbOL6g3g3mgirjUj5n9SJbNY7bLxVjzrHp8BNxSyVaI9kUcceM7h\natBJNk7maUT8HW03O7Y1vIxit0C5XYddt3gxV3qKZDx7AaYoP8DyH4W/TtMVLDZ5\n5xi1AoGAQmBk4gnfUaN9bYlWtNbs2yYNd/u0PbBbNZb4W04tBneClh7N4kAdY6MR\nNIYBbznB5AokoNENjewK+h4DwhdsNxjLOZJ61YRK+9zm1xskYXW1wVttnKoSekPp\n5mvU7ZExB5OBscadZNr5K4Sl64/OLMvXjl4H+ux3K2YxrWBSdO4=\n-----END RSA PRIVATE KEY-----\n",
            "content_base64": null,
            "content_base64sha256": "NarGoivOIqniI2uUHK8BkyArRUSfnAhn1EO2bjc92Jc=",
            "content_base64sha512": "43dy3Ldky/Z+5fcylL4yEO6Byqr3nVBAU/4Leh9dNra/50+YY0XAWY3kXRPgA8xHcahQ77++pnW3jL7yKOyOlg==",
            "content_md5": "ad0972b01d7dce99d6d068dc52ac9fc9",
            "content_sha1": "8ec716ef7976b57bc9089ef2942ec036fbf8ccad",
            "content_sha256": "35aac6a22bce22a9e2236b941caf0193202b45449f9c0867d443b66e373dd897",
            "content_sha512": "e37772dcb764cbf67ee5f73294be3210ee81caaaf79d504053fe0b7a1f5d36b6bfe74f986345c0598de45d13e003cc4771a850efbfbea675b78cbef228ec8e96",
            "directory_permission": "0777",
            "file_permission": "0400",
            "filename": "grupo4-key-db-local.pem",
            "id": "8ec716ef7976b57bc9089ef2942ec036fbf8ccad",
            "sensitive_content": null,
            "source": null
          },
          "sensitive_attributes": [
            [
              {
                "type": "get_attr",
                "value": "content"
              }
            ],
            [
              {
                "type": "get_attr",
                "value": "sensitive_content"
              }
            ]
          ],
          "identity_schema_version": 0,
          "dependencies": [
            "tls_private_key.grupo4_key_db"
          ]
        }
      ]
    },
    {
      "mode": "managed",
      "type": "local_file",
      "name": "grupo4_key_pri_local",
      "provider": "provider[\"registry.terraform.io/hashicorp/local\"]",
      "instances": [
        {
          "schema_version": 0,
          "attributes": {
            "content": "-----BEGIN RSA PRIVATE KEY-----\nMIIEowIBAAKCAQEA0T7jZRx8YHVtZfr5H/Y3YMNs5F85xkxYSaTGdTKffZVIW6PT\nLeWEmCfQFNpSi59fGhGAGyuFgxDftEJ0oA4Tqh4Tdi95h2Sh0w3x4532N7/DmQB7\njl+o+O95jFoBnPyUFujqH8Z+8otKzLyoBXYJhFN0gSeEFiebxk03NovP+w5BrCH6\n4dIsqHxtq452DnzrIlwVEUv5oRGWuUEC7DdgDnBFG5XHibRmVA3ADkS0ZRI77Uz/\nejfis15DFmbzqm6utcFfBpMbx8cuL+6phYzUInDIEjckwnYdVh48p+XPHr9/vg1h\ncY6TPASXlnN3M49UUrF9Wa2FlQyA00c+MxoXjwIDAQABAoIBAC+n0QZgPHuDgwzs\n4fxDiU1CdPR2M6RUEu+C1agvhV+GtloYr6oOUeqNdripGI+wFmrLfY+yk8/L8gcN\n853YVuYxv2D1YwpRAwIcdPDQMxlzVUrtbzZ31vYLJHWwshlc9SVamqft/0+iJcEH\nXoUP4w7+KtSXeV/KWZIKV/7WTOHybX13M0VDZSgSz0pQYfLlFHzf9Y4z4RfvM0Ar\nawwrnU/TmkgDIzHhRWK4R7tdrcg1+1VIsqLYtFbOoLcaWBLqiH4dSSFE6BmMFweu\nQMghTBTFQNeaeyc6pmMnELHgOXcxSK9FH2Ju0wcb6oQy8MKHZRyVhiJRFReeh1jK\nHqQkmTECgYEA1RD67ZCyAL/9M9KcqEqJBXszHibr4+cGmIQ10xlLIGEXk9zK7w9q\ntHgjEr/kvrAeBECA+Q7oaM98lSXTjypwxegB6C84hmt17UsfBcX8PTgobGFbXzTO\nbDuDEcLOi1tOiZ/Pxp//acdDo59F3vqjdtWsz9NDIuMNpCKs62ANFXUCgYEA+2jR\noELYKcphQaYur7HJ/WzoF0tbvZKFd5SZYmSYLpqiyLb/ndZQSx9/nGar0T7AXB3t\nIN/QMXxfyKqDApQvhWI/W2yI+KijKHlsDSdLXQLjlXnZSfdYOCgP5ttVS4acJoJx\nFOi1ui4Bcr7uZJJhOGy/ei1G0uvWD0w+IMXBJHMCgYAlDKLVlIefYcMhs8nR6cQR\n0+57m8EBDDc1ZigF4SwTIU78QzR2hXPEle9jX0LjdbSCgMTsig8XypybQsya5IJf\np4xNV4i4tw72iE2Ir3jBHHbLAdLlp0UNxPtxpzJLQUFS5Rs4KrI7Lo8wcI2xzFuI\nWneGW/IcqubAV9dBxp3/0QKBgEaii4r4XN1Y8/xK4YERdYvTRl4NGSho+0C+ql2f\nn7YwUh4MdEL3TLXekq7xlcKDW+5FpjL/TvIoXIz3gzl9QuC52s0n8E/UqYqcmsQT\nTzRBtIlxo6AJc2rLrrQQ2aUPm92h9n2GaFB3zoZbqITvL4t32lBMWkK2af0AUdBJ\nX1uLAoGBAKUyo1VvlG0A19u9Y9NGL3rERrQg0FuGjsMyh1QRJF9mkpM8s9YAz8XK\n6ZMdHd3/duan3WUUt4908ttL12Kcj7BS11o1LjDDo5Ge/23n0a6xYipk/EL1ELWU\nE9QCXjWqjzG1J4NrqeL0me1CNYGriNrPxT2xegZPiivrx2Ij7stq\n-----END RSA PRIVATE KEY-----\n",
            "content_base64": null,
            "content_base64sha256": "/+BHzOc7J6PCmKn5mzCmmRWAgARhkYkyhYhaYpu6IYg=",
            "content_base64sha512": "ucyP5jecrD3XsFnfzUsx8A9ifn3Gux+uYvzMFnBNiY0CHTfM8zGDFPwMAS5RSOKZdDvjUbHfpb+DX31BoqqmGQ==",
            "content_md5": "6add8fcb1165884ffc7abaf0296dbe40",
            "content_sha1": "53c312d5441eab2249ea6ba70c73b235c0fc046d",
            "content_sha256": "ffe047cce73b27a3c298a9f99b30a699158080046191893285885a629bba2188",
            "content_sha512": "b9cc8fe6379cac3dd7b059dfcd4b31f00f627e7dc6bb1fae62fccc16704d898d021d37ccf3318314fc0c012e5148e299743be351b1dfa5bf835f7d41a2aaa619",
            "directory_permission": "0777",
            "file_permission": "0400",
            "filename": "grupo4-key-pri-local.pem",
            "id": "53c312d5441eab2249ea6ba70c73b235c0fc046d",
            "sensitive_content": null,
            "source": null
          },
          "sensitive_attributes": [
            [
              {
                "type": "get_attr",
                "value": "content"
              }
            ],
            [
              {
                "type": "get_attr",
                "value": "sensitive_content"
              }
            ]
          ],
          "identity_schema_version": 0,
          "dependencies": [
            "tls_private_key.grupo4_key_pri"
          ]
        }
      ]
    },
    {
      "mode": "managed",
      "type": "local_file",
      "name": "grupo4_key_pub_local",
      "provider": "provider[\"registry.terraform.io/hashicorp/local\"]",
      "instances": [
        {
          "schema_version": 0,
          "attributes": {
            "content": "-----BEGIN RSA PRIVATE KEY-----\nMIIEowIBAAKCAQEAvSvsFbz4ocUsv1ek1bdnmI1az4lt9BtO0TrnZXGclttYaukh\ngFvtJpbXSN/Q0Nvxumu9EYR185nbi6oj+fhwX2ppeMbSt72oISJ4t/huOmcBuJnk\n2hQ3LBnv9Ibg1ZPEuebgbCIR4wHh6hV4KvaSTzrz8fdLJ1DKvWtbehKbIlnBRln1\nf3X3RNP0byid7Kpzf2KXQY6AyU6akg0RQAtq21DekwqmXHsAyM6MZG9zF+AVyEdN\ngU0FImN/4rFerIVrAfSbO0Q/RIJkHw1Pd7YAIzZJgHxJ3RR4LJrdBn54/02Zkdcu\nA5jpBsImGbAFlp2lPC1v4qfqDPP/I6FBoVbFQwIDAQABAoIBABwUCmE5oM/mI9us\nxx8fr2VByfJXDDZ43SyKKTFx+ROdMBUCUIIsYtlg90huTCDMHKeWeURB3H4RXrhu\nwxNF0GwhL9GI9VrncC6m3rMz0SyjAGrlkMXbzUqi+O5bHMEmw0LypWn3bp86ts0X\nbbQ20AWpku7dzU5jHAychEHsxBEHbyKMLl2E1x1dhR/oAw9zslFeH58aINcVFNQc\no00oidS9huu0jRahakm3urC7MWNaDz3SPwh+zOms1eXXF5it39T7vHs6NEXypNsA\npPq0JDwT+2UFkjc69rDfmBALJMAvltXaEhxaDErGfpn4fNSeFJO3LSDYFoLZM7mZ\nnVQ08HECgYEA4dftq0Pfuk3GcfDH5hMc+wdzDYZZUJeWAtnTn7WrayWXmPC3WY8y\n2XbWMjAPaTI+EMT/MxG9ct9TWCqbKmceYxq3+jRbbqHhs9Ci1dJ7mlnLMNEA0nKh\nvdgxdJcqV+7K6E95xEfBJNHq/THsH0ifCCI9UB5td9djrPKV0SPjHxECgYEA1m5t\nh3etOP+4gXFi/tdcjZYYwD3GEM40cYdDIWkCUsJpjZr4cgyMVI5NPaAOCAOfZgi6\nyLb2ry9lzWg9pF//KCVAWpOzhdMlQNlvrFzQNaWfD3K0KRaLXN5ikTJOkYkIuZ3R\nxnbZKE7tJqf4WtxLMQJPyn+ZxUftcTzkQUuCBxMCgYEAwFPFl9s2dQ7012WIprtS\nK8kdRsBJ4WMmIglkuhbZA2dBIcKlMcTMNfuIz7az+Q8LYfaRqekKn//llyi5eTPV\n4eoIETBzSNTdQ+eCNHuKPVkIu+rRO2bZrLWm8DYnnjjCXXIJLYk5x2RpLPRNtBqB\nLEkUU92FtdAcl1UDFtbr/TECgYBac7h2JXCHk69Dww2sTDI5c3A7X5N2MVWD8jfK\nFx6oxGN8HTvh+BMV8/T3ItXoYYbSpqoL0soaOdcqn2cpOGlMiPItgxJ+SAP16AKo\nZXpatuNyw8LldiIRaamQb/UehPyON9lua2HNFAYLgV1NDpIVOVFpLQwzYNTzKGls\ndaqCywKBgHh67sjAaP8hutYkXn2Myyeiglmz6H4ExmnF1tB9YFQwjvMIQ+1k3Yp+\nlKZqkgtrWb9aBi/V2gnUxrqWQiPkoBDbz8LUwuw6EParPnQWVHPEXZF3WM018red\nQTTJvM7lsuqAPVMB29zls4XnDQl1vwiCztvqMggqphHPQoMhye7Z\n-----END RSA PRIVATE KEY-----\n",
            "content_base64": null,
            "content_base64sha256": "dCmuIVb53PTXYjGkDZ1xlzKVQFgAaCvCUyraSITJ614=",
            "content_base64sha512": "rJwRzY5bwPcqUBuyBdV3XOphc/9ZeF+bDrzbVqsmf7XXAO/MqZdJbjR6sI4dQixmH3DJG5feZwQHCxf0H4KXRA==",
            "content_md5": "1418de069af20cf6080681bbd8a663a3",
            "content_sha1": "33373bffb1d6b4c11e16fb7aed8d5310e2f006bd",
            "content_sha256": "7429ae2156f9dcf4d76231a40d9d71973295405800682bc2532ada4884c9eb5e",
            "content_sha512": "ac9c11cd8e5bc0f72a501bb205d5775cea6173ff59785f9b0ebcdb56ab267fb5d700efcca997496e347ab08e1d422c661f70c91b97de6704070b17f41f829744",
            "directory_permission": "0777",
            "file_permission": "0400",
            "filename": "grupo4-key-pub-local.pem",
            "id": "33373bffb1d6b4c11e16fb7aed8d5310e2f006bd",
            "sensitive_content": null,
            "source": null
          },
          "sensitive_attributes": [
            [
              {
                "type": "get_attr",
                "value": "content"
              }
            ],
            [
              {
                "type": "get_attr",
                "value": "sensitive_content"
              }
            ]
          ],
          "identity_schema_version": 0,
          "dependencies": [
            "tls_private_key.grupo4_key_pub"
          ]
        }
      ]
    },
    {
      "mode": "managed",
      "type": "tls_private_key",
      "name": "grupo4_key_db",
      "provider": "provider[\"registry.terraform.io/hashicorp/tls\"]",
      "instances": [
        {
          "schema_version": 1,
          "attributes": {
            "algorithm": "RSA",
            "ecdsa_curve": "P224",
            "id": "4f565b19efd9f568a3c58bea85fe3155909aed15",
            "private_key_openssh": "-----BEGIN OPENSSH PRIVATE KEY-----\nb3BlbnNzaC1rZXktdjEAAAAABG5vbmUAAAAEbm9uZQAAAAAAAAABAAABFwAAAAdz\nc2gtcnNhAAAAAwEAAQAAAQEAmbdTJiNsuq16vjBwxPkhbD2pBbYyJGQuTQsUD8Wr\nw8I6leVmB89lFRntx/nRVMtKfV6uY3iHk/Xj020uIJKOrjDd/9LaEQ/INPi8CxOe\nSAoYDw+0elYJNEAiEQ3FgnhqD1qUx3lAnANeAxILNkmztfTAJg92gr9qhRLGYWdC\n9zFU2ML6Q/SZcGa2E31ap9sygjS1NJdMYiykvsC4TtYFAYXsaSPPVRolQGscfx4H\n+EOZ3HGRW2Kca/UMoUAOFt1b6G9+6mZZAfd4YCzZzVfnGxkmFpuzrmPSqOjuATrt\nPhvuPt+rlt9wW6ZrvYr9eacuEvoysl742EivPGbxaAmJhwAAA7jruigJ67ooCQAA\nAAdzc2gtcnNhAAABAQCZt1MmI2y6rXq+MHDE+SFsPakFtjIkZC5NCxQPxavDwjqV\n5WYHz2UVGe3H+dFUy0p9Xq5jeIeT9ePTbS4gko6uMN3/0toRD8g0+LwLE55IChgP\nD7R6Vgk0QCIRDcWCeGoPWpTHeUCcA14DEgs2SbO19MAmD3aCv2qFEsZhZ0L3MVTY\nwvpD9JlwZrYTfVqn2zKCNLU0l0xiLKS+wLhO1gUBhexpI89VGiVAaxx/Hgf4Q5nc\ncZFbYpxr9QyhQA4W3Vvob37qZlkB93hgLNnNV+cbGSYWm7OuY9Ko6O4BOu0+G+4+\n36uW33Bbpmu9iv15py4S+jKyXvjYSK88ZvFoCYmHAAAAAwEAAQAAAQAErxZkih3N\nDm44D2fQSLsg/jwBRYz/mOHkTRseY+qY+3kniibyw/oTi4e4WT9sswkhCtqLg2e2\nNX7suV33dh/M5QZOvlEQxgdWveGVANMI5O3Yv6TDOY3sPqwLEv1avWqV7y+raGF0\nn5GkzE71J4fHWp7kSgJVd5m6VlkfLLNYrucNDtuFqeD6wZVIazs+CQU/Bnot4Bqs\nYbyhLvT6q3rvt0dRjM5igKo7OlFTD8JMxzlUpQ1sHFvuqW2gE29hgfwr57BZQ/bU\n90Ou6l5MpoQ9AoWhJBbnhkoB3kkNGkV3Mi7ybjToF+nVB0LWe3/oCIfMVVQUNmWG\n0u6xSWz4lZo5AAAAgEJgZOIJ31GjfW2JVrTW7NsmDXf7tD2wWzWW+FtOLQZ3gpYe\nzeJAHWOjETSGAW85weQKJKDRDY3sCvoeA8IXbDcYyzmSetWESvvc5tcbJGF1tcFb\nbZyqEnpD6eZr1O2RMQeTgbHGnWTa+SuEpeuPzizL145eB/rsdytmMa1gUnTuAAAA\ngQDGJkGYi8+X5bv1A3bOPOBKQtzvd/d7BME3pidpmoH1Upfg/54rW7nbBMZ1UvSW\nRaOFGdDOc883qvOlLzwCc3dI8UdZucXj6QVKkr/ahuBKx/SHs6ejdFJCrJeimTji\nZ/l6K59OtcI9IAtmH79Cqzj0KjBsk0nK/DSCoLsWp0XwowAAAIEAxpgcCRJXLMoM\n0PVLsAVrChWWbqYngMxA3WcbBGaVvwZ1J6LvqfWm9UFXaRQt4nAnkP7USTqsIRDS\ntI1w80oAdW5kv2k/Z0L7EbSMwuTvvbcp67rNFk0k+r/mxu8U0FIkOtKfcDKq3LXj\nmI7BCjee1SrrTrR+dVzaa+gv3AibPc0AAAAAAQID\n-----END OPENSSH PRIVATE KEY-----\n",
            "private_key_pem": "-----BEGIN RSA PRIVATE KEY-----\nMIIEogIBAAKCAQEAmbdTJiNsuq16vjBwxPkhbD2pBbYyJGQuTQsUD8Wrw8I6leVm\nB89lFRntx/nRVMtKfV6uY3iHk/Xj020uIJKOrjDd/9LaEQ/INPi8CxOeSAoYDw+0\nelYJNEAiEQ3FgnhqD1qUx3lAnANeAxILNkmztfTAJg92gr9qhRLGYWdC9zFU2ML6\nQ/SZcGa2E31ap9sygjS1NJdMYiykvsC4TtYFAYXsaSPPVRolQGscfx4H+EOZ3HGR\nW2Kca/UMoUAOFt1b6G9+6mZZAfd4YCzZzVfnGxkmFpuzrmPSqOjuATrtPhvuPt+r\nlt9wW6ZrvYr9eacuEvoysl742EivPGbxaAmJhwIDAQABAoIBAASvFmSKHc0ObjgP\nZ9BIuyD+PAFFjP+Y4eRNGx5j6pj7eSeKJvLD+hOLh7hZP2yzCSEK2ouDZ7Y1fuy5\nXfd2H8zlBk6+URDGB1a94ZUA0wjk7di/pMM5jew+rAsS/Vq9apXvL6toYXSfkaTM\nTvUnh8danuRKAlV3mbpWWR8ss1iu5w0O24Wp4PrBlUhrOz4JBT8Gei3gGqxhvKEu\n9Pqreu+3R1GMzmKAqjs6UVMPwkzHOVSlDWwcW+6pbaATb2GB/CvnsFlD9tT3Q67q\nXkymhD0ChaEkFueGSgHeSQ0aRXcyLvJuNOgX6dUHQtZ7f+gIh8xVVBQ2ZYbS7rFJ\nbPiVmjkCgYEAxiZBmIvPl+W79QN2zjzgSkLc73f3ewTBN6YnaZqB9VKX4P+eK1u5\n2wTGdVL0lkWjhRnQznPPN6rzpS88AnN3SPFHWbnF4+kFSpK/2obgSsf0h7Ono3RS\nQqyXopk44mf5eiufTrXCPSALZh+/Qqs49CowbJNJyvw0gqC7FqdF8KMCgYEAxpgc\nCRJXLMoM0PVLsAVrChWWbqYngMxA3WcbBGaVvwZ1J6LvqfWm9UFXaRQt4nAnkP7U\nSTqsIRDStI1w80oAdW5kv2k/Z0L7EbSMwuTvvbcp67rNFk0k+r/mxu8U0FIkOtKf\ncDKq3LXjmI7BCjee1SrrTrR+dVzaa+gv3AibPc0CgYAf6nGOXJanZL2NjW1Jcsy9\nqV9kwvH9wppMmFqoy9Y66X7FIucbHL8m4/IDW8VBnx3jhnD3j/fEg6iS5rTHwElq\nWlKfxSh2uUW86T41uJvP770XTnyl+0p0qtARxJRBA3ZPk08pomUS62JqpJpt5p5Z\n1aHPGzo7k7vxfmokD/VX+QKBgCIIaS2IzhWn3oBkuP7GPuywfGIj6TsiRa9rfu7H\nIbxlv+f1/TpUFbOL6g3g3mgirjUj5n9SJbNY7bLxVjzrHp8BNxSyVaI9kUcceM7h\natBJNk7maUT8HW03O7Y1vIxit0C5XYddt3gxV3qKZDx7AaYoP8DyH4W/TtMVLDZ5\n5xi1AoGAQmBk4gnfUaN9bYlWtNbs2yYNd/u0PbBbNZb4W04tBneClh7N4kAdY6MR\nNIYBbznB5AokoNENjewK+h4DwhdsNxjLOZJ61YRK+9zm1xskYXW1wVttnKoSekPp\n5mvU7ZExB5OBscadZNr5K4Sl64/OLMvXjl4H+ux3K2YxrWBSdO4=\n-----END RSA PRIVATE KEY-----\n",
            "private_key_pem_pkcs8": "-----BEGIN PRIVATE KEY-----\nMIIEvAIBADANBgkqhkiG9w0BAQEFAASCBKYwggSiAgEAAoIBAQCZt1MmI2y6rXq+\nMHDE+SFsPakFtjIkZC5NCxQPxavDwjqV5WYHz2UVGe3H+dFUy0p9Xq5jeIeT9ePT\nbS4gko6uMN3/0toRD8g0+LwLE55IChgPD7R6Vgk0QCIRDcWCeGoPWpTHeUCcA14D\nEgs2SbO19MAmD3aCv2qFEsZhZ0L3MVTYwvpD9JlwZrYTfVqn2zKCNLU0l0xiLKS+\nwLhO1gUBhexpI89VGiVAaxx/Hgf4Q5nccZFbYpxr9QyhQA4W3Vvob37qZlkB93hg\nLNnNV+cbGSYWm7OuY9Ko6O4BOu0+G+4+36uW33Bbpmu9iv15py4S+jKyXvjYSK88\nZvFoCYmHAgMBAAECggEABK8WZIodzQ5uOA9n0Ei7IP48AUWM/5jh5E0bHmPqmPt5\nJ4om8sP6E4uHuFk/bLMJIQrai4NntjV+7Lld93YfzOUGTr5REMYHVr3hlQDTCOTt\n2L+kwzmN7D6sCxL9Wr1qle8vq2hhdJ+RpMxO9SeHx1qe5EoCVXeZulZZHyyzWK7n\nDQ7bhang+sGVSGs7PgkFPwZ6LeAarGG8oS70+qt677dHUYzOYoCqOzpRUw/CTMc5\nVKUNbBxb7qltoBNvYYH8K+ewWUP21PdDrupeTKaEPQKFoSQW54ZKAd5JDRpFdzIu\n8m406Bfp1QdC1nt/6AiHzFVUFDZlhtLusUls+JWaOQKBgQDGJkGYi8+X5bv1A3bO\nPOBKQtzvd/d7BME3pidpmoH1Upfg/54rW7nbBMZ1UvSWRaOFGdDOc883qvOlLzwC\nc3dI8UdZucXj6QVKkr/ahuBKx/SHs6ejdFJCrJeimTjiZ/l6K59OtcI9IAtmH79C\nqzj0KjBsk0nK/DSCoLsWp0XwowKBgQDGmBwJElcsygzQ9UuwBWsKFZZupieAzEDd\nZxsEZpW/BnUnou+p9ab1QVdpFC3icCeQ/tRJOqwhENK0jXDzSgB1bmS/aT9nQvsR\ntIzC5O+9tynrus0WTST6v+bG7xTQUiQ60p9wMqrcteOYjsEKN57VKutOtH51XNpr\n6C/cCJs9zQKBgB/qcY5clqdkvY2NbUlyzL2pX2TC8f3CmkyYWqjL1jrpfsUi5xsc\nvybj8gNbxUGfHeOGcPeP98SDqJLmtMfASWpaUp/FKHa5RbzpPjW4m8/vvRdOfKX7\nSnSq0BHElEEDdk+TTymiZRLrYmqkmm3mnlnVoc8bOjuTu/F+aiQP9Vf5AoGAIghp\nLYjOFafegGS4/sY+7LB8YiPpOyJFr2t+7schvGW/5/X9OlQVs4vqDeDeaCKuNSPm\nf1Ils1jtsvFWPOsenwE3FLJVoj2RRxx4zuFq0Ek2TuZpRPwdbTc7tjW8jGK3QLld\nh123eDFXeopkPHsBpig/wPIfhb9O0xUsNnnnGLUCgYBCYGTiCd9Ro31tiVa01uzb\nJg13+7Q9sFs1lvhbTi0Gd4KWHs3iQB1joxE0hgFvOcHkCiSg0Q2N7Ar6HgPCF2w3\nGMs5knrVhEr73ObXGyRhdbXBW22cqhJ6Q+nma9TtkTEHk4Gxxp1k2vkrhKXrj84s\ny9eOXgf67HcrZjGtYFJ07g==\n-----END PRIVATE KEY-----\n",
            "public_key_fingerprint_md5": "04:a1:65:8b:38:13:41:84:7b:3c:96:ed:74:c7:3e:79",
            "public_key_fingerprint_sha256": "SHA256:xPGxxebRej0Y8qXjm6qy7Rj+/DukMHFHJC/cdARiZJM",
            "public_key_openssh": "ssh-rsa AAAAB3NzaC1yc2EAAAADAQABAAABAQCZt1MmI2y6rXq+MHDE+SFsPakFtjIkZC5NCxQPxavDwjqV5WYHz2UVGe3H+dFUy0p9Xq5jeIeT9ePTbS4gko6uMN3/0toRD8g0+LwLE55IChgPD7R6Vgk0QCIRDcWCeGoPWpTHeUCcA14DEgs2SbO19MAmD3aCv2qFEsZhZ0L3MVTYwvpD9JlwZrYTfVqn2zKCNLU0l0xiLKS+wLhO1gUBhexpI89VGiVAaxx/Hgf4Q5nccZFbYpxr9QyhQA4W3Vvob37qZlkB93hgLNnNV+cbGSYWm7OuY9Ko6O4BOu0+G+4+36uW33Bbpmu9iv15py4S+jKyXvjYSK88ZvFoCYmH\n",
            "public_key_pem": "-----BEGIN PUBLIC KEY-----\nMIIBIjANBgkqhkiG9w0BAQEFAAOCAQ8AMIIBCgKCAQEAmbdTJiNsuq16vjBwxPkh\nbD2pBbYyJGQuTQsUD8Wrw8I6leVmB89lFRntx/nRVMtKfV6uY3iHk/Xj020uIJKO\nrjDd/9LaEQ/INPi8CxOeSAoYDw+0elYJNEAiEQ3FgnhqD1qUx3lAnANeAxILNkmz\ntfTAJg92gr9qhRLGYWdC9zFU2ML6Q/SZcGa2E31ap9sygjS1NJdMYiykvsC4TtYF\nAYXsaSPPVRolQGscfx4H+EOZ3HGRW2Kca/UMoUAOFt1b6G9+6mZZAfd4YCzZzVfn\nGxkmFpuzrmPSqOjuATrtPhvuPt+rlt9wW6ZrvYr9eacuEvoysl742EivPGbxaAmJ\nhwIDAQAB\n-----END PUBLIC KEY-----\n",
            "rsa_bits": 2048
          },
          "sensitive_attributes": [
            [
              {
                "type": "get_attr",
                "value": "private_key_openssh"
              }
            ],
            [
              {
                "type": "get_attr",
                "value": "private_key_pem"
              }
            ],
            [
              {
                "type": "get_attr",
                "value": "private_key_pem_pkcs8"
              }
            ]
          ],
          "identity_schema_version": 0
        }
      ]
    },
    {
      "mode": "managed",
      "type": "tls_private_key",
      "name": "grupo4_key_pri",
      "provider": "provider[\"registry.terraform.io/hashicorp/tls\"]",
      "instances": [
        {
          "schema_version": 1,
          "attributes": {
            "algorithm": "RSA",
            "ecdsa_curve": "P224",
            "id": "455554e6f1bd0d52271506d517fd2dfc283436c3",
            "private_key_openssh": "-----BEGIN OPENSSH PRIVATE KEY-----\nb3BlbnNzaC1rZXktdjEAAAAABG5vbmUAAAAEbm9uZQAAAAAAAAABAAABFwAAAAdz\nc2gtcnNhAAAAAwEAAQAAAQEA0T7jZRx8YHVtZfr5H/Y3YMNs5F85xkxYSaTGdTKf\nfZVIW6PTLeWEmCfQFNpSi59fGhGAGyuFgxDftEJ0oA4Tqh4Tdi95h2Sh0w3x4532\nN7/DmQB7jl+o+O95jFoBnPyUFujqH8Z+8otKzLyoBXYJhFN0gSeEFiebxk03NovP\n+w5BrCH64dIsqHxtq452DnzrIlwVEUv5oRGWuUEC7DdgDnBFG5XHibRmVA3ADkS0\nZRI77Uz/ejfis15DFmbzqm6utcFfBpMbx8cuL+6phYzUInDIEjckwnYdVh48p+XP\nHr9/vg1hcY6TPASXlnN3M49UUrF9Wa2FlQyA00c+MxoXjwAAA7iM+vZKjPr2SgAA\nAAdzc2gtcnNhAAABAQDRPuNlHHxgdW1l+vkf9jdgw2zkXznGTFhJpMZ1Mp99lUhb\no9Mt5YSYJ9AU2lKLn18aEYAbK4WDEN+0QnSgDhOqHhN2L3mHZKHTDfHjnfY3v8OZ\nAHuOX6j473mMWgGc/JQW6Oofxn7yi0rMvKgFdgmEU3SBJ4QWJ5vGTTc2i8/7DkGs\nIfrh0iyofG2rjnYOfOsiXBURS/mhEZa5QQLsN2AOcEUblceJtGZUDcAORLRlEjvt\nTP96N+KzXkMWZvOqbq61wV8GkxvHxy4v7qmFjNQicMgSNyTCdh1WHjyn5c8ev3++\nDWFxjpM8BJeWc3czj1RSsX1ZrYWVDIDTRz4zGhePAAAAAwEAAQAAAQAvp9EGYDx7\ng4MM7OH8Q4lNQnT0djOkVBLvgtWoL4VfhrZaGK+qDlHqjXa4qRiPsBZqy32PspPP\ny/IHDfOd2FbmMb9g9WMKUQMCHHTw0DMZc1VK7W82d9b2CyR1sLIZXPUlWpqn7f9P\noiXBB16FD+MO/irUl3lfylmSClf+1kzh8m19dzNFQ2UoEs9KUGHy5RR83/WOM+EX\n7zNAK2sMK51P05pIAyMx4UViuEe7Xa3INftVSLKi2LRWzqC3GlgS6oh+HUkhROgZ\njBcHrkDIIUwUxUDXmnsnOqZjJxCx4Dl3MUivRR9ibtMHG+qEMvDCh2UclYYiURUX\nnodYyh6kJJkxAAAAgQClMqNVb5RtANfbvWPTRi96xEa0INBbho7DModUESRfZpKT\nPLPWAM/FyumTHR3d/3bmp91lFLePdPLbS9dinI+wUtdaNS4ww6ORnv9t59GusWIq\nZPxC9RC1lBPUAl41qo8xtSeDa6ni9JntQjWBq4jaz8U9sXoGT4or68diI+7LagAA\nAIEA1RD67ZCyAL/9M9KcqEqJBXszHibr4+cGmIQ10xlLIGEXk9zK7w9qtHgjEr/k\nvrAeBECA+Q7oaM98lSXTjypwxegB6C84hmt17UsfBcX8PTgobGFbXzTObDuDEcLO\ni1tOiZ/Pxp//acdDo59F3vqjdtWsz9NDIuMNpCKs62ANFXUAAACBAPto0aBC2CnK\nYUGmLq+xyf1s6BdLW72ShXeUmWJkmC6aosi2/53WUEsff5xmq9E+wFwd7SDf0DF8\nX8iqgwKUL4ViP1tsiPiooyh5bA0nS10C45V52Un3WDgoD+bbVUuGnCaCcRTotbou\nAXK+7mSSYThsv3otRtLr1g9MPiDFwSRzAAAAAAEC\n-----END OPENSSH PRIVATE KEY-----\n",
            "private_key_pem": "-----BEGIN RSA PRIVATE KEY-----\nMIIEowIBAAKCAQEA0T7jZRx8YHVtZfr5H/Y3YMNs5F85xkxYSaTGdTKffZVIW6PT\nLeWEmCfQFNpSi59fGhGAGyuFgxDftEJ0oA4Tqh4Tdi95h2Sh0w3x4532N7/DmQB7\njl+o+O95jFoBnPyUFujqH8Z+8otKzLyoBXYJhFN0gSeEFiebxk03NovP+w5BrCH6\n4dIsqHxtq452DnzrIlwVEUv5oRGWuUEC7DdgDnBFG5XHibRmVA3ADkS0ZRI77Uz/\nejfis15DFmbzqm6utcFfBpMbx8cuL+6phYzUInDIEjckwnYdVh48p+XPHr9/vg1h\ncY6TPASXlnN3M49UUrF9Wa2FlQyA00c+MxoXjwIDAQABAoIBAC+n0QZgPHuDgwzs\n4fxDiU1CdPR2M6RUEu+C1agvhV+GtloYr6oOUeqNdripGI+wFmrLfY+yk8/L8gcN\n853YVuYxv2D1YwpRAwIcdPDQMxlzVUrtbzZ31vYLJHWwshlc9SVamqft/0+iJcEH\nXoUP4w7+KtSXeV/KWZIKV/7WTOHybX13M0VDZSgSz0pQYfLlFHzf9Y4z4RfvM0Ar\nawwrnU/TmkgDIzHhRWK4R7tdrcg1+1VIsqLYtFbOoLcaWBLqiH4dSSFE6BmMFweu\nQMghTBTFQNeaeyc6pmMnELHgOXcxSK9FH2Ju0wcb6oQy8MKHZRyVhiJRFReeh1jK\nHqQkmTECgYEA1RD67ZCyAL/9M9KcqEqJBXszHibr4+cGmIQ10xlLIGEXk9zK7w9q\ntHgjEr/kvrAeBECA+Q7oaM98lSXTjypwxegB6C84hmt17UsfBcX8PTgobGFbXzTO\nbDuDEcLOi1tOiZ/Pxp//acdDo59F3vqjdtWsz9NDIuMNpCKs62ANFXUCgYEA+2jR\noELYKcphQaYur7HJ/WzoF0tbvZKFd5SZYmSYLpqiyLb/ndZQSx9/nGar0T7AXB3t\nIN/QMXxfyKqDApQvhWI/W2yI+KijKHlsDSdLXQLjlXnZSfdYOCgP5ttVS4acJoJx\nFOi1ui4Bcr7uZJJhOGy/ei1G0uvWD0w+IMXBJHMCgYAlDKLVlIefYcMhs8nR6cQR\n0+57m8EBDDc1ZigF4SwTIU78QzR2hXPEle9jX0LjdbSCgMTsig8XypybQsya5IJf\np4xNV4i4tw72iE2Ir3jBHHbLAdLlp0UNxPtxpzJLQUFS5Rs4KrI7Lo8wcI2xzFuI\nWneGW/IcqubAV9dBxp3/0QKBgEaii4r4XN1Y8/xK4YERdYvTRl4NGSho+0C+ql2f\nn7YwUh4MdEL3TLXekq7xlcKDW+5FpjL/TvIoXIz3gzl9QuC52s0n8E/UqYqcmsQT\nTzRBtIlxo6AJc2rLrrQQ2aUPm92h9n2GaFB3zoZbqITvL4t32lBMWkK2af0AUdBJ\nX1uLAoGBAKUyo1VvlG0A19u9Y9NGL3rERrQg0FuGjsMyh1QRJF9mkpM8s9YAz8XK\n6ZMdHd3/duan3WUUt4908ttL12Kcj7BS11o1LjDDo5Ge/23n0a6xYipk/EL1ELWU\nE9QCXjWqjzG1J4NrqeL0me1CNYGriNrPxT2xegZPiivrx2Ij7stq\n-----END RSA PRIVATE KEY-----\n",
            "private_key_pem_pkcs8": "-----BEGIN PRIVATE KEY-----\nMIIEvQIBADANBgkqhkiG9w0BAQEFAASCBKcwggSjAgEAAoIBAQDRPuNlHHxgdW1l\n+vkf9jdgw2zkXznGTFhJpMZ1Mp99lUhbo9Mt5YSYJ9AU2lKLn18aEYAbK4WDEN+0\nQnSgDhOqHhN2L3mHZKHTDfHjnfY3v8OZAHuOX6j473mMWgGc/JQW6Oofxn7yi0rM\nvKgFdgmEU3SBJ4QWJ5vGTTc2i8/7DkGsIfrh0iyofG2rjnYOfOsiXBURS/mhEZa5\nQQLsN2AOcEUblceJtGZUDcAORLRlEjvtTP96N+KzXkMWZvOqbq61wV8GkxvHxy4v\n7qmFjNQicMgSNyTCdh1WHjyn5c8ev3++DWFxjpM8BJeWc3czj1RSsX1ZrYWVDIDT\nRz4zGhePAgMBAAECggEAL6fRBmA8e4ODDOzh/EOJTUJ09HYzpFQS74LVqC+FX4a2\nWhivqg5R6o12uKkYj7AWast9j7KTz8vyBw3zndhW5jG/YPVjClEDAhx08NAzGXNV\nSu1vNnfW9gskdbCyGVz1JVqap+3/T6IlwQdehQ/jDv4q1Jd5X8pZkgpX/tZM4fJt\nfXczRUNlKBLPSlBh8uUUfN/1jjPhF+8zQCtrDCudT9OaSAMjMeFFYrhHu12tyDX7\nVUiyoti0Vs6gtxpYEuqIfh1JIUToGYwXB65AyCFMFMVA15p7JzqmYycQseA5dzFI\nr0UfYm7TBxvqhDLwwodlHJWGIlEVF56HWMoepCSZMQKBgQDVEPrtkLIAv/0z0pyo\nSokFezMeJuvj5waYhDXTGUsgYReT3MrvD2q0eCMSv+S+sB4EQID5Duhoz3yVJdOP\nKnDF6AHoLziGa3XtSx8Fxfw9OChsYVtfNM5sO4MRws6LW06Jn8/Gn/9px0Ojn0Xe\n+qN21azP00Mi4w2kIqzrYA0VdQKBgQD7aNGgQtgpymFBpi6vscn9bOgXS1u9koV3\nlJliZJgumqLItv+d1lBLH3+cZqvRPsBcHe0g39AxfF/IqoMClC+FYj9bbIj4qKMo\neWwNJ0tdAuOVedlJ91g4KA/m21VLhpwmgnEU6LW6LgFyvu5kkmE4bL96LUbS69YP\nTD4gxcEkcwKBgCUMotWUh59hwyGzydHpxBHT7nubwQEMNzVmKAXhLBMhTvxDNHaF\nc8SV72NfQuN1tIKAxOyKDxfKnJtCzJrkgl+njE1XiLi3DvaITYiveMEcdssB0uWn\nRQ3E+3GnMktBQVLlGzgqsjsujzBwjbHMW4had4Zb8hyq5sBX10HGnf/RAoGARqKL\nivhc3Vjz/ErhgRF1i9NGXg0ZKGj7QL6qXZ+ftjBSHgx0QvdMtd6SrvGVwoNb7kWm\nMv9O8ihcjPeDOX1C4LnazSfwT9SpipyaxBNPNEG0iXGjoAlzasuutBDZpQ+b3aH2\nfYZoUHfOhluohO8vi3faUExaQrZp/QBR0ElfW4sCgYEApTKjVW+UbQDX271j00Yv\nesRGtCDQW4aOwzKHVBEkX2aSkzyz1gDPxcrpkx0d3f925qfdZRS3j3Ty20vXYpyP\nsFLXWjUuMMOjkZ7/befRrrFiKmT8QvUQtZQT1AJeNaqPMbUng2up4vSZ7UI1gauI\n2s/FPbF6Bk+KK+vHYiPuy2o=\n-----END PRIVATE KEY-----\n",
            "public_key_fingerprint_md5": "a8:17:24:39:18:5f:2f:79:7d:98:4a:55:3e:30:6f:3e",
            "public_key_fingerprint_sha256": "SHA256:M9kBfb8YtQ60Ta/F4yN/StrHxgcxjvqml4LHAzo0tHY",
            "public_key_openssh": "ssh-rsa AAAAB3NzaC1yc2EAAAADAQABAAABAQDRPuNlHHxgdW1l+vkf9jdgw2zkXznGTFhJpMZ1Mp99lUhbo9Mt5YSYJ9AU2lKLn18aEYAbK4WDEN+0QnSgDhOqHhN2L3mHZKHTDfHjnfY3v8OZAHuOX6j473mMWgGc/JQW6Oofxn7yi0rMvKgFdgmEU3SBJ4QWJ5vGTTc2i8/7DkGsIfrh0iyofG2rjnYOfOsiXBURS/mhEZa5QQLsN2AOcEUblceJtGZUDcAORLRlEjvtTP96N+KzXkMWZvOqbq61wV8GkxvHxy4v7qmFjNQicMgSNyTCdh1WHjyn5c8ev3++DWFxjpM8BJeWc3czj1RSsX1ZrYWVDIDTRz4zGheP\n",
            "public_key_pem": "-----BEGIN PUBLIC KEY-----\nMIIBIjANBgkqhkiG9w0BAQEFAAOCAQ8AMIIBCgKCAQEA0T7jZRx8YHVtZfr5H/Y3\nYMNs5F85xkxYSaTGdTKffZVIW6PTLeWEmCfQFNpSi59fGhGAGyuFgxDftEJ0oA4T\nqh4Tdi95h2Sh0w3x4532N7/DmQB7jl+o+O95jFoBnPyUFujqH8Z+8otKzLyoBXYJ\nhFN0gSeEFiebxk03NovP+w5BrCH64dIsqHxtq452DnzrIlwVEUv5oRGWuUEC7Ddg\nDnBFG5XHibRmVA3ADkS0ZRI77Uz/ejfis15DFmbzqm6utcFfBpMbx8cuL+6phYzU\nInDIEjckwnYdVh48p+XPHr9/vg1hcY6TPASXlnN3M49UUrF9Wa2FlQyA00c+MxoX\njwIDAQAB\n-----END PUBLIC KEY-----\n",
            "rsa_bits": 2048
          },
          "sensitive_attributes": [
            [
              {
                "type": "get_attr",
                "value": "private_key_openssh"
              }
            ],
            [
              {
                "type": "get_attr",
                "value": "private_key_pem"
              }
            ],
            [
              {
                "type": "get_attr",
                "value": "private_key_pem_pkcs8"
              }
            ]
          ],
          "identity_schema_version": 0
        }
      ]
    },
    {
      "mode": "managed",
      "type": "tls_private_key",
      "name": "grupo4_key_pub",
      "provider": "provider[\"registry.terraform.io/hashicorp/tls\"]",
      "instances": [
        {
          "schema_version": 1,
          "attributes": {
            "algorithm": "RSA",
            "ecdsa_curve": "P224",
            "id": "7972f6f1be957eb5bfd4da2830ea95a11c39a4b9",
            "private_key_openssh": "-----BEGIN OPENSSH PRIVATE KEY-----\nb3BlbnNzaC1rZXktdjEAAAAABG5vbmUAAAAEbm9uZQAAAAAAAAABAAABFwAAAAdz\nc2gtcnNhAAAAAwEAAQAAAQEAvSvsFbz4ocUsv1ek1bdnmI1az4lt9BtO0TrnZXGc\nlttYaukhgFvtJpbXSN/Q0Nvxumu9EYR185nbi6oj+fhwX2ppeMbSt72oISJ4t/hu\nOmcBuJnk2hQ3LBnv9Ibg1ZPEuebgbCIR4wHh6hV4KvaSTzrz8fdLJ1DKvWtbehKb\nIlnBRln1f3X3RNP0byid7Kpzf2KXQY6AyU6akg0RQAtq21DekwqmXHsAyM6MZG9z\nF+AVyEdNgU0FImN/4rFerIVrAfSbO0Q/RIJkHw1Pd7YAIzZJgHxJ3RR4LJrdBn54\n/02ZkdcuA5jpBsImGbAFlp2lPC1v4qfqDPP/I6FBoVbFQwAAA7j10W+i9dFvogAA\nAAdzc2gtcnNhAAABAQC9K+wVvPihxSy/V6TVt2eYjVrPiW30G07ROudlcZyW21hq\n6SGAW+0mltdI39DQ2/G6a70RhHXzmduLqiP5+HBfaml4xtK3vaghIni3+G46ZwG4\nmeTaFDcsGe/0huDVk8S55uBsIhHjAeHqFXgq9pJPOvPx90snUMq9a1t6EpsiWcFG\nWfV/dfdE0/RvKJ3sqnN/YpdBjoDJTpqSDRFAC2rbUN6TCqZcewDIzoxkb3MX4BXI\nR02BTQUiY3/isV6shWsB9Js7RD9EgmQfDU93tgAjNkmAfEndFHgsmt0Gfnj/TZmR\n1y4DmOkGwiYZsAWWnaU8LW/ip+oM8/8joUGhVsVDAAAAAwEAAQAAAQAcFAphOaDP\n5iPbrMcfH69lQcnyVww2eN0siikxcfkTnTAVAlCCLGLZYPdIbkwgzBynlnlEQdx+\nEV64bsMTRdBsIS/RiPVa53Aupt6zM9EsowBq5ZDF281KovjuWxzBJsNC8qVp926f\nOrbNF220NtAFqZLu3c1OYxwMnIRB7MQRB28ijC5dhNcdXYUf6AMPc7JRXh+fGiDX\nFRTUHKNNKInUvYbrtI0WoWpJt7qwuzFjWg890j8IfszprNXl1xeYrd/U+7x7OjRF\n8qTbAKT6tCQ8E/tlBZI3Ovaw35gQCyTAL5bV2hIcWgxKxn6Z+HzUnhSTty0g2BaC\n2TO5mZ1UNPBxAAAAgHh67sjAaP8hutYkXn2Myyeiglmz6H4ExmnF1tB9YFQwjvMI\nQ+1k3Yp+lKZqkgtrWb9aBi/V2gnUxrqWQiPkoBDbz8LUwuw6EParPnQWVHPEXZF3\nWM018redQTTJvM7lsuqAPVMB29zls4XnDQl1vwiCztvqMggqphHPQoMhye7ZAAAA\ngQDh1+2rQ9+6TcZx8MfmExz7B3MNhllQl5YC2dOftatrJZeY8LdZjzLZdtYyMA9p\nMj4QxP8zEb1y31NYKpsqZx5jGrf6NFtuoeGz0KLV0nuaWcsw0QDScqG92DF0lypX\n7sroT3nER8Ek0er9MewfSJ8IIj1QHm1312Os8pXRI+MfEQAAAIEA1m5th3etOP+4\ngXFi/tdcjZYYwD3GEM40cYdDIWkCUsJpjZr4cgyMVI5NPaAOCAOfZgi6yLb2ry9l\nzWg9pF//KCVAWpOzhdMlQNlvrFzQNaWfD3K0KRaLXN5ikTJOkYkIuZ3RxnbZKE7t\nJqf4WtxLMQJPyn+ZxUftcTzkQUuCBxMAAAAAAQID\n-----END OPENSSH PRIVATE KEY-----\n",
            "private_key_pem": "-----BEGIN RSA PRIVATE KEY-----\nMIIEowIBAAKCAQEAvSvsFbz4ocUsv1ek1bdnmI1az4lt9BtO0TrnZXGclttYaukh\ngFvtJpbXSN/Q0Nvxumu9EYR185nbi6oj+fhwX2ppeMbSt72oISJ4t/huOmcBuJnk\n2hQ3LBnv9Ibg1ZPEuebgbCIR4wHh6hV4KvaSTzrz8fdLJ1DKvWtbehKbIlnBRln1\nf3X3RNP0byid7Kpzf2KXQY6AyU6akg0RQAtq21DekwqmXHsAyM6MZG9zF+AVyEdN\ngU0FImN/4rFerIVrAfSbO0Q/RIJkHw1Pd7YAIzZJgHxJ3RR4LJrdBn54/02Zkdcu\nA5jpBsImGbAFlp2lPC1v4qfqDPP/I6FBoVbFQwIDAQABAoIBABwUCmE5oM/mI9us\nxx8fr2VByfJXDDZ43SyKKTFx+ROdMBUCUIIsYtlg90huTCDMHKeWeURB3H4RXrhu\nwxNF0GwhL9GI9VrncC6m3rMz0SyjAGrlkMXbzUqi+O5bHMEmw0LypWn3bp86ts0X\nbbQ20AWpku7dzU5jHAychEHsxBEHbyKMLl2E1x1dhR/oAw9zslFeH58aINcVFNQc\no00oidS9huu0jRahakm3urC7MWNaDz3SPwh+zOms1eXXF5it39T7vHs6NEXypNsA\npPq0JDwT+2UFkjc69rDfmBALJMAvltXaEhxaDErGfpn4fNSeFJO3LSDYFoLZM7mZ\nnVQ08HECgYEA4dftq0Pfuk3GcfDH5hMc+wdzDYZZUJeWAtnTn7WrayWXmPC3WY8y\n2XbWMjAPaTI+EMT/MxG9ct9TWCqbKmceYxq3+jRbbqHhs9Ci1dJ7mlnLMNEA0nKh\nvdgxdJcqV+7K6E95xEfBJNHq/THsH0ifCCI9UB5td9djrPKV0SPjHxECgYEA1m5t\nh3etOP+4gXFi/tdcjZYYwD3GEM40cYdDIWkCUsJpjZr4cgyMVI5NPaAOCAOfZgi6\nyLb2ry9lzWg9pF//KCVAWpOzhdMlQNlvrFzQNaWfD3K0KRaLXN5ikTJOkYkIuZ3R\nxnbZKE7tJqf4WtxLMQJPyn+ZxUftcTzkQUuCBxMCgYEAwFPFl9s2dQ7012WIprtS\nK8kdRsBJ4WMmIglkuhbZA2dBIcKlMcTMNfuIz7az+Q8LYfaRqekKn//llyi5eTPV\n4eoIETBzSNTdQ+eCNHuKPVkIu+rRO2bZrLWm8DYnnjjCXXIJLYk5x2RpLPRNtBqB\nLEkUU92FtdAcl1UDFtbr/TECgYBac7h2JXCHk69Dww2sTDI5c3A7X5N2MVWD8jfK\nFx6oxGN8HTvh+BMV8/T3ItXoYYbSpqoL0soaOdcqn2cpOGlMiPItgxJ+SAP16AKo\nZXpatuNyw8LldiIRaamQb/UehPyON9lua2HNFAYLgV1NDpIVOVFpLQwzYNTzKGls\ndaqCywKBgHh67sjAaP8hutYkXn2Myyeiglmz6H4ExmnF1tB9YFQwjvMIQ+1k3Yp+\nlKZqkgtrWb9aBi/V2gnUxrqWQiPkoBDbz8LUwuw6EParPnQWVHPEXZF3WM018red\nQTTJvM7lsuqAPVMB29zls4XnDQl1vwiCztvqMggqphHPQoMhye7Z\n-----END RSA PRIVATE KEY-----\n",
            "private_key_pem_pkcs8": "-----BEGIN PRIVATE KEY-----\nMIIEvQIBADANBgkqhkiG9w0BAQEFAASCBKcwggSjAgEAAoIBAQC9K+wVvPihxSy/\nV6TVt2eYjVrPiW30G07ROudlcZyW21hq6SGAW+0mltdI39DQ2/G6a70RhHXzmduL\nqiP5+HBfaml4xtK3vaghIni3+G46ZwG4meTaFDcsGe/0huDVk8S55uBsIhHjAeHq\nFXgq9pJPOvPx90snUMq9a1t6EpsiWcFGWfV/dfdE0/RvKJ3sqnN/YpdBjoDJTpqS\nDRFAC2rbUN6TCqZcewDIzoxkb3MX4BXIR02BTQUiY3/isV6shWsB9Js7RD9EgmQf\nDU93tgAjNkmAfEndFHgsmt0Gfnj/TZmR1y4DmOkGwiYZsAWWnaU8LW/ip+oM8/8j\noUGhVsVDAgMBAAECggEAHBQKYTmgz+Yj26zHHx+vZUHJ8lcMNnjdLIopMXH5E50w\nFQJQgixi2WD3SG5MIMwcp5Z5REHcfhFeuG7DE0XQbCEv0Yj1WudwLqbeszPRLKMA\nauWQxdvNSqL47lscwSbDQvKlafdunzq2zRdttDbQBamS7t3NTmMcDJyEQezEEQdv\nIowuXYTXHV2FH+gDD3OyUV4fnxog1xUU1ByjTSiJ1L2G67SNFqFqSbe6sLsxY1oP\nPdI/CH7M6azV5dcXmK3f1Pu8ezo0RfKk2wCk+rQkPBP7ZQWSNzr2sN+YEAskwC+W\n1doSHFoMSsZ+mfh81J4Uk7ctINgWgtkzuZmdVDTwcQKBgQDh1+2rQ9+6TcZx8Mfm\nExz7B3MNhllQl5YC2dOftatrJZeY8LdZjzLZdtYyMA9pMj4QxP8zEb1y31NYKpsq\nZx5jGrf6NFtuoeGz0KLV0nuaWcsw0QDScqG92DF0lypX7sroT3nER8Ek0er9Mewf\nSJ8IIj1QHm1312Os8pXRI+MfEQKBgQDWbm2Hd604/7iBcWL+11yNlhjAPcYQzjRx\nh0MhaQJSwmmNmvhyDIxUjk09oA4IA59mCLrItvavL2XNaD2kX/8oJUBak7OF0yVA\n2W+sXNA1pZ8PcrQpFotc3mKRMk6RiQi5ndHGdtkoTu0mp/ha3EsxAk/Kf5nFR+1x\nPORBS4IHEwKBgQDAU8WX2zZ1DvTXZYimu1IryR1GwEnhYyYiCWS6FtkDZ0EhwqUx\nxMw1+4jPtrP5Dwth9pGp6Qqf/+WXKLl5M9Xh6ggRMHNI1N1D54I0e4o9WQi76tE7\nZtmstabwNieeOMJdcgktiTnHZGks9E20GoEsSRRT3YW10ByXVQMW1uv9MQKBgFpz\nuHYlcIeTr0PDDaxMMjlzcDtfk3YxVYPyN8oXHqjEY3wdO+H4ExXz9Pci1ehhhtKm\nqgvSyho51yqfZyk4aUyI8i2DEn5IA/XoAqhlelq243LDwuV2IhFpqZBv9R6E/I43\n2W5rYc0UBguBXU0OkhU5UWktDDNg1PMoaWx1qoLLAoGAeHruyMBo/yG61iRefYzL\nJ6KCWbPofgTGacXW0H1gVDCO8whD7WTdin6UpmqSC2tZv1oGL9XaCdTGupZCI+Sg\nENvPwtTC7DoQ9qs+dBZUc8RdkXdYzTXyt51BNMm8zuWy6oA9UwHb3OWzhecNCXW/\nCILO2+oyCCqmEc9CgyHJ7tk=\n-----END PRIVATE KEY-----\n",
            "public_key_fingerprint_md5": "76:0c:f8:9e:2d:c4:a1:d8:f7:b7:c2:3a:f2:c1:a4:0b",
            "public_key_fingerprint_sha256": "SHA256:CyS8SbvCgsncxmkNEVwal/+sfHrtmDJk+g0ZbHzK9Jo",
            "public_key_openssh": "ssh-rsa AAAAB3NzaC1yc2EAAAADAQABAAABAQC9K+wVvPihxSy/V6TVt2eYjVrPiW30G07ROudlcZyW21hq6SGAW+0mltdI39DQ2/G6a70RhHXzmduLqiP5+HBfaml4xtK3vaghIni3+G46ZwG4meTaFDcsGe/0huDVk8S55uBsIhHjAeHqFXgq9pJPOvPx90snUMq9a1t6EpsiWcFGWfV/dfdE0/RvKJ3sqnN/YpdBjoDJTpqSDRFAC2rbUN6TCqZcewDIzoxkb3MX4BXIR02BTQUiY3/isV6shWsB9Js7RD9EgmQfDU93tgAjNkmAfEndFHgsmt0Gfnj/TZmR1y4DmOkGwiYZsAWWnaU8LW/ip+oM8/8joUGhVsVD\n",
            "public_key_pem": "-----BEGIN PUBLIC KEY-----\nMIIBIjANBgkqhkiG9w0BAQEFAAOCAQ8AMIIBCgKCAQEAvSvsFbz4ocUsv1ek1bdn\nmI1az4lt9BtO0TrnZXGclttYaukhgFvtJpbXSN/Q0Nvxumu9EYR185nbi6oj+fhw\nX2ppeMbSt72oISJ4t/huOmcBuJnk2hQ3LBnv9Ibg1ZPEuebgbCIR4wHh6hV4KvaS\nTzrz8fdLJ1DKvWtbehKbIlnBRln1f3X3RNP0byid7Kpzf2KXQY6AyU6akg0RQAtq\n21DekwqmXHsAyM6MZG9zF+AVyEdNgU0FImN/4rFerIVrAfSbO0Q/RIJkHw1Pd7YA\nIzZJgHxJ3RR4LJrdBn54/02ZkdcuA5jpBsImGbAFlp2lPC1v4qfqDPP/I6FBoVbF\nQwIDAQAB\n-----END PUBLIC KEY-----\n",
            "rsa_bits": 2048
          },
          "sensitive_attributes": [
            [
              {
                "type": "get_attr",
                "value": "private_key_openssh"
              }
            ],
            [
              {
                "type": "get_attr",
                "value": "private_key_pem"
              }
            ],
            [
              {
                "type": "get_attr",
                "value": "private_key_pem_pkcs8"
              }
            ]
          ],
          "identity_schema_version": 0
        }
      ]
    }
  ],
  "check_results": null
}
